
Microsoft Visual Studio Solution File, Format Version 12.00
# Visual Studio Version 17
VisualStudioVersion = 17.0.31903.59
MinimumVisualStudioVersion = 10.0.40219.1
Project("{2150E333-8FDC-42A3-9474-1A3956D46DE8}") = "src", "src", "{827E0CD3-B72D-47B6-A68D-7590B98EB39B}"
EndProject
Project("{FAE04EC0-301F-11D3-BF4B-00C04F79EFBC}") = "Ordering.Contracts", "src\Ordering.Contracts\Ordering.Contracts.csproj", "{0B344DDA-2042-48B7-B206-8D46C8B1025D}"
EndProject
Project("{FAE04EC0-301F-11D3-BF4B-00C04F79EFBC}") = "VanFucVN.Core.Common", "..\..\BuildingBlocks\VanFucVN.Core.Common\VanFucVN.Core.Common.csproj", "{7B2C4BAD-334A-4FAE-9137-D0BA7662A38E}"
EndProject
Project("{FAE04EC0-301F-11D3-BF4B-00C04F79EFBC}") = "AuraMart.Shared", "..\..\Shared\AuraMart.Shared\AuraMart.Shared.csproj", "{3B4E546D-0A74-4B57-8D7A-5E1A25564C09}"
EndProject
Project("{FAE04EC0-301F-11D3-BF4B-00C04F79EFBC}") = "Ordering.Domain", "src\Ordering.Domain\Ordering.Domain.csproj", "{B8E8CBFA-88E9-48F5-A54C-9F5293B5FB15}"
EndProject
Project("{FAE04EC0-301F-11D3-BF4B-00C04F79EFBC}") = "VanFucVN.Core.Persistence", "..\..\BuildingBlocks\VanFucVN.Core.Persistence\VanFucVN.Core.Persistence.csproj", "{567B2808-7042-42BE-9495-B75E05CDC677}"
EndProject
Project("{FAE04EC0-301F-11D3-BF4B-00C04F79EFBC}") = "Ordering.Application", "src\Ordering.Application\Ordering.Application.csproj", "{47B5EF8C-B591-4A1E-97F6-62110A22563C}"
EndProject
Project("{FAE04EC0-301F-11D3-BF4B-00C04F79EFBC}") = "Ordering.Infrastructure", "src\Ordering.Infrastructure\Ordering.Infrastructure.csproj", "{6F10B2FB-446C-4081-9A78-3B2D64281CFA}"
EndProject
Project("{FAE04EC0-301F-11D3-BF4B-00C04F79EFBC}") = "VanFucVN.Core.Messaging", "..\..\BuildingBlocks\VanFucVN.Core.Messaging\VanFucVN.Core.Messaging.csproj", "{B2DFC3D2-F73E-4D15-A869-09560D5515AE}"
EndProject
Project("{FAE04EC0-301F-11D3-BF4B-00C04F79EFBC}") = "Ordering.Api", "src\Ordering.Api\Ordering.Api.csproj", "{8DF8396D-F0FE-47EA-9FF4-84AFB4CC0A97}"
EndProject
Project("{FAE04EC0-301F-11D3-BF4B-00C04F79EFBC}") = "VanFucVN.Core.Web", "..\..\BuildingBlocks\VanFucVN.Core.Web\VanFucVN.Core.Web.csproj", "{24DB58F2-E006-4A91-B8C6-1567276864AC}"
EndProject
Project("{2150E333-8FDC-42A3-9474-1A3956D46DE8}") = "tests", "tests", "{0AB3BF05-4346-4AA6-1389-037BE0695223}"
EndProject
Project("{FAE04EC0-301F-11D3-BF4B-00C04F79EFBC}") = "Ordering.UnitTests", "tests\Ordering.UnitTests\Ordering.UnitTests.csproj", "{DA8B9962-5298-43E7-882A-7B3419C3C3E9}"
EndProject
Project("{FAE04EC0-301F-11D3-BF4B-00C04F79EFBC}") = "Ordering.IntegrationTests", "tests\Ordering.IntegrationTests\Ordering.IntegrationTests.csproj", "{091376A2-2061-40FA-82F8-C59C79500F4C}"
EndProject
Global
	GlobalSection(SolutionConfigurationPlatforms) = preSolution
		Debug|Any CPU = Debug|Any CPU
		Debug|x64 = Debug|x64
		Debug|x86 = Debug|x86
		Release|Any CPU = Release|Any CPU
		Release|x64 = Release|x64
		Release|x86 = Release|x86
	EndGlobalSection
	GlobalSection(ProjectConfigurationPlatforms) = postSolution
		{0B344DDA-2042-48B7-B206-8D46C8B1025D}.Debug|Any CPU.ActiveCfg = Debug|Any CPU
		{0B344DDA-2042-48B7-B206-8D46C8B1025D}.Debug|Any CPU.Build.0 = Debug|Any CPU
		{0B344DDA-2042-48B7-B206-8D46C8B1025D}.Debug|x64.ActiveCfg = Debug|Any CPU
		{0B344DDA-2042-48B7-B206-8D46C8B1025D}.Debug|x64.Build.0 = Debug|Any CPU
		{0B344DDA-2042-48B7-B206-8D46C8B1025D}.Debug|x86.ActiveCfg = Debug|Any CPU
		{0B344DDA-2042-48B7-B206-8D46C8B1025D}.Debug|x86.Build.0 = Debug|Any CPU
		{0B344DDA-2042-48B7-B206-8D46C8B1025D}.Release|Any CPU.ActiveCfg = Release|Any CPU
		{0B344DDA-2042-48B7-B206-8D46C8B1025D}.Release|Any CPU.Build.0 = Release|Any CPU
		{0B344DDA-2042-48B7-B206-8D46C8B1025D}.Release|x64.ActiveCfg = Release|Any CPU
		{0B344DDA-2042-48B7-B206-8D46C8B1025D}.Release|x64.Build.0 = Release|Any CPU
		{0B344DDA-2042-48B7-B206-8D46C8B1025D}.Release|x86.ActiveCfg = Release|Any CPU
		{0B344DDA-2042-48B7-B206-8D46C8B1025D}.Release|x86.Build.0 = Release|Any CPU
		{7B2C4BAD-334A-4FAE-9137-D0BA7662A38E}.Debug|Any CPU.ActiveCfg = Debug|Any CPU
		{7B2C4BAD-334A-4FAE-9137-D0BA7662A38E}.Debug|Any CPU.Build.0 = Debug|Any CPU
		{7B2C4BAD-334A-4FAE-9137-D0BA7662A38E}.Debug|x64.ActiveCfg = Debug|Any CPU
		{7B2C4BAD-334A-4FAE-9137-D0BA7662A38E}.Debug|x64.Build.0 = Debug|Any CPU
		{7B2C4BAD-334A-4FAE-9137-D0BA7662A38E}.Debug|x86.ActiveCfg = Debug|Any CPU
		{7B2C4BAD-334A-4FAE-9137-D0BA7662A38E}.Debug|x86.Build.0 = Debug|Any CPU
		{7B2C4BAD-334A-4FAE-9137-D0BA7662A38E}.Release|Any CPU.ActiveCfg = Release|Any CPU
		{7B2C4BAD-334A-4FAE-9137-D0BA7662A38E}.Release|Any CPU.Build.0 = Release|Any CPU
		{7B2C4BAD-334A-4FAE-9137-D0BA7662A38E}.Release|x64.ActiveCfg = Release|Any CPU
		{7B2C4BAD-334A-4FAE-9137-D0BA7662A38E}.Release|x64.Build.0 = Release|Any CPU
		{7B2C4BAD-334A-4FAE-9137-D0BA7662A38E}.Release|x86.ActiveCfg = Release|Any CPU
		{7B2C4BAD-334A-4FAE-9137-D0BA7662A38E}.Release|x86.Build.0 = Release|Any CPU
		{3B4E546D-0A74-4B57-8D7A-5E1A25564C09}.Debug|Any CPU.ActiveCfg = Debug|Any CPU
		{3B4E546D-0A74-4B57-8D7A-5E1A25564C09}.Debug|Any CPU.Build.0 = Debug|Any CPU
		{3B4E546D-0A74-4B57-8D7A-5E1A25564C09}.Debug|x64.ActiveCfg = Debug|Any CPU
		{3B4E546D-0A74-4B57-8D7A-5E1A25564C09}.Debug|x64.Build.0 = Debug|Any CPU
		{3B4E546D-0A74-4B57-8D7A-5E1A25564C09}.Debug|x86.ActiveCfg = Debug|Any CPU
		{3B4E546D-0A74-4B57-8D7A-5E1A25564C09}.Debug|x86.Build.0 = Debug|Any CPU
		{3B4E546D-0A74-4B57-8D7A-5E1A25564C09}.Release|Any CPU.ActiveCfg = Release|Any CPU
		{3B4E546D-0A74-4B57-8D7A-5E1A25564C09}.Release|Any CPU.Build.0 = Release|Any CPU
		{3B4E546D-0A74-4B57-8D7A-5E1A25564C09}.Release|x64.ActiveCfg = Release|Any CPU
		{3B4E546D-0A74-4B57-8D7A-5E1A25564C09}.Release|x64.Build.0 = Release|Any CPU
		{3B4E546D-0A74-4B57-8D7A-5E1A25564C09}.Release|x86.ActiveCfg = Release|Any CPU
		{3B4E546D-0A74-4B57-8D7A-5E1A25564C09}.Release|x86.Build.0 = Release|Any CPU
		{B8E8CBFA-88E9-48F5-A54C-9F5293B5FB15}.Debug|Any CPU.ActiveCfg = Debug|Any CPU
		{B8E8CBFA-88E9-48F5-A54C-9F5293B5FB15}.Debug|Any CPU.Build.0 = Debug|Any CPU
		{B8E8CBFA-88E9-48F5-A54C-9F5293B5FB15}.Debug|x64.ActiveCfg = Debug|Any CPU
		{B8E8CBFA-88E9-48F5-A54C-9F5293B5FB15}.Debug|x64.Build.0 = Debug|Any CPU
		{B8E8CBFA-88E9-48F5-A54C-9F5293B5FB15}.Debug|x86.ActiveCfg = Debug|Any CPU
		{B8E8CBFA-88E9-48F5-A54C-9F5293B5FB15}.Debug|x86.Build.0 = Debug|Any CPU
		{B8E8CBFA-88E9-48F5-A54C-9F5293B5FB15}.Release|Any CPU.ActiveCfg = Release|Any CPU
		{B8E8CBFA-88E9-48F5-A54C-9F5293B5FB15}.Release|Any CPU.Build.0 = Release|Any CPU
		{B8E8CBFA-88E9-48F5-A54C-9F5293B5FB15}.Release|x64.ActiveCfg = Release|Any CPU
		{B8E8CBFA-88E9-48F5-A54C-9F5293B5FB15}.Release|x64.Build.0 = Release|Any CPU
		{B8E8CBFA-88E9-48F5-A54C-9F5293B5FB15}.Release|x86.ActiveCfg = Release|Any CPU
		{B8E8CBFA-88E9-48F5-A54C-9F5293B5FB15}.Release|x86.Build.0 = Release|Any CPU
		{567B2808-7042-42BE-9495-B75E05CDC677}.Debug|Any CPU.ActiveCfg = Debug|Any CPU
		{567B2808-7042-42BE-9495-B75E05CDC677}.Debug|Any CPU.Build.0 = Debug|Any CPU
		{567B2808-7042-42BE-9495-B75E05CDC677}.Debug|x64.ActiveCfg = Debug|Any CPU
		{567B2808-7042-42BE-9495-B75E05CDC677}.Debug|x64.Build.0 = Debug|Any CPU
		{567B2808-7042-42BE-9495-B75E05CDC677}.Debug|x86.ActiveCfg = Debug|Any CPU
		{567B2808-7042-42BE-9495-B75E05CDC677}.Debug|x86.Build.0 = Debug|Any CPU
		{567B2808-7042-42BE-9495-B75E05CDC677}.Release|Any CPU.ActiveCfg = Release|Any CPU
		{567B2808-7042-42BE-9495-B75E05CDC677}.Release|Any CPU.Build.0 = Release|Any CPU
		{567B2808-7042-42BE-9495-B75E05CDC677}.Release|x64.ActiveCfg = Release|Any CPU
		{567B2808-7042-42BE-9495-B75E05CDC677}.Release|x64.Build.0 = Release|Any CPU
		{567B2808-7042-42BE-9495-B75E05CDC677}.Release|x86.ActiveCfg = Release|Any CPU
		{567B2808-7042-42BE-9495-B75E05CDC677}.Release|x86.Build.0 = Release|Any CPU
		{47B5EF8C-B591-4A1E-97F6-62110A22563C}.Debug|Any CPU.ActiveCfg = Debug|Any CPU
		{47B5EF8C-B591-4A1E-97F6-62110A22563C}.Debug|Any CPU.Build.0 = Debug|Any CPU
		{47B5EF8C-B591-4A1E-97F6-62110A22563C}.Debug|x64.ActiveCfg = Debug|Any CPU
		{47B5EF8C-B591-4A1E-97F6-62110A22563C}.Debug|x64.Build.0 = Debug|Any CPU
		{47B5EF8C-B591-4A1E-97F6-62110A22563C}.Debug|x86.ActiveCfg = Debug|Any CPU
		{47B5EF8C-B591-4A1E-97F6-62110A22563C}.Debug|x86.Build.0 = Debug|Any CPU
		{47B5EF8C-B591-4A1E-97F6-62110A22563C}.Release|Any CPU.ActiveCfg = Release|Any CPU
		{47B5EF8C-B591-4A1E-97F6-62110A22563C}.Release|Any CPU.Build.0 = Release|Any CPU
		{47B5EF8C-B591-4A1E-97F6-62110A22563C}.Release|x64.ActiveCfg = Release|Any CPU
		{47B5EF8C-B591-4A1E-97F6-62110A22563C}.Release|x64.Build.0 = Release|Any CPU
		{47B5EF8C-B591-4A1E-97F6-62110A22563C}.Release|x86.ActiveCfg = Release|Any CPU
		{47B5EF8C-B591-4A1E-97F6-62110A22563C}.Release|x86.Build.0 = Release|Any CPU
		{6F10B2FB-446C-4081-9A78-3B2D64281CFA}.Debug|Any CPU.ActiveCfg = Debug|Any CPU
		{6F10B2FB-446C-4081-9A78-3B2D64281CFA}.Debug|Any CPU.Build.0 = Debug|Any CPU
		{6F10B2FB-446C-4081-9A78-3B2D64281CFA}.Debug|x64.ActiveCfg = Debug|Any CPU
		{6F10B2FB-446C-4081-9A78-3B2D64281CFA}.Debug|x64.Build.0 = Debug|Any CPU
		{6F10B2FB-446C-4081-9A78-3B2D64281CFA}.Debug|x86.ActiveCfg = Debug|Any CPU
		{6F10B2FB-446C-4081-9A78-3B2D64281CFA}.Debug|x86.Build.0 = Debug|Any CPU
		{6F10B2FB-446C-4081-9A78-3B2D64281CFA}.Release|Any CPU.ActiveCfg = Release|Any CPU
		{6F10B2FB-446C-4081-9A78-3B2D64281CFA}.Release|Any CPU.Build.0 = Release|Any CPU
		{6F10B2FB-446C-4081-9A78-3B2D64281CFA}.Release|x64.ActiveCfg = Release|Any CPU
		{6F10B2FB-446C-4081-9A78-3B2D64281CFA}.Release|x64.Build.0 = Release|Any CPU
		{6F10B2FB-446C-4081-9A78-3B2D64281CFA}.Release|x86.ActiveCfg = Release|Any CPU
		{6F10B2FB-446C-4081-9A78-3B2D64281CFA}.Release|x86.Build.0 = Release|Any CPU
		{B2DFC3D2-F73E-4D15-A869-09560D5515AE}.Debug|Any CPU.ActiveCfg = Debug|Any CPU
		{B2DFC3D2-F73E-4D15-A869-09560D5515AE}.Debug|Any CPU.Build.0 = Debug|Any CPU
		{B2DFC3D2-F73E-4D15-A869-09560D5515AE}.Debug|x64.ActiveCfg = Debug|Any CPU
		{B2DFC3D2-F73E-4D15-A869-09560D5515AE}.Debug|x64.Build.0 = Debug|Any CPU
		{B2DFC3D2-F73E-4D15-A869-09560D5515AE}.Debug|x86.ActiveCfg = Debug|Any CPU
		{B2DFC3D2-F73E-4D15-A869-09560D5515AE}.Debug|x86.Build.0 = Debug|Any CPU
		{B2DFC3D2-F73E-4D15-A869-09560D5515AE}.Release|Any CPU.ActiveCfg = Release|Any CPU
		{B2DFC3D2-F73E-4D15-A869-09560D5515AE}.Release|Any CPU.Build.0 = Release|Any CPU
		{B2DFC3D2-F73E-4D15-A869-09560D5515AE}.Release|x64.ActiveCfg = Release|Any CPU
		{B2DFC3D2-F73E-4D15-A869-09560D5515AE}.Release|x64.Build.0 = Release|Any CPU
		{B2DFC3D2-F73E-4D15-A869-09560D5515AE}.Release|x86.ActiveCfg = Release|Any CPU
		{B2DFC3D2-F73E-4D15-A869-09560D5515AE}.Release|x86.Build.0 = Release|Any CPU
		{8DF8396D-F0FE-47EA-9FF4-84AFB4CC0A97}.Debug|Any CPU.ActiveCfg = Debug|Any CPU
		{8DF8396D-F0FE-47EA-9FF4-84AFB4CC0A97}.Debug|Any CPU.Build.0 = Debug|Any CPU
		{8DF8396D-F0FE-47EA-9FF4-84AFB4CC0A97}.Debug|x64.ActiveCfg = Debug|Any CPU
		{8DF8396D-F0FE-47EA-9FF4-84AFB4CC0A97}.Debug|x64.Build.0 = Debug|Any CPU
		{8DF8396D-F0FE-47EA-9FF4-84AFB4CC0A97}.Debug|x86.ActiveCfg = Debug|Any CPU
		{8DF8396D-F0FE-47EA-9FF4-84AFB4CC0A97}.Debug|x86.Build.0 = Debug|Any CPU
		{8DF8396D-F0FE-47EA-9FF4-84AFB4CC0A97}.Release|Any CPU.ActiveCfg = Release|Any CPU
		{8DF8396D-F0FE-47EA-9FF4-84AFB4CC0A97}.Release|Any CPU.Build.0 = Release|Any CPU
		{8DF8396D-F0FE-47EA-9FF4-84AFB4CC0A97}.Release|x64.ActiveCfg = Release|Any CPU
		{8DF8396D-F0FE-47EA-9FF4-84AFB4CC0A97}.Release|x64.Build.0 = Release|Any CPU
		{8DF8396D-F0FE-47EA-9FF4-84AFB4CC0A97}.Release|x86.ActiveCfg = Release|Any CPU
		{8DF8396D-F0FE-47EA-9FF4-84AFB4CC0A97}.Release|x86.Build.0 = Release|Any CPU
		{24DB58F2-E006-4A91-B8C6-1567276864AC}.Debug|Any CPU.ActiveCfg = Debug|Any CPU
		{24DB58F2-E006-4A91-B8C6-1567276864AC}.Debug|Any CPU.Build.0 = Debug|Any CPU
		{24DB58F2-E006-4A91-B8C6-1567276864AC}.Debug|x64.ActiveCfg = Debug|Any CPU
		{24DB58F2-E006-4A91-B8C6-1567276864AC}.Debug|x64.Build.0 = Debug|Any CPU
		{24DB58F2-E006-4A91-B8C6-1567276864AC}.Debug|x86.ActiveCfg = Debug|Any CPU
		{24DB58F2-E006-4A91-B8C6-1567276864AC}.Debug|x86.Build.0 = Debug|Any CPU
		{24DB58F2-E006-4A91-B8C6-1567276864AC}.Release|Any CPU.ActiveCfg = Release|Any CPU
		{24DB58F2-E006-4A91-B8C6-1567276864AC}.Release|Any CPU.Build.0 = Release|Any CPU
		{24DB58F2-E006-4A91-B8C6-1567276864AC}.Release|x64.ActiveCfg = Release|Any CPU
		{24DB58F2-E006-4A91-B8C6-1567276864AC}.Release|x64.Build.0 = Release|Any CPU
		{24DB58F2-E006-4A91-B8C6-1567276864AC}.Release|x86.ActiveCfg = Release|Any CPU
		{24DB58F2-E006-4A91-B8C6-1567276864AC}.Release|x86.Build.0 = Release|Any CPU
		{DA8B9962-5298-43E7-882A-7B3419C3C3E9}.Debug|Any CPU.ActiveCfg = Debug|Any CPU
		{DA8B9962-5298-43E7-882A-7B3419C3C3E9}.Debug|Any CPU.Build.0 = Debug|Any CPU
		{DA8B9962-5298-43E7-882A-7B3419C3C3E9}.Debug|x64.ActiveCfg = Debug|Any CPU
		{DA8B9962-5298-43E7-882A-7B3419C3C3E9}.Debug|x64.Build.0 = Debug|Any CPU
		{DA8B9962-5298-43E7-882A-7B3419C3C3E9}.Debug|x86.ActiveCfg = Debug|Any CPU
		{DA8B9962-5298-43E7-882A-7B3419C3C3E9}.Debug|x86.Build.0 = Debug|Any CPU
		{DA8B9962-5298-43E7-882A-7B3419C3C3E9}.Release|Any CPU.ActiveCfg = Release|Any CPU
		{DA8B9962-5298-43E7-882A-7B3419C3C3E9}.Release|Any CPU.Build.0 = Release|Any CPU
		{DA8B9962-5298-43E7-882A-7B3419C3C3E9}.Release|x64.ActiveCfg = Release|Any CPU
		{DA8B9962-5298-43E7-882A-7B3419C3C3E9}.Release|x64.Build.0 = Release|Any CPU
		{DA8B9962-5298-43E7-882A-7B3419C3C3E9}.Release|x86.ActiveCfg = Release|Any CPU
		{DA8B9962-5298-43E7-882A-7B3419C3C3E9}.Release|x86.Build.0 = Release|Any CPU
		{091376A2-2061-40FA-82F8-C59C79500F4C}.Debug|Any CPU.ActiveCfg = Debug|Any CPU
		{091376A2-2061-40FA-82F8-C59C79500F4C}.Debug|Any CPU.Build.0 = Debug|Any CPU
		{091376A2-2061-40FA-82F8-C59C79500F4C}.Debug|x64.ActiveCfg = Debug|Any CPU
		{091376A2-2061-40FA-82F8-C59C79500F4C}.Debug|x64.Build.0 = Debug|Any CPU
		{091376A2-2061-40FA-82F8-C59C79500F4C}.Debug|x86.ActiveCfg = Debug|Any CPU
		{091376A2-2061-40FA-82F8-C59C79500F4C}.Debug|x86.Build.0 = Debug|Any CPU
		{091376A2-2061-40FA-82F8-C59C79500F4C}.Release|Any CPU.ActiveCfg = Release|Any CPU
		{091376A2-2061-40FA-82F8-C59C79500F4C}.Release|Any CPU.Build.0 = Release|Any CPU
		{091376A2-2061-40FA-82F8-C59C79500F4C}.Release|x64.ActiveCfg = Release|Any CPU
		{091376A2-2061-40FA-82F8-C59C79500F4C}.Release|x64.Build.0 = Release|Any CPU
		{091376A2-2061-40FA-82F8-C59C79500F4C}.Release|x86.ActiveCfg = Release|Any CPU
		{091376A2-2061-40FA-82F8-C59C79500F4C}.Release|x86.Build.0 = Release|Any CPU
	EndGlobalSection
	GlobalSection(SolutionProperties) = preSolution
		HideSolutionNode = FALSE
	EndGlobalSection
	GlobalSection(NestedProjects) = preSolution
		{0B344DDA-2042-48B7-B206-8D46C8B1025D} = {827E0CD3-B72D-47B6-A68D-7590B98EB39B}
		{B8E8CBFA-88E9-48F5-A54C-9F5293B5FB15} = {827E0CD3-B72D-47B6-A68D-7590B98EB39B}
		{47B5EF8C-B591-4A1E-97F6-62110A22563C} = {827E0CD3-B72D-47B6-A68D-7590B98EB39B}
		{6F10B2FB-446C-4081-9A78-3B2D64281CFA} = {827E0CD3-B72D-47B6-A68D-7590B98EB39B}
		{8DF8396D-F0FE-47EA-9FF4-84AFB4CC0A97} = {827E0CD3-B72D-47B6-A68D-7590B98EB39B}
		{DA8B9962-5298-43E7-882A-7B3419C3C3E9} = {0AB3BF05-4346-4AA6-1389-037BE0695223}
		{091376A2-2061-40FA-82F8-C59C79500F4C} = {0AB3BF05-4346-4AA6-1389-037BE0695223}
	EndGlobalSection
EndGlobal
