
Microsoft Visual Studio Solution File, Format Version 12.00
# Visual Studio Version 17
VisualStudioVersion = 17.0.31903.59
MinimumVisualStudioVersion = 10.0.40219.1
Project("{2150E333-8FDC-42A3-9474-1A3956D46DE8}") = "src", "src", "{827E0CD3-B72D-47B6-A68D-7590B98EB39B}"
EndProject
Project("{FAE04EC0-301F-11D3-BF4B-00C04F79EFBC}") = "Payment.Contracts", "src\Payment.Contracts\Payment.Contracts.csproj", "{65FD3970-98F7-4F73-8543-BEC49B2A7181}"
EndProject
Project("{FAE04EC0-301F-11D3-BF4B-00C04F79EFBC}") = "VanFucVN.Core.Common", "..\..\BuildingBlocks\VanFucVN.Core.Common\VanFucVN.Core.Common.csproj", "{7F2102EC-F068-49B0-80DE-541A1C49EA33}"
EndProject
Project("{FAE04EC0-301F-11D3-BF4B-00C04F79EFBC}") = "AuraMart.Shared", "..\..\Shared\AuraMart.Shared\AuraMart.Shared.csproj", "{B0BC50CD-2170-423C-9552-832E3D140A2E}"
EndProject
Project("{FAE04EC0-301F-11D3-BF4B-00C04F79EFBC}") = "Payment.Domain", "src\Payment.Domain\Payment.Domain.csproj", "{DFD1A3D7-ACF2-4F9A-BAE7-CA22046752A7}"
EndProject
Project("{FAE04EC0-301F-11D3-BF4B-00C04F79EFBC}") = "VanFucVN.Core.Persistence", "..\..\BuildingBlocks\VanFucVN.Core.Persistence\VanFucVN.Core.Persistence.csproj", "{DB6189F9-675C-42F5-A65F-A7412EC76873}"
EndProject
Project("{FAE04EC0-301F-11D3-BF4B-00C04F79EFBC}") = "Payment.Application", "src\Payment.Application\Payment.Application.csproj", "{8BDA1C82-E269-4AD6-ACFE-74A56E4D72D4}"
EndProject
Project("{FAE04EC0-301F-11D3-BF4B-00C04F79EFBC}") = "Payment.Infrastructure", "src\Payment.Infrastructure\Payment.Infrastructure.csproj", "{C8D832AB-473B-450E-9045-180F7A609EED}"
EndProject
Project("{FAE04EC0-301F-11D3-BF4B-00C04F79EFBC}") = "VanFucVN.Core.Messaging", "..\..\BuildingBlocks\VanFucVN.Core.Messaging\VanFucVN.Core.Messaging.csproj", "{E240389C-1E22-40C6-9263-1959B053E2E0}"
EndProject
Project("{FAE04EC0-301F-11D3-BF4B-00C04F79EFBC}") = "Payment.Api", "src\Payment.Api\Payment.Api.csproj", "{93CE50F3-942B-4D9D-A9C5-1D65CEE7F87B}"
EndProject
Project("{FAE04EC0-301F-11D3-BF4B-00C04F79EFBC}") = "VanFucVN.Core.Web", "..\..\BuildingBlocks\VanFucVN.Core.Web\VanFucVN.Core.Web.csproj", "{170DF72B-9DEF-4725-8CB0-5F08D3DD497A}"
EndProject
Project("{2150E333-8FDC-42A3-9474-1A3956D46DE8}") = "tests", "tests", "{0AB3BF05-4346-4AA6-1389-037BE0695223}"
EndProject
Project("{FAE04EC0-301F-11D3-BF4B-00C04F79EFBC}") = "Payment.UnitTests", "tests\Payment.UnitTests\Payment.UnitTests.csproj", "{FC43D3F2-8A3D-47DB-B2EA-83897E3F7AD9}"
EndProject
Project("{FAE04EC0-301F-11D3-BF4B-00C04F79EFBC}") = "Payment.IntegrationTests", "tests\Payment.IntegrationTests\Payment.IntegrationTests.csproj", "{4FFE70DC-45E2-4889-89FC-49F9BD8FE64D}"
EndProject
Global
	GlobalSection(SolutionConfigurationPlatforms) = preSolution
		Debug|Any CPU = Debug|Any CPU
		Debug|x64 = Debug|x64
		Debug|x86 = Debug|x86
		Release|Any CPU = Release|Any CPU
		Release|x64 = Release|x64
		Release|x86 = Release|x86
	EndGlobalSection
	GlobalSection(ProjectConfigurationPlatforms) = postSolution
		{65FD3970-98F7-4F73-8543-BEC49B2A7181}.Debug|Any CPU.ActiveCfg = Debug|Any CPU
		{65FD3970-98F7-4F73-8543-BEC49B2A7181}.Debug|Any CPU.Build.0 = Debug|Any CPU
		{65FD3970-98F7-4F73-8543-BEC49B2A7181}.Debug|x64.ActiveCfg = Debug|Any CPU
		{65FD3970-98F7-4F73-8543-BEC49B2A7181}.Debug|x64.Build.0 = Debug|Any CPU
		{65FD3970-98F7-4F73-8543-BEC49B2A7181}.Debug|x86.ActiveCfg = Debug|Any CPU
		{65FD3970-98F7-4F73-8543-BEC49B2A7181}.Debug|x86.Build.0 = Debug|Any CPU
		{65FD3970-98F7-4F73-8543-BEC49B2A7181}.Release|Any CPU.ActiveCfg = Release|Any CPU
		{65FD3970-98F7-4F73-8543-BEC49B2A7181}.Release|Any CPU.Build.0 = Release|Any CPU
		{65FD3970-98F7-4F73-8543-BEC49B2A7181}.Release|x64.ActiveCfg = Release|Any CPU
		{65FD3970-98F7-4F73-8543-BEC49B2A7181}.Release|x64.Build.0 = Release|Any CPU
		{65FD3970-98F7-4F73-8543-BEC49B2A7181}.Release|x86.ActiveCfg = Release|Any CPU
		{65FD3970-98F7-4F73-8543-BEC49B2A7181}.Release|x86.Build.0 = Release|Any CPU
		{7F2102EC-F068-49B0-80DE-541A1C49EA33}.Debug|Any CPU.ActiveCfg = Debug|Any CPU
		{7F2102EC-F068-49B0-80DE-541A1C49EA33}.Debug|Any CPU.Build.0 = Debug|Any CPU
		{7F2102EC-F068-49B0-80DE-541A1C49EA33}.Debug|x64.ActiveCfg = Debug|Any CPU
		{7F2102EC-F068-49B0-80DE-541A1C49EA33}.Debug|x64.Build.0 = Debug|Any CPU
		{7F2102EC-F068-49B0-80DE-541A1C49EA33}.Debug|x86.ActiveCfg = Debug|Any CPU
		{7F2102EC-F068-49B0-80DE-541A1C49EA33}.Debug|x86.Build.0 = Debug|Any CPU
		{7F2102EC-F068-49B0-80DE-541A1C49EA33}.Release|Any CPU.ActiveCfg = Release|Any CPU
		{7F2102EC-F068-49B0-80DE-541A1C49EA33}.Release|Any CPU.Build.0 = Release|Any CPU
		{7F2102EC-F068-49B0-80DE-541A1C49EA33}.Release|x64.ActiveCfg = Release|Any CPU
		{7F2102EC-F068-49B0-80DE-541A1C49EA33}.Release|x64.Build.0 = Release|Any CPU
		{7F2102EC-F068-49B0-80DE-541A1C49EA33}.Release|x86.ActiveCfg = Release|Any CPU
		{7F2102EC-F068-49B0-80DE-541A1C49EA33}.Release|x86.Build.0 = Release|Any CPU
		{B0BC50CD-2170-423C-9552-832E3D140A2E}.Debug|Any CPU.ActiveCfg = Debug|Any CPU
		{B0BC50CD-2170-423C-9552-832E3D140A2E}.Debug|Any CPU.Build.0 = Debug|Any CPU
		{B0BC50CD-2170-423C-9552-832E3D140A2E}.Debug|x64.ActiveCfg = Debug|Any CPU
		{B0BC50CD-2170-423C-9552-832E3D140A2E}.Debug|x64.Build.0 = Debug|Any CPU
		{B0BC50CD-2170-423C-9552-832E3D140A2E}.Debug|x86.ActiveCfg = Debug|Any CPU
		{B0BC50CD-2170-423C-9552-832E3D140A2E}.Debug|x86.Build.0 = Debug|Any CPU
		{B0BC50CD-2170-423C-9552-832E3D140A2E}.Release|Any CPU.ActiveCfg = Release|Any CPU
		{B0BC50CD-2170-423C-9552-832E3D140A2E}.Release|Any CPU.Build.0 = Release|Any CPU
		{B0BC50CD-2170-423C-9552-832E3D140A2E}.Release|x64.ActiveCfg = Release|Any CPU
		{B0BC50CD-2170-423C-9552-832E3D140A2E}.Release|x64.Build.0 = Release|Any CPU
		{B0BC50CD-2170-423C-9552-832E3D140A2E}.Release|x86.ActiveCfg = Release|Any CPU
		{B0BC50CD-2170-423C-9552-832E3D140A2E}.Release|x86.Build.0 = Release|Any CPU
		{DFD1A3D7-ACF2-4F9A-BAE7-CA22046752A7}.Debug|Any CPU.ActiveCfg = Debug|Any CPU
		{DFD1A3D7-ACF2-4F9A-BAE7-CA22046752A7}.Debug|Any CPU.Build.0 = Debug|Any CPU
		{DFD1A3D7-ACF2-4F9A-BAE7-CA22046752A7}.Debug|x64.ActiveCfg = Debug|Any CPU
		{DFD1A3D7-ACF2-4F9A-BAE7-CA22046752A7}.Debug|x64.Build.0 = Debug|Any CPU
		{DFD1A3D7-ACF2-4F9A-BAE7-CA22046752A7}.Debug|x86.ActiveCfg = Debug|Any CPU
		{DFD1A3D7-ACF2-4F9A-BAE7-CA22046752A7}.Debug|x86.Build.0 = Debug|Any CPU
		{DFD1A3D7-ACF2-4F9A-BAE7-CA22046752A7}.Release|Any CPU.ActiveCfg = Release|Any CPU
		{DFD1A3D7-ACF2-4F9A-BAE7-CA22046752A7}.Release|Any CPU.Build.0 = Release|Any CPU
		{DFD1A3D7-ACF2-4F9A-BAE7-CA22046752A7}.Release|x64.ActiveCfg = Release|Any CPU
		{DFD1A3D7-ACF2-4F9A-BAE7-CA22046752A7}.Release|x64.Build.0 = Release|Any CPU
		{DFD1A3D7-ACF2-4F9A-BAE7-CA22046752A7}.Release|x86.ActiveCfg = Release|Any CPU
		{DFD1A3D7-ACF2-4F9A-BAE7-CA22046752A7}.Release|x86.Build.0 = Release|Any CPU
		{DB6189F9-675C-42F5-A65F-A7412EC76873}.Debug|Any CPU.ActiveCfg = Debug|Any CPU
		{DB6189F9-675C-42F5-A65F-A7412EC76873}.Debug|Any CPU.Build.0 = Debug|Any CPU
		{DB6189F9-675C-42F5-A65F-A7412EC76873}.Debug|x64.ActiveCfg = Debug|Any CPU
		{DB6189F9-675C-42F5-A65F-A7412EC76873}.Debug|x64.Build.0 = Debug|Any CPU
		{DB6189F9-675C-42F5-A65F-A7412EC76873}.Debug|x86.ActiveCfg = Debug|Any CPU
		{DB6189F9-675C-42F5-A65F-A7412EC76873}.Debug|x86.Build.0 = Debug|Any CPU
		{DB6189F9-675C-42F5-A65F-A7412EC76873}.Release|Any CPU.ActiveCfg = Release|Any CPU
		{DB6189F9-675C-42F5-A65F-A7412EC76873}.Release|Any CPU.Build.0 = Release|Any CPU
		{DB6189F9-675C-42F5-A65F-A7412EC76873}.Release|x64.ActiveCfg = Release|Any CPU
		{DB6189F9-675C-42F5-A65F-A7412EC76873}.Release|x64.Build.0 = Release|Any CPU
		{DB6189F9-675C-42F5-A65F-A7412EC76873}.Release|x86.ActiveCfg = Release|Any CPU
		{DB6189F9-675C-42F5-A65F-A7412EC76873}.Release|x86.Build.0 = Release|Any CPU
		{8BDA1C82-E269-4AD6-ACFE-74A56E4D72D4}.Debug|Any CPU.ActiveCfg = Debug|Any CPU
		{8BDA1C82-E269-4AD6-ACFE-74A56E4D72D4}.Debug|Any CPU.Build.0 = Debug|Any CPU
		{8BDA1C82-E269-4AD6-ACFE-74A56E4D72D4}.Debug|x64.ActiveCfg = Debug|Any CPU
		{8BDA1C82-E269-4AD6-ACFE-74A56E4D72D4}.Debug|x64.Build.0 = Debug|Any CPU
		{8BDA1C82-E269-4AD6-ACFE-74A56E4D72D4}.Debug|x86.ActiveCfg = Debug|Any CPU
		{8BDA1C82-E269-4AD6-ACFE-74A56E4D72D4}.Debug|x86.Build.0 = Debug|Any CPU
		{8BDA1C82-E269-4AD6-ACFE-74A56E4D72D4}.Release|Any CPU.ActiveCfg = Release|Any CPU
		{8BDA1C82-E269-4AD6-ACFE-74A56E4D72D4}.Release|Any CPU.Build.0 = Release|Any CPU
		{8BDA1C82-E269-4AD6-ACFE-74A56E4D72D4}.Release|x64.ActiveCfg = Release|Any CPU
		{8BDA1C82-E269-4AD6-ACFE-74A56E4D72D4}.Release|x64.Build.0 = Release|Any CPU
		{8BDA1C82-E269-4AD6-ACFE-74A56E4D72D4}.Release|x86.ActiveCfg = Release|Any CPU
		{8BDA1C82-E269-4AD6-ACFE-74A56E4D72D4}.Release|x86.Build.0 = Release|Any CPU
		{C8D832AB-473B-450E-9045-180F7A609EED}.Debug|Any CPU.ActiveCfg = Debug|Any CPU
		{C8D832AB-473B-450E-9045-180F7A609EED}.Debug|Any CPU.Build.0 = Debug|Any CPU
		{C8D832AB-473B-450E-9045-180F7A609EED}.Debug|x64.ActiveCfg = Debug|Any CPU
		{C8D832AB-473B-450E-9045-180F7A609EED}.Debug|x64.Build.0 = Debug|Any CPU
		{C8D832AB-473B-450E-9045-180F7A609EED}.Debug|x86.ActiveCfg = Debug|Any CPU
		{C8D832AB-473B-450E-9045-180F7A609EED}.Debug|x86.Build.0 = Debug|Any CPU
		{C8D832AB-473B-450E-9045-180F7A609EED}.Release|Any CPU.ActiveCfg = Release|Any CPU
		{C8D832AB-473B-450E-9045-180F7A609EED}.Release|Any CPU.Build.0 = Release|Any CPU
		{C8D832AB-473B-450E-9045-180F7A609EED}.Release|x64.ActiveCfg = Release|Any CPU
		{C8D832AB-473B-450E-9045-180F7A609EED}.Release|x64.Build.0 = Release|Any CPU
		{C8D832AB-473B-450E-9045-180F7A609EED}.Release|x86.ActiveCfg = Release|Any CPU
		{C8D832AB-473B-450E-9045-180F7A609EED}.Release|x86.Build.0 = Release|Any CPU
		{E240389C-1E22-40C6-9263-1959B053E2E0}.Debug|Any CPU.ActiveCfg = Debug|Any CPU
		{E240389C-1E22-40C6-9263-1959B053E2E0}.Debug|Any CPU.Build.0 = Debug|Any CPU
		{E240389C-1E22-40C6-9263-1959B053E2E0}.Debug|x64.ActiveCfg = Debug|Any CPU
		{E240389C-1E22-40C6-9263-1959B053E2E0}.Debug|x64.Build.0 = Debug|Any CPU
		{E240389C-1E22-40C6-9263-1959B053E2E0}.Debug|x86.ActiveCfg = Debug|Any CPU
		{E240389C-1E22-40C6-9263-1959B053E2E0}.Debug|x86.Build.0 = Debug|Any CPU
		{E240389C-1E22-40C6-9263-1959B053E2E0}.Release|Any CPU.ActiveCfg = Release|Any CPU
		{E240389C-1E22-40C6-9263-1959B053E2E0}.Release|Any CPU.Build.0 = Release|Any CPU
		{E240389C-1E22-40C6-9263-1959B053E2E0}.Release|x64.ActiveCfg = Release|Any CPU
		{E240389C-1E22-40C6-9263-1959B053E2E0}.Release|x64.Build.0 = Release|Any CPU
		{E240389C-1E22-40C6-9263-1959B053E2E0}.Release|x86.ActiveCfg = Release|Any CPU
		{E240389C-1E22-40C6-9263-1959B053E2E0}.Release|x86.Build.0 = Release|Any CPU
		{93CE50F3-942B-4D9D-A9C5-1D65CEE7F87B}.Debug|Any CPU.ActiveCfg = Debug|Any CPU
		{93CE50F3-942B-4D9D-A9C5-1D65CEE7F87B}.Debug|Any CPU.Build.0 = Debug|Any CPU
		{93CE50F3-942B-4D9D-A9C5-1D65CEE7F87B}.Debug|x64.ActiveCfg = Debug|Any CPU
		{93CE50F3-942B-4D9D-A9C5-1D65CEE7F87B}.Debug|x64.Build.0 = Debug|Any CPU
		{93CE50F3-942B-4D9D-A9C5-1D65CEE7F87B}.Debug|x86.ActiveCfg = Debug|Any CPU
		{93CE50F3-942B-4D9D-A9C5-1D65CEE7F87B}.Debug|x86.Build.0 = Debug|Any CPU
		{93CE50F3-942B-4D9D-A9C5-1D65CEE7F87B}.Release|Any CPU.ActiveCfg = Release|Any CPU
		{93CE50F3-942B-4D9D-A9C5-1D65CEE7F87B}.Release|Any CPU.Build.0 = Release|Any CPU
		{93CE50F3-942B-4D9D-A9C5-1D65CEE7F87B}.Release|x64.ActiveCfg = Release|Any CPU
		{93CE50F3-942B-4D9D-A9C5-1D65CEE7F87B}.Release|x64.Build.0 = Release|Any CPU
		{93CE50F3-942B-4D9D-A9C5-1D65CEE7F87B}.Release|x86.ActiveCfg = Release|Any CPU
		{93CE50F3-942B-4D9D-A9C5-1D65CEE7F87B}.Release|x86.Build.0 = Release|Any CPU
		{170DF72B-9DEF-4725-8CB0-5F08D3DD497A}.Debug|Any CPU.ActiveCfg = Debug|Any CPU
		{170DF72B-9DEF-4725-8CB0-5F08D3DD497A}.Debug|Any CPU.Build.0 = Debug|Any CPU
		{170DF72B-9DEF-4725-8CB0-5F08D3DD497A}.Debug|x64.ActiveCfg = Debug|Any CPU
		{170DF72B-9DEF-4725-8CB0-5F08D3DD497A}.Debug|x64.Build.0 = Debug|Any CPU
		{170DF72B-9DEF-4725-8CB0-5F08D3DD497A}.Debug|x86.ActiveCfg = Debug|Any CPU
		{170DF72B-9DEF-4725-8CB0-5F08D3DD497A}.Debug|x86.Build.0 = Debug|Any CPU
		{170DF72B-9DEF-4725-8CB0-5F08D3DD497A}.Release|Any CPU.ActiveCfg = Release|Any CPU
		{170DF72B-9DEF-4725-8CB0-5F08D3DD497A}.Release|Any CPU.Build.0 = Release|Any CPU
		{170DF72B-9DEF-4725-8CB0-5F08D3DD497A}.Release|x64.ActiveCfg = Release|Any CPU
		{170DF72B-9DEF-4725-8CB0-5F08D3DD497A}.Release|x64.Build.0 = Release|Any CPU
		{170DF72B-9DEF-4725-8CB0-5F08D3DD497A}.Release|x86.ActiveCfg = Release|Any CPU
		{170DF72B-9DEF-4725-8CB0-5F08D3DD497A}.Release|x86.Build.0 = Release|Any CPU
		{FC43D3F2-8A3D-47DB-B2EA-83897E3F7AD9}.Debug|Any CPU.ActiveCfg = Debug|Any CPU
		{FC43D3F2-8A3D-47DB-B2EA-83897E3F7AD9}.Debug|Any CPU.Build.0 = Debug|Any CPU
		{FC43D3F2-8A3D-47DB-B2EA-83897E3F7AD9}.Debug|x64.ActiveCfg = Debug|Any CPU
		{FC43D3F2-8A3D-47DB-B2EA-83897E3F7AD9}.Debug|x64.Build.0 = Debug|Any CPU
		{FC43D3F2-8A3D-47DB-B2EA-83897E3F7AD9}.Debug|x86.ActiveCfg = Debug|Any CPU
		{FC43D3F2-8A3D-47DB-B2EA-83897E3F7AD9}.Debug|x86.Build.0 = Debug|Any CPU
		{FC43D3F2-8A3D-47DB-B2EA-83897E3F7AD9}.Release|Any CPU.ActiveCfg = Release|Any CPU
		{FC43D3F2-8A3D-47DB-B2EA-83897E3F7AD9}.Release|Any CPU.Build.0 = Release|Any CPU
		{FC43D3F2-8A3D-47DB-B2EA-83897E3F7AD9}.Release|x64.ActiveCfg = Release|Any CPU
		{FC43D3F2-8A3D-47DB-B2EA-83897E3F7AD9}.Release|x64.Build.0 = Release|Any CPU
		{FC43D3F2-8A3D-47DB-B2EA-83897E3F7AD9}.Release|x86.ActiveCfg = Release|Any CPU
		{FC43D3F2-8A3D-47DB-B2EA-83897E3F7AD9}.Release|x86.Build.0 = Release|Any CPU
		{4FFE70DC-45E2-4889-89FC-49F9BD8FE64D}.Debug|Any CPU.ActiveCfg = Debug|Any CPU
		{4FFE70DC-45E2-4889-89FC-49F9BD8FE64D}.Debug|Any CPU.Build.0 = Debug|Any CPU
		{4FFE70DC-45E2-4889-89FC-49F9BD8FE64D}.Debug|x64.ActiveCfg = Debug|Any CPU
		{4FFE70DC-45E2-4889-89FC-49F9BD8FE64D}.Debug|x64.Build.0 = Debug|Any CPU
		{4FFE70DC-45E2-4889-89FC-49F9BD8FE64D}.Debug|x86.ActiveCfg = Debug|Any CPU
		{4FFE70DC-45E2-4889-89FC-49F9BD8FE64D}.Debug|x86.Build.0 = Debug|Any CPU
		{4FFE70DC-45E2-4889-89FC-49F9BD8FE64D}.Release|Any CPU.ActiveCfg = Release|Any CPU
		{4FFE70DC-45E2-4889-89FC-49F9BD8FE64D}.Release|Any CPU.Build.0 = Release|Any CPU
		{4FFE70DC-45E2-4889-89FC-49F9BD8FE64D}.Release|x64.ActiveCfg = Release|Any CPU
		{4FFE70DC-45E2-4889-89FC-49F9BD8FE64D}.Release|x64.Build.0 = Release|Any CPU
		{4FFE70DC-45E2-4889-89FC-49F9BD8FE64D}.Release|x86.ActiveCfg = Release|Any CPU
		{4FFE70DC-45E2-4889-89FC-49F9BD8FE64D}.Release|x86.Build.0 = Release|Any CPU
	EndGlobalSection
	GlobalSection(SolutionProperties) = preSolution
		HideSolutionNode = FALSE
	EndGlobalSection
	GlobalSection(NestedProjects) = preSolution
		{65FD3970-98F7-4F73-8543-BEC49B2A7181} = {827E0CD3-B72D-47B6-A68D-7590B98EB39B}
		{DFD1A3D7-ACF2-4F9A-BAE7-CA22046752A7} = {827E0CD3-B72D-47B6-A68D-7590B98EB39B}
		{8BDA1C82-E269-4AD6-ACFE-74A56E4D72D4} = {827E0CD3-B72D-47B6-A68D-7590B98EB39B}
		{C8D832AB-473B-450E-9045-180F7A609EED} = {827E0CD3-B72D-47B6-A68D-7590B98EB39B}
		{93CE50F3-942B-4D9D-A9C5-1D65CEE7F87B} = {827E0CD3-B72D-47B6-A68D-7590B98EB39B}
		{FC43D3F2-8A3D-47DB-B2EA-83897E3F7AD9} = {0AB3BF05-4346-4AA6-1389-037BE0695223}
		{4FFE70DC-45E2-4889-89FC-49F9BD8FE64D} = {0AB3BF05-4346-4AA6-1389-037BE0695223}
	EndGlobalSection
EndGlobal
