
Microsoft Visual Studio Solution File, Format Version 12.00
# Visual Studio Version 17
VisualStudioVersion = 17.0.31903.59
MinimumVisualStudioVersion = 10.0.40219.1
Project("{2150E333-8FDC-42A3-9474-1A3956D46DE8}") = "src", "src", "{827E0CD3-B72D-47B6-A68D-7590B98EB39B}"
EndProject
Project("{FAE04EC0-301F-11D3-BF4B-00C04F79EFBC}") = "Cart.Contracts", "src\Cart.Contracts\Cart.Contracts.csproj", "{7D892FCB-887E-4C25-9CBD-F6C6FD80AE49}"
EndProject
Project("{FAE04EC0-301F-11D3-BF4B-00C04F79EFBC}") = "VanFucVN.Core.Common", "..\..\BuildingBlocks\VanFucVN.Core.Common\VanFucVN.Core.Common.csproj", "{CF985A2E-2901-455C-9A96-5C0147A5B092}"
EndProject
Project("{FAE04EC0-301F-11D3-BF4B-00C04F79EFBC}") = "AuraMart.Shared", "..\..\Shared\AuraMart.Shared\AuraMart.Shared.csproj", "{EACE0E54-BFC5-4533-9BF7-662D208A8294}"
EndProject
Project("{FAE04EC0-301F-11D3-BF4B-00C04F79EFBC}") = "Cart.Domain", "src\Cart.Domain\Cart.Domain.csproj", "{ED064BD4-B11C-4D91-A3D2-4D8C8F49976E}"
EndProject
Project("{FAE04EC0-301F-11D3-BF4B-00C04F79EFBC}") = "VanFucVN.Core.Persistence", "..\..\BuildingBlocks\VanFucVN.Core.Persistence\VanFucVN.Core.Persistence.csproj", "{81D80B4F-8086-4211-86D6-303DF7831D2D}"
EndProject
Project("{FAE04EC0-301F-11D3-BF4B-00C04F79EFBC}") = "Cart.Application", "src\Cart.Application\Cart.Application.csproj", "{65E0C46C-E054-48C6-A621-220C8FB53FA1}"
EndProject
Project("{FAE04EC0-301F-11D3-BF4B-00C04F79EFBC}") = "Cart.Infrastructure", "src\Cart.Infrastructure\Cart.Infrastructure.csproj", "{1869765B-1449-4A61-9577-FD154E99B1DB}"
EndProject
Project("{FAE04EC0-301F-11D3-BF4B-00C04F79EFBC}") = "VanFucVN.Core.Messaging", "..\..\BuildingBlocks\VanFucVN.Core.Messaging\VanFucVN.Core.Messaging.csproj", "{4AE39E6A-EB17-4828-9FA0-C421778C96F5}"
EndProject
Project("{FAE04EC0-301F-11D3-BF4B-00C04F79EFBC}") = "Cart.Api", "src\Cart.Api\Cart.Api.csproj", "{7BF4C7F2-D94E-4981-ADDD-0A2972329F55}"
EndProject
Project("{FAE04EC0-301F-11D3-BF4B-00C04F79EFBC}") = "VanFucVN.Core.Web", "..\..\BuildingBlocks\VanFucVN.Core.Web\VanFucVN.Core.Web.csproj", "{D7C10B43-043B-4B26-B163-A8B4959A1C15}"
EndProject
Project("{2150E333-8FDC-42A3-9474-1A3956D46DE8}") = "tests", "tests", "{0AB3BF05-4346-4AA6-1389-037BE0695223}"
EndProject
Project("{FAE04EC0-301F-11D3-BF4B-00C04F79EFBC}") = "Cart.UnitTests", "tests\Cart.UnitTests\Cart.UnitTests.csproj", "{C86EFD8D-14EF-45E1-92D3-B652AB13F80C}"
EndProject
Project("{FAE04EC0-301F-11D3-BF4B-00C04F79EFBC}") = "Cart.IntegrationTests", "tests\Cart.IntegrationTests\Cart.IntegrationTests.csproj", "{B9804BC8-7AE4-483A-BFE4-52C5328B9E47}"
EndProject
Global
	GlobalSection(SolutionConfigurationPlatforms) = preSolution
		Debug|Any CPU = Debug|Any CPU
		Debug|x64 = Debug|x64
		Debug|x86 = Debug|x86
		Release|Any CPU = Release|Any CPU
		Release|x64 = Release|x64
		Release|x86 = Release|x86
	EndGlobalSection
	GlobalSection(ProjectConfigurationPlatforms) = postSolution
		{7D892FCB-887E-4C25-9CBD-F6C6FD80AE49}.Debug|Any CPU.ActiveCfg = Debug|Any CPU
		{7D892FCB-887E-4C25-9CBD-F6C6FD80AE49}.Debug|Any CPU.Build.0 = Debug|Any CPU
		{7D892FCB-887E-4C25-9CBD-F6C6FD80AE49}.Debug|x64.ActiveCfg = Debug|Any CPU
		{7D892FCB-887E-4C25-9CBD-F6C6FD80AE49}.Debug|x64.Build.0 = Debug|Any CPU
		{7D892FCB-887E-4C25-9CBD-F6C6FD80AE49}.Debug|x86.ActiveCfg = Debug|Any CPU
		{7D892FCB-887E-4C25-9CBD-F6C6FD80AE49}.Debug|x86.Build.0 = Debug|Any CPU
		{7D892FCB-887E-4C25-9CBD-F6C6FD80AE49}.Release|Any CPU.ActiveCfg = Release|Any CPU
		{7D892FCB-887E-4C25-9CBD-F6C6FD80AE49}.Release|Any CPU.Build.0 = Release|Any CPU
		{7D892FCB-887E-4C25-9CBD-F6C6FD80AE49}.Release|x64.ActiveCfg = Release|Any CPU
		{7D892FCB-887E-4C25-9CBD-F6C6FD80AE49}.Release|x64.Build.0 = Release|Any CPU
		{7D892FCB-887E-4C25-9CBD-F6C6FD80AE49}.Release|x86.ActiveCfg = Release|Any CPU
		{7D892FCB-887E-4C25-9CBD-F6C6FD80AE49}.Release|x86.Build.0 = Release|Any CPU
		{CF985A2E-2901-455C-9A96-5C0147A5B092}.Debug|Any CPU.ActiveCfg = Debug|Any CPU
		{CF985A2E-2901-455C-9A96-5C0147A5B092}.Debug|Any CPU.Build.0 = Debug|Any CPU
		{CF985A2E-2901-455C-9A96-5C0147A5B092}.Debug|x64.ActiveCfg = Debug|Any CPU
		{CF985A2E-2901-455C-9A96-5C0147A5B092}.Debug|x64.Build.0 = Debug|Any CPU
		{CF985A2E-2901-455C-9A96-5C0147A5B092}.Debug|x86.ActiveCfg = Debug|Any CPU
		{CF985A2E-2901-455C-9A96-5C0147A5B092}.Debug|x86.Build.0 = Debug|Any CPU
		{CF985A2E-2901-455C-9A96-5C0147A5B092}.Release|Any CPU.ActiveCfg = Release|Any CPU
		{CF985A2E-2901-455C-9A96-5C0147A5B092}.Release|Any CPU.Build.0 = Release|Any CPU
		{CF985A2E-2901-455C-9A96-5C0147A5B092}.Release|x64.ActiveCfg = Release|Any CPU
		{CF985A2E-2901-455C-9A96-5C0147A5B092}.Release|x64.Build.0 = Release|Any CPU
		{CF985A2E-2901-455C-9A96-5C0147A5B092}.Release|x86.ActiveCfg = Release|Any CPU
		{CF985A2E-2901-455C-9A96-5C0147A5B092}.Release|x86.Build.0 = Release|Any CPU
		{EACE0E54-BFC5-4533-9BF7-662D208A8294}.Debug|Any CPU.ActiveCfg = Debug|Any CPU
		{EACE0E54-BFC5-4533-9BF7-662D208A8294}.Debug|Any CPU.Build.0 = Debug|Any CPU
		{EACE0E54-BFC5-4533-9BF7-662D208A8294}.Debug|x64.ActiveCfg = Debug|Any CPU
		{EACE0E54-BFC5-4533-9BF7-662D208A8294}.Debug|x64.Build.0 = Debug|Any CPU
		{EACE0E54-BFC5-4533-9BF7-662D208A8294}.Debug|x86.ActiveCfg = Debug|Any CPU
		{EACE0E54-BFC5-4533-9BF7-662D208A8294}.Debug|x86.Build.0 = Debug|Any CPU
		{EACE0E54-BFC5-4533-9BF7-662D208A8294}.Release|Any CPU.ActiveCfg = Release|Any CPU
		{EACE0E54-BFC5-4533-9BF7-662D208A8294}.Release|Any CPU.Build.0 = Release|Any CPU
		{EACE0E54-BFC5-4533-9BF7-662D208A8294}.Release|x64.ActiveCfg = Release|Any CPU
		{EACE0E54-BFC5-4533-9BF7-662D208A8294}.Release|x64.Build.0 = Release|Any CPU
		{EACE0E54-BFC5-4533-9BF7-662D208A8294}.Release|x86.ActiveCfg = Release|Any CPU
		{EACE0E54-BFC5-4533-9BF7-662D208A8294}.Release|x86.Build.0 = Release|Any CPU
		{ED064BD4-B11C-4D91-A3D2-4D8C8F49976E}.Debug|Any CPU.ActiveCfg = Debug|Any CPU
		{ED064BD4-B11C-4D91-A3D2-4D8C8F49976E}.Debug|Any CPU.Build.0 = Debug|Any CPU
		{ED064BD4-B11C-4D91-A3D2-4D8C8F49976E}.Debug|x64.ActiveCfg = Debug|Any CPU
		{ED064BD4-B11C-4D91-A3D2-4D8C8F49976E}.Debug|x64.Build.0 = Debug|Any CPU
		{ED064BD4-B11C-4D91-A3D2-4D8C8F49976E}.Debug|x86.ActiveCfg = Debug|Any CPU
		{ED064BD4-B11C-4D91-A3D2-4D8C8F49976E}.Debug|x86.Build.0 = Debug|Any CPU
		{ED064BD4-B11C-4D91-A3D2-4D8C8F49976E}.Release|Any CPU.ActiveCfg = Release|Any CPU
		{ED064BD4-B11C-4D91-A3D2-4D8C8F49976E}.Release|Any CPU.Build.0 = Release|Any CPU
		{ED064BD4-B11C-4D91-A3D2-4D8C8F49976E}.Release|x64.ActiveCfg = Release|Any CPU
		{ED064BD4-B11C-4D91-A3D2-4D8C8F49976E}.Release|x64.Build.0 = Release|Any CPU
		{ED064BD4-B11C-4D91-A3D2-4D8C8F49976E}.Release|x86.ActiveCfg = Release|Any CPU
		{ED064BD4-B11C-4D91-A3D2-4D8C8F49976E}.Release|x86.Build.0 = Release|Any CPU
		{81D80B4F-8086-4211-86D6-303DF7831D2D}.Debug|Any CPU.ActiveCfg = Debug|Any CPU
		{81D80B4F-8086-4211-86D6-303DF7831D2D}.Debug|Any CPU.Build.0 = Debug|Any CPU
		{81D80B4F-8086-4211-86D6-303DF7831D2D}.Debug|x64.ActiveCfg = Debug|Any CPU
		{81D80B4F-8086-4211-86D6-303DF7831D2D}.Debug|x64.Build.0 = Debug|Any CPU
		{81D80B4F-8086-4211-86D6-303DF7831D2D}.Debug|x86.ActiveCfg = Debug|Any CPU
		{81D80B4F-8086-4211-86D6-303DF7831D2D}.Debug|x86.Build.0 = Debug|Any CPU
		{81D80B4F-8086-4211-86D6-303DF7831D2D}.Release|Any CPU.ActiveCfg = Release|Any CPU
		{81D80B4F-8086-4211-86D6-303DF7831D2D}.Release|Any CPU.Build.0 = Release|Any CPU
		{81D80B4F-8086-4211-86D6-303DF7831D2D}.Release|x64.ActiveCfg = Release|Any CPU
		{81D80B4F-8086-4211-86D6-303DF7831D2D}.Release|x64.Build.0 = Release|Any CPU
		{81D80B4F-8086-4211-86D6-303DF7831D2D}.Release|x86.ActiveCfg = Release|Any CPU
		{81D80B4F-8086-4211-86D6-303DF7831D2D}.Release|x86.Build.0 = Release|Any CPU
		{65E0C46C-E054-48C6-A621-220C8FB53FA1}.Debug|Any CPU.ActiveCfg = Debug|Any CPU
		{65E0C46C-E054-48C6-A621-220C8FB53FA1}.Debug|Any CPU.Build.0 = Debug|Any CPU
		{65E0C46C-E054-48C6-A621-220C8FB53FA1}.Debug|x64.ActiveCfg = Debug|Any CPU
		{65E0C46C-E054-48C6-A621-220C8FB53FA1}.Debug|x64.Build.0 = Debug|Any CPU
		{65E0C46C-E054-48C6-A621-220C8FB53FA1}.Debug|x86.ActiveCfg = Debug|Any CPU
		{65E0C46C-E054-48C6-A621-220C8FB53FA1}.Debug|x86.Build.0 = Debug|Any CPU
		{65E0C46C-E054-48C6-A621-220C8FB53FA1}.Release|Any CPU.ActiveCfg = Release|Any CPU
		{65E0C46C-E054-48C6-A621-220C8FB53FA1}.Release|Any CPU.Build.0 = Release|Any CPU
		{65E0C46C-E054-48C6-A621-220C8FB53FA1}.Release|x64.ActiveCfg = Release|Any CPU
		{65E0C46C-E054-48C6-A621-220C8FB53FA1}.Release|x64.Build.0 = Release|Any CPU
		{65E0C46C-E054-48C6-A621-220C8FB53FA1}.Release|x86.ActiveCfg = Release|Any CPU
		{65E0C46C-E054-48C6-A621-220C8FB53FA1}.Release|x86.Build.0 = Release|Any CPU
		{1869765B-1449-4A61-9577-FD154E99B1DB}.Debug|Any CPU.ActiveCfg = Debug|Any CPU
		{1869765B-1449-4A61-9577-FD154E99B1DB}.Debug|Any CPU.Build.0 = Debug|Any CPU
		{1869765B-1449-4A61-9577-FD154E99B1DB}.Debug|x64.ActiveCfg = Debug|Any CPU
		{1869765B-1449-4A61-9577-FD154E99B1DB}.Debug|x64.Build.0 = Debug|Any CPU
		{1869765B-1449-4A61-9577-FD154E99B1DB}.Debug|x86.ActiveCfg = Debug|Any CPU
		{1869765B-1449-4A61-9577-FD154E99B1DB}.Debug|x86.Build.0 = Debug|Any CPU
		{1869765B-1449-4A61-9577-FD154E99B1DB}.Release|Any CPU.ActiveCfg = Release|Any CPU
		{1869765B-1449-4A61-9577-FD154E99B1DB}.Release|Any CPU.Build.0 = Release|Any CPU
		{1869765B-1449-4A61-9577-FD154E99B1DB}.Release|x64.ActiveCfg = Release|Any CPU
		{1869765B-1449-4A61-9577-FD154E99B1DB}.Release|x64.Build.0 = Release|Any CPU
		{1869765B-1449-4A61-9577-FD154E99B1DB}.Release|x86.ActiveCfg = Release|Any CPU
		{1869765B-1449-4A61-9577-FD154E99B1DB}.Release|x86.Build.0 = Release|Any CPU
		{4AE39E6A-EB17-4828-9FA0-C421778C96F5}.Debug|Any CPU.ActiveCfg = Debug|Any CPU
		{4AE39E6A-EB17-4828-9FA0-C421778C96F5}.Debug|Any CPU.Build.0 = Debug|Any CPU
		{4AE39E6A-EB17-4828-9FA0-C421778C96F5}.Debug|x64.ActiveCfg = Debug|Any CPU
		{4AE39E6A-EB17-4828-9FA0-C421778C96F5}.Debug|x64.Build.0 = Debug|Any CPU
		{4AE39E6A-EB17-4828-9FA0-C421778C96F5}.Debug|x86.ActiveCfg = Debug|Any CPU
		{4AE39E6A-EB17-4828-9FA0-C421778C96F5}.Debug|x86.Build.0 = Debug|Any CPU
		{4AE39E6A-EB17-4828-9FA0-C421778C96F5}.Release|Any CPU.ActiveCfg = Release|Any CPU
		{4AE39E6A-EB17-4828-9FA0-C421778C96F5}.Release|Any CPU.Build.0 = Release|Any CPU
		{4AE39E6A-EB17-4828-9FA0-C421778C96F5}.Release|x64.ActiveCfg = Release|Any CPU
		{4AE39E6A-EB17-4828-9FA0-C421778C96F5}.Release|x64.Build.0 = Release|Any CPU
		{4AE39E6A-EB17-4828-9FA0-C421778C96F5}.Release|x86.ActiveCfg = Release|Any CPU
		{4AE39E6A-EB17-4828-9FA0-C421778C96F5}.Release|x86.Build.0 = Release|Any CPU
		{7BF4C7F2-D94E-4981-ADDD-0A2972329F55}.Debug|Any CPU.ActiveCfg = Debug|Any CPU
		{7BF4C7F2-D94E-4981-ADDD-0A2972329F55}.Debug|Any CPU.Build.0 = Debug|Any CPU
		{7BF4C7F2-D94E-4981-ADDD-0A2972329F55}.Debug|x64.ActiveCfg = Debug|Any CPU
		{7BF4C7F2-D94E-4981-ADDD-0A2972329F55}.Debug|x64.Build.0 = Debug|Any CPU
		{7BF4C7F2-D94E-4981-ADDD-0A2972329F55}.Debug|x86.ActiveCfg = Debug|Any CPU
		{7BF4C7F2-D94E-4981-ADDD-0A2972329F55}.Debug|x86.Build.0 = Debug|Any CPU
		{7BF4C7F2-D94E-4981-ADDD-0A2972329F55}.Release|Any CPU.ActiveCfg = Release|Any CPU
		{7BF4C7F2-D94E-4981-ADDD-0A2972329F55}.Release|Any CPU.Build.0 = Release|Any CPU
		{7BF4C7F2-D94E-4981-ADDD-0A2972329F55}.Release|x64.ActiveCfg = Release|Any CPU
		{7BF4C7F2-D94E-4981-ADDD-0A2972329F55}.Release|x64.Build.0 = Release|Any CPU
		{7BF4C7F2-D94E-4981-ADDD-0A2972329F55}.Release|x86.ActiveCfg = Release|Any CPU
		{7BF4C7F2-D94E-4981-ADDD-0A2972329F55}.Release|x86.Build.0 = Release|Any CPU
		{D7C10B43-043B-4B26-B163-A8B4959A1C15}.Debug|Any CPU.ActiveCfg = Debug|Any CPU
		{D7C10B43-043B-4B26-B163-A8B4959A1C15}.Debug|Any CPU.Build.0 = Debug|Any CPU
		{D7C10B43-043B-4B26-B163-A8B4959A1C15}.Debug|x64.ActiveCfg = Debug|Any CPU
		{D7C10B43-043B-4B26-B163-A8B4959A1C15}.Debug|x64.Build.0 = Debug|Any CPU
		{D7C10B43-043B-4B26-B163-A8B4959A1C15}.Debug|x86.ActiveCfg = Debug|Any CPU
		{D7C10B43-043B-4B26-B163-A8B4959A1C15}.Debug|x86.Build.0 = Debug|Any CPU
		{D7C10B43-043B-4B26-B163-A8B4959A1C15}.Release|Any CPU.ActiveCfg = Release|Any CPU
		{D7C10B43-043B-4B26-B163-A8B4959A1C15}.Release|Any CPU.Build.0 = Release|Any CPU
		{D7C10B43-043B-4B26-B163-A8B4959A1C15}.Release|x64.ActiveCfg = Release|Any CPU
		{D7C10B43-043B-4B26-B163-A8B4959A1C15}.Release|x64.Build.0 = Release|Any CPU
		{D7C10B43-043B-4B26-B163-A8B4959A1C15}.Release|x86.ActiveCfg = Release|Any CPU
		{D7C10B43-043B-4B26-B163-A8B4959A1C15}.Release|x86.Build.0 = Release|Any CPU
		{C86EFD8D-14EF-45E1-92D3-B652AB13F80C}.Debug|Any CPU.ActiveCfg = Debug|Any CPU
		{C86EFD8D-14EF-45E1-92D3-B652AB13F80C}.Debug|Any CPU.Build.0 = Debug|Any CPU
		{C86EFD8D-14EF-45E1-92D3-B652AB13F80C}.Debug|x64.ActiveCfg = Debug|Any CPU
		{C86EFD8D-14EF-45E1-92D3-B652AB13F80C}.Debug|x64.Build.0 = Debug|Any CPU
		{C86EFD8D-14EF-45E1-92D3-B652AB13F80C}.Debug|x86.ActiveCfg = Debug|Any CPU
		{C86EFD8D-14EF-45E1-92D3-B652AB13F80C}.Debug|x86.Build.0 = Debug|Any CPU
		{C86EFD8D-14EF-45E1-92D3-B652AB13F80C}.Release|Any CPU.ActiveCfg = Release|Any CPU
		{C86EFD8D-14EF-45E1-92D3-B652AB13F80C}.Release|Any CPU.Build.0 = Release|Any CPU
		{C86EFD8D-14EF-45E1-92D3-B652AB13F80C}.Release|x64.ActiveCfg = Release|Any CPU
		{C86EFD8D-14EF-45E1-92D3-B652AB13F80C}.Release|x64.Build.0 = Release|Any CPU
		{C86EFD8D-14EF-45E1-92D3-B652AB13F80C}.Release|x86.ActiveCfg = Release|Any CPU
		{C86EFD8D-14EF-45E1-92D3-B652AB13F80C}.Release|x86.Build.0 = Release|Any CPU
		{B9804BC8-7AE4-483A-BFE4-52C5328B9E47}.Debug|Any CPU.ActiveCfg = Debug|Any CPU
		{B9804BC8-7AE4-483A-BFE4-52C5328B9E47}.Debug|Any CPU.Build.0 = Debug|Any CPU
		{B9804BC8-7AE4-483A-BFE4-52C5328B9E47}.Debug|x64.ActiveCfg = Debug|Any CPU
		{B9804BC8-7AE4-483A-BFE4-52C5328B9E47}.Debug|x64.Build.0 = Debug|Any CPU
		{B9804BC8-7AE4-483A-BFE4-52C5328B9E47}.Debug|x86.ActiveCfg = Debug|Any CPU
		{B9804BC8-7AE4-483A-BFE4-52C5328B9E47}.Debug|x86.Build.0 = Debug|Any CPU
		{B9804BC8-7AE4-483A-BFE4-52C5328B9E47}.Release|Any CPU.ActiveCfg = Release|Any CPU
		{B9804BC8-7AE4-483A-BFE4-52C5328B9E47}.Release|Any CPU.Build.0 = Release|Any CPU
		{B9804BC8-7AE4-483A-BFE4-52C5328B9E47}.Release|x64.ActiveCfg = Release|Any CPU
		{B9804BC8-7AE4-483A-BFE4-52C5328B9E47}.Release|x64.Build.0 = Release|Any CPU
		{B9804BC8-7AE4-483A-BFE4-52C5328B9E47}.Release|x86.ActiveCfg = Release|Any CPU
		{B9804BC8-7AE4-483A-BFE4-52C5328B9E47}.Release|x86.Build.0 = Release|Any CPU
	EndGlobalSection
	GlobalSection(SolutionProperties) = preSolution
		HideSolutionNode = FALSE
	EndGlobalSection
	GlobalSection(NestedProjects) = preSolution
		{7D892FCB-887E-4C25-9CBD-F6C6FD80AE49} = {827E0CD3-B72D-47B6-A68D-7590B98EB39B}
		{ED064BD4-B11C-4D91-A3D2-4D8C8F49976E} = {827E0CD3-B72D-47B6-A68D-7590B98EB39B}
		{65E0C46C-E054-48C6-A621-220C8FB53FA1} = {827E0CD3-B72D-47B6-A68D-7590B98EB39B}
		{1869765B-1449-4A61-9577-FD154E99B1DB} = {827E0CD3-B72D-47B6-A68D-7590B98EB39B}
		{7BF4C7F2-D94E-4981-ADDD-0A2972329F55} = {827E0CD3-B72D-47B6-A68D-7590B98EB39B}
		{C86EFD8D-14EF-45E1-92D3-B652AB13F80C} = {0AB3BF05-4346-4AA6-1389-037BE0695223}
		{B9804BC8-7AE4-483A-BFE4-52C5328B9E47} = {0AB3BF05-4346-4AA6-1389-037BE0695223}
	EndGlobalSection
EndGlobal
