
Microsoft Visual Studio Solution File, Format Version 12.00
# Visual Studio Version 17
VisualStudioVersion = 17.0.31903.59
MinimumVisualStudioVersion = 10.0.40219.1
Project("{2150E333-8FDC-42A3-9474-1A3956D46DE8}") = "src", "src", "{827E0CD3-B72D-47B6-A68D-7590B98EB39B}"
EndProject
Project("{FAE04EC0-301F-11D3-BF4B-00C04F79EFBC}") = "Seller.Contracts", "src\Seller.Contracts\Seller.Contracts.csproj", "{BE0F513D-D544-4A9F-9562-439855C63F5C}"
EndProject
Project("{FAE04EC0-301F-11D3-BF4B-00C04F79EFBC}") = "VanFucVN.Core.Common", "..\..\BuildingBlocks\VanFucVN.Core.Common\VanFucVN.Core.Common.csproj", "{ED4C9B2D-74DD-466D-8989-6542B64D2BAC}"
EndProject
Project("{FAE04EC0-301F-11D3-BF4B-00C04F79EFBC}") = "AuraMart.Shared", "..\..\Shared\AuraMart.Shared\AuraMart.Shared.csproj", "{35B7AE6E-0280-48FC-84FB-D5EEF71000BA}"
EndProject
Project("{FAE04EC0-301F-11D3-BF4B-00C04F79EFBC}") = "Seller.Domain", "src\Seller.Domain\Seller.Domain.csproj", "{2E1286FA-FCAB-4780-A468-9AF0BBE9818B}"
EndProject
Project("{FAE04EC0-301F-11D3-BF4B-00C04F79EFBC}") = "VanFucVN.Core.Persistence", "..\..\BuildingBlocks\VanFucVN.Core.Persistence\VanFucVN.Core.Persistence.csproj", "{4339B773-1529-4F57-B640-65EE12DA5D2F}"
EndProject
Project("{FAE04EC0-301F-11D3-BF4B-00C04F79EFBC}") = "Seller.Application", "src\Seller.Application\Seller.Application.csproj", "{E6A6E162-84D6-47B4-B648-6E6295012A7A}"
EndProject
Project("{FAE04EC0-301F-11D3-BF4B-00C04F79EFBC}") = "Seller.Infrastructure", "src\Seller.Infrastructure\Seller.Infrastructure.csproj", "{0BBBC242-69C8-4380-86A1-BE7B2A63ED20}"
EndProject
Project("{FAE04EC0-301F-11D3-BF4B-00C04F79EFBC}") = "VanFucVN.Core.Messaging", "..\..\BuildingBlocks\VanFucVN.Core.Messaging\VanFucVN.Core.Messaging.csproj", "{45087753-582F-45E7-8DE0-355BDEF7656A}"
EndProject
Project("{FAE04EC0-301F-11D3-BF4B-00C04F79EFBC}") = "Seller.Api", "src\Seller.Api\Seller.Api.csproj", "{7853EF43-5B06-4CBC-9BD8-6283B9454E1A}"
EndProject
Project("{FAE04EC0-301F-11D3-BF4B-00C04F79EFBC}") = "VanFucVN.Core.Web", "..\..\BuildingBlocks\VanFucVN.Core.Web\VanFucVN.Core.Web.csproj", "{4A68D45D-3CB6-4677-B7E8-4018CF290E8D}"
EndProject
Project("{2150E333-8FDC-42A3-9474-1A3956D46DE8}") = "tests", "tests", "{0AB3BF05-4346-4AA6-1389-037BE0695223}"
EndProject
Project("{FAE04EC0-301F-11D3-BF4B-00C04F79EFBC}") = "Seller.UnitTests", "tests\Seller.UnitTests\Seller.UnitTests.csproj", "{3CC93533-DE9C-4023-A6A8-AE8454606D55}"
EndProject
Project("{FAE04EC0-301F-11D3-BF4B-00C04F79EFBC}") = "Seller.IntegrationTests", "tests\Seller.IntegrationTests\Seller.IntegrationTests.csproj", "{7DD6A59E-9961-4190-96E5-818FB0D4BD65}"
EndProject
Global
	GlobalSection(SolutionConfigurationPlatforms) = preSolution
		Debug|Any CPU = Debug|Any CPU
		Debug|x64 = Debug|x64
		Debug|x86 = Debug|x86
		Release|Any CPU = Release|Any CPU
		Release|x64 = Release|x64
		Release|x86 = Release|x86
	EndGlobalSection
	GlobalSection(ProjectConfigurationPlatforms) = postSolution
		{BE0F513D-D544-4A9F-9562-439855C63F5C}.Debug|Any CPU.ActiveCfg = Debug|Any CPU
		{BE0F513D-D544-4A9F-9562-439855C63F5C}.Debug|Any CPU.Build.0 = Debug|Any CPU
		{BE0F513D-D544-4A9F-9562-439855C63F5C}.Debug|x64.ActiveCfg = Debug|Any CPU
		{BE0F513D-D544-4A9F-9562-439855C63F5C}.Debug|x64.Build.0 = Debug|Any CPU
		{BE0F513D-D544-4A9F-9562-439855C63F5C}.Debug|x86.ActiveCfg = Debug|Any CPU
		{BE0F513D-D544-4A9F-9562-439855C63F5C}.Debug|x86.Build.0 = Debug|Any CPU
		{BE0F513D-D544-4A9F-9562-439855C63F5C}.Release|Any CPU.ActiveCfg = Release|Any CPU
		{BE0F513D-D544-4A9F-9562-439855C63F5C}.Release|Any CPU.Build.0 = Release|Any CPU
		{BE0F513D-D544-4A9F-9562-439855C63F5C}.Release|x64.ActiveCfg = Release|Any CPU
		{BE0F513D-D544-4A9F-9562-439855C63F5C}.Release|x64.Build.0 = Release|Any CPU
		{BE0F513D-D544-4A9F-9562-439855C63F5C}.Release|x86.ActiveCfg = Release|Any CPU
		{BE0F513D-D544-4A9F-9562-439855C63F5C}.Release|x86.Build.0 = Release|Any CPU
		{ED4C9B2D-74DD-466D-8989-6542B64D2BAC}.Debug|Any CPU.ActiveCfg = Debug|Any CPU
		{ED4C9B2D-74DD-466D-8989-6542B64D2BAC}.Debug|Any CPU.Build.0 = Debug|Any CPU
		{ED4C9B2D-74DD-466D-8989-6542B64D2BAC}.Debug|x64.ActiveCfg = Debug|Any CPU
		{ED4C9B2D-74DD-466D-8989-6542B64D2BAC}.Debug|x64.Build.0 = Debug|Any CPU
		{ED4C9B2D-74DD-466D-8989-6542B64D2BAC}.Debug|x86.ActiveCfg = Debug|Any CPU
		{ED4C9B2D-74DD-466D-8989-6542B64D2BAC}.Debug|x86.Build.0 = Debug|Any CPU
		{ED4C9B2D-74DD-466D-8989-6542B64D2BAC}.Release|Any CPU.ActiveCfg = Release|Any CPU
		{ED4C9B2D-74DD-466D-8989-6542B64D2BAC}.Release|Any CPU.Build.0 = Release|Any CPU
		{ED4C9B2D-74DD-466D-8989-6542B64D2BAC}.Release|x64.ActiveCfg = Release|Any CPU
		{ED4C9B2D-74DD-466D-8989-6542B64D2BAC}.Release|x64.Build.0 = Release|Any CPU
		{ED4C9B2D-74DD-466D-8989-6542B64D2BAC}.Release|x86.ActiveCfg = Release|Any CPU
		{ED4C9B2D-74DD-466D-8989-6542B64D2BAC}.Release|x86.Build.0 = Release|Any CPU
		{35B7AE6E-0280-48FC-84FB-D5EEF71000BA}.Debug|Any CPU.ActiveCfg = Debug|Any CPU
		{35B7AE6E-0280-48FC-84FB-D5EEF71000BA}.Debug|Any CPU.Build.0 = Debug|Any CPU
		{35B7AE6E-0280-48FC-84FB-D5EEF71000BA}.Debug|x64.ActiveCfg = Debug|Any CPU
		{35B7AE6E-0280-48FC-84FB-D5EEF71000BA}.Debug|x64.Build.0 = Debug|Any CPU
		{35B7AE6E-0280-48FC-84FB-D5EEF71000BA}.Debug|x86.ActiveCfg = Debug|Any CPU
		{35B7AE6E-0280-48FC-84FB-D5EEF71000BA}.Debug|x86.Build.0 = Debug|Any CPU
		{35B7AE6E-0280-48FC-84FB-D5EEF71000BA}.Release|Any CPU.ActiveCfg = Release|Any CPU
		{35B7AE6E-0280-48FC-84FB-D5EEF71000BA}.Release|Any CPU.Build.0 = Release|Any CPU
		{35B7AE6E-0280-48FC-84FB-D5EEF71000BA}.Release|x64.ActiveCfg = Release|Any CPU
		{35B7AE6E-0280-48FC-84FB-D5EEF71000BA}.Release|x64.Build.0 = Release|Any CPU
		{35B7AE6E-0280-48FC-84FB-D5EEF71000BA}.Release|x86.ActiveCfg = Release|Any CPU
		{35B7AE6E-0280-48FC-84FB-D5EEF71000BA}.Release|x86.Build.0 = Release|Any CPU
		{2E1286FA-FCAB-4780-A468-9AF0BBE9818B}.Debug|Any CPU.ActiveCfg = Debug|Any CPU
		{2E1286FA-FCAB-4780-A468-9AF0BBE9818B}.Debug|Any CPU.Build.0 = Debug|Any CPU
		{2E1286FA-FCAB-4780-A468-9AF0BBE9818B}.Debug|x64.ActiveCfg = Debug|Any CPU
		{2E1286FA-FCAB-4780-A468-9AF0BBE9818B}.Debug|x64.Build.0 = Debug|Any CPU
		{2E1286FA-FCAB-4780-A468-9AF0BBE9818B}.Debug|x86.ActiveCfg = Debug|Any CPU
		{2E1286FA-FCAB-4780-A468-9AF0BBE9818B}.Debug|x86.Build.0 = Debug|Any CPU
		{2E1286FA-FCAB-4780-A468-9AF0BBE9818B}.Release|Any CPU.ActiveCfg = Release|Any CPU
		{2E1286FA-FCAB-4780-A468-9AF0BBE9818B}.Release|Any CPU.Build.0 = Release|Any CPU
		{2E1286FA-FCAB-4780-A468-9AF0BBE9818B}.Release|x64.ActiveCfg = Release|Any CPU
		{2E1286FA-FCAB-4780-A468-9AF0BBE9818B}.Release|x64.Build.0 = Release|Any CPU
		{2E1286FA-FCAB-4780-A468-9AF0BBE9818B}.Release|x86.ActiveCfg = Release|Any CPU
		{2E1286FA-FCAB-4780-A468-9AF0BBE9818B}.Release|x86.Build.0 = Release|Any CPU
		{4339B773-1529-4F57-B640-65EE12DA5D2F}.Debug|Any CPU.ActiveCfg = Debug|Any CPU
		{4339B773-1529-4F57-B640-65EE12DA5D2F}.Debug|Any CPU.Build.0 = Debug|Any CPU
		{4339B773-1529-4F57-B640-65EE12DA5D2F}.Debug|x64.ActiveCfg = Debug|Any CPU
		{4339B773-1529-4F57-B640-65EE12DA5D2F}.Debug|x64.Build.0 = Debug|Any CPU
		{4339B773-1529-4F57-B640-65EE12DA5D2F}.Debug|x86.ActiveCfg = Debug|Any CPU
		{4339B773-1529-4F57-B640-65EE12DA5D2F}.Debug|x86.Build.0 = Debug|Any CPU
		{4339B773-1529-4F57-B640-65EE12DA5D2F}.Release|Any CPU.ActiveCfg = Release|Any CPU
		{4339B773-1529-4F57-B640-65EE12DA5D2F}.Release|Any CPU.Build.0 = Release|Any CPU
		{4339B773-1529-4F57-B640-65EE12DA5D2F}.Release|x64.ActiveCfg = Release|Any CPU
		{4339B773-1529-4F57-B640-65EE12DA5D2F}.Release|x64.Build.0 = Release|Any CPU
		{4339B773-1529-4F57-B640-65EE12DA5D2F}.Release|x86.ActiveCfg = Release|Any CPU
		{4339B773-1529-4F57-B640-65EE12DA5D2F}.Release|x86.Build.0 = Release|Any CPU
		{E6A6E162-84D6-47B4-B648-6E6295012A7A}.Debug|Any CPU.ActiveCfg = Debug|Any CPU
		{E6A6E162-84D6-47B4-B648-6E6295012A7A}.Debug|Any CPU.Build.0 = Debug|Any CPU
		{E6A6E162-84D6-47B4-B648-6E6295012A7A}.Debug|x64.ActiveCfg = Debug|Any CPU
		{E6A6E162-84D6-47B4-B648-6E6295012A7A}.Debug|x64.Build.0 = Debug|Any CPU
		{E6A6E162-84D6-47B4-B648-6E6295012A7A}.Debug|x86.ActiveCfg = Debug|Any CPU
		{E6A6E162-84D6-47B4-B648-6E6295012A7A}.Debug|x86.Build.0 = Debug|Any CPU
		{E6A6E162-84D6-47B4-B648-6E6295012A7A}.Release|Any CPU.ActiveCfg = Release|Any CPU
		{E6A6E162-84D6-47B4-B648-6E6295012A7A}.Release|Any CPU.Build.0 = Release|Any CPU
		{E6A6E162-84D6-47B4-B648-6E6295012A7A}.Release|x64.ActiveCfg = Release|Any CPU
		{E6A6E162-84D6-47B4-B648-6E6295012A7A}.Release|x64.Build.0 = Release|Any CPU
		{E6A6E162-84D6-47B4-B648-6E6295012A7A}.Release|x86.ActiveCfg = Release|Any CPU
		{E6A6E162-84D6-47B4-B648-6E6295012A7A}.Release|x86.Build.0 = Release|Any CPU
		{0BBBC242-69C8-4380-86A1-BE7B2A63ED20}.Debug|Any CPU.ActiveCfg = Debug|Any CPU
		{0BBBC242-69C8-4380-86A1-BE7B2A63ED20}.Debug|Any CPU.Build.0 = Debug|Any CPU
		{0BBBC242-69C8-4380-86A1-BE7B2A63ED20}.Debug|x64.ActiveCfg = Debug|Any CPU
		{0BBBC242-69C8-4380-86A1-BE7B2A63ED20}.Debug|x64.Build.0 = Debug|Any CPU
		{0BBBC242-69C8-4380-86A1-BE7B2A63ED20}.Debug|x86.ActiveCfg = Debug|Any CPU
		{0BBBC242-69C8-4380-86A1-BE7B2A63ED20}.Debug|x86.Build.0 = Debug|Any CPU
		{0BBBC242-69C8-4380-86A1-BE7B2A63ED20}.Release|Any CPU.ActiveCfg = Release|Any CPU
		{0BBBC242-69C8-4380-86A1-BE7B2A63ED20}.Release|Any CPU.Build.0 = Release|Any CPU
		{0BBBC242-69C8-4380-86A1-BE7B2A63ED20}.Release|x64.ActiveCfg = Release|Any CPU
		{0BBBC242-69C8-4380-86A1-BE7B2A63ED20}.Release|x64.Build.0 = Release|Any CPU
		{0BBBC242-69C8-4380-86A1-BE7B2A63ED20}.Release|x86.ActiveCfg = Release|Any CPU
		{0BBBC242-69C8-4380-86A1-BE7B2A63ED20}.Release|x86.Build.0 = Release|Any CPU
		{45087753-582F-45E7-8DE0-355BDEF7656A}.Debug|Any CPU.ActiveCfg = Debug|Any CPU
		{45087753-582F-45E7-8DE0-355BDEF7656A}.Debug|Any CPU.Build.0 = Debug|Any CPU
		{45087753-582F-45E7-8DE0-355BDEF7656A}.Debug|x64.ActiveCfg = Debug|Any CPU
		{45087753-582F-45E7-8DE0-355BDEF7656A}.Debug|x64.Build.0 = Debug|Any CPU
		{45087753-582F-45E7-8DE0-355BDEF7656A}.Debug|x86.ActiveCfg = Debug|Any CPU
		{45087753-582F-45E7-8DE0-355BDEF7656A}.Debug|x86.Build.0 = Debug|Any CPU
		{45087753-582F-45E7-8DE0-355BDEF7656A}.Release|Any CPU.ActiveCfg = Release|Any CPU
		{45087753-582F-45E7-8DE0-355BDEF7656A}.Release|Any CPU.Build.0 = Release|Any CPU
		{45087753-582F-45E7-8DE0-355BDEF7656A}.Release|x64.ActiveCfg = Release|Any CPU
		{45087753-582F-45E7-8DE0-355BDEF7656A}.Release|x64.Build.0 = Release|Any CPU
		{45087753-582F-45E7-8DE0-355BDEF7656A}.Release|x86.ActiveCfg = Release|Any CPU
		{45087753-582F-45E7-8DE0-355BDEF7656A}.Release|x86.Build.0 = Release|Any CPU
		{7853EF43-5B06-4CBC-9BD8-6283B9454E1A}.Debug|Any CPU.ActiveCfg = Debug|Any CPU
		{7853EF43-5B06-4CBC-9BD8-6283B9454E1A}.Debug|Any CPU.Build.0 = Debug|Any CPU
		{7853EF43-5B06-4CBC-9BD8-6283B9454E1A}.Debug|x64.ActiveCfg = Debug|Any CPU
		{7853EF43-5B06-4CBC-9BD8-6283B9454E1A}.Debug|x64.Build.0 = Debug|Any CPU
		{7853EF43-5B06-4CBC-9BD8-6283B9454E1A}.Debug|x86.ActiveCfg = Debug|Any CPU
		{7853EF43-5B06-4CBC-9BD8-6283B9454E1A}.Debug|x86.Build.0 = Debug|Any CPU
		{7853EF43-5B06-4CBC-9BD8-6283B9454E1A}.Release|Any CPU.ActiveCfg = Release|Any CPU
		{7853EF43-5B06-4CBC-9BD8-6283B9454E1A}.Release|Any CPU.Build.0 = Release|Any CPU
		{7853EF43-5B06-4CBC-9BD8-6283B9454E1A}.Release|x64.ActiveCfg = Release|Any CPU
		{7853EF43-5B06-4CBC-9BD8-6283B9454E1A}.Release|x64.Build.0 = Release|Any CPU
		{7853EF43-5B06-4CBC-9BD8-6283B9454E1A}.Release|x86.ActiveCfg = Release|Any CPU
		{7853EF43-5B06-4CBC-9BD8-6283B9454E1A}.Release|x86.Build.0 = Release|Any CPU
		{4A68D45D-3CB6-4677-B7E8-4018CF290E8D}.Debug|Any CPU.ActiveCfg = Debug|Any CPU
		{4A68D45D-3CB6-4677-B7E8-4018CF290E8D}.Debug|Any CPU.Build.0 = Debug|Any CPU
		{4A68D45D-3CB6-4677-B7E8-4018CF290E8D}.Debug|x64.ActiveCfg = Debug|Any CPU
		{4A68D45D-3CB6-4677-B7E8-4018CF290E8D}.Debug|x64.Build.0 = Debug|Any CPU
		{4A68D45D-3CB6-4677-B7E8-4018CF290E8D}.Debug|x86.ActiveCfg = Debug|Any CPU
		{4A68D45D-3CB6-4677-B7E8-4018CF290E8D}.Debug|x86.Build.0 = Debug|Any CPU
		{4A68D45D-3CB6-4677-B7E8-4018CF290E8D}.Release|Any CPU.ActiveCfg = Release|Any CPU
		{4A68D45D-3CB6-4677-B7E8-4018CF290E8D}.Release|Any CPU.Build.0 = Release|Any CPU
		{4A68D45D-3CB6-4677-B7E8-4018CF290E8D}.Release|x64.ActiveCfg = Release|Any CPU
		{4A68D45D-3CB6-4677-B7E8-4018CF290E8D}.Release|x64.Build.0 = Release|Any CPU
		{4A68D45D-3CB6-4677-B7E8-4018CF290E8D}.Release|x86.ActiveCfg = Release|Any CPU
		{4A68D45D-3CB6-4677-B7E8-4018CF290E8D}.Release|x86.Build.0 = Release|Any CPU
		{3CC93533-DE9C-4023-A6A8-AE8454606D55}.Debug|Any CPU.ActiveCfg = Debug|Any CPU
		{3CC93533-DE9C-4023-A6A8-AE8454606D55}.Debug|Any CPU.Build.0 = Debug|Any CPU
		{3CC93533-DE9C-4023-A6A8-AE8454606D55}.Debug|x64.ActiveCfg = Debug|Any CPU
		{3CC93533-DE9C-4023-A6A8-AE8454606D55}.Debug|x64.Build.0 = Debug|Any CPU
		{3CC93533-DE9C-4023-A6A8-AE8454606D55}.Debug|x86.ActiveCfg = Debug|Any CPU
		{3CC93533-DE9C-4023-A6A8-AE8454606D55}.Debug|x86.Build.0 = Debug|Any CPU
		{3CC93533-DE9C-4023-A6A8-AE8454606D55}.Release|Any CPU.ActiveCfg = Release|Any CPU
		{3CC93533-DE9C-4023-A6A8-AE8454606D55}.Release|Any CPU.Build.0 = Release|Any CPU
		{3CC93533-DE9C-4023-A6A8-AE8454606D55}.Release|x64.ActiveCfg = Release|Any CPU
		{3CC93533-DE9C-4023-A6A8-AE8454606D55}.Release|x64.Build.0 = Release|Any CPU
		{3CC93533-DE9C-4023-A6A8-AE8454606D55}.Release|x86.ActiveCfg = Release|Any CPU
		{3CC93533-DE9C-4023-A6A8-AE8454606D55}.Release|x86.Build.0 = Release|Any CPU
		{7DD6A59E-9961-4190-96E5-818FB0D4BD65}.Debug|Any CPU.ActiveCfg = Debug|Any CPU
		{7DD6A59E-9961-4190-96E5-818FB0D4BD65}.Debug|Any CPU.Build.0 = Debug|Any CPU
		{7DD6A59E-9961-4190-96E5-818FB0D4BD65}.Debug|x64.ActiveCfg = Debug|Any CPU
		{7DD6A59E-9961-4190-96E5-818FB0D4BD65}.Debug|x64.Build.0 = Debug|Any CPU
		{7DD6A59E-9961-4190-96E5-818FB0D4BD65}.Debug|x86.ActiveCfg = Debug|Any CPU
		{7DD6A59E-9961-4190-96E5-818FB0D4BD65}.Debug|x86.Build.0 = Debug|Any CPU
		{7DD6A59E-9961-4190-96E5-818FB0D4BD65}.Release|Any CPU.ActiveCfg = Release|Any CPU
		{7DD6A59E-9961-4190-96E5-818FB0D4BD65}.Release|Any CPU.Build.0 = Release|Any CPU
		{7DD6A59E-9961-4190-96E5-818FB0D4BD65}.Release|x64.ActiveCfg = Release|Any CPU
		{7DD6A59E-9961-4190-96E5-818FB0D4BD65}.Release|x64.Build.0 = Release|Any CPU
		{7DD6A59E-9961-4190-96E5-818FB0D4BD65}.Release|x86.ActiveCfg = Release|Any CPU
		{7DD6A59E-9961-4190-96E5-818FB0D4BD65}.Release|x86.Build.0 = Release|Any CPU
	EndGlobalSection
	GlobalSection(SolutionProperties) = preSolution
		HideSolutionNode = FALSE
	EndGlobalSection
	GlobalSection(NestedProjects) = preSolution
		{BE0F513D-D544-4A9F-9562-439855C63F5C} = {827E0CD3-B72D-47B6-A68D-7590B98EB39B}
		{2E1286FA-FCAB-4780-A468-9AF0BBE9818B} = {827E0CD3-B72D-47B6-A68D-7590B98EB39B}
		{E6A6E162-84D6-47B4-B648-6E6295012A7A} = {827E0CD3-B72D-47B6-A68D-7590B98EB39B}
		{0BBBC242-69C8-4380-86A1-BE7B2A63ED20} = {827E0CD3-B72D-47B6-A68D-7590B98EB39B}
		{7853EF43-5B06-4CBC-9BD8-6283B9454E1A} = {827E0CD3-B72D-47B6-A68D-7590B98EB39B}
		{3CC93533-DE9C-4023-A6A8-AE8454606D55} = {0AB3BF05-4346-4AA6-1389-037BE0695223}
		{7DD6A59E-9961-4190-96E5-818FB0D4BD65} = {0AB3BF05-4346-4AA6-1389-037BE0695223}
	EndGlobalSection
EndGlobal
