
Microsoft Visual Studio Solution File, Format Version 12.00
# Visual Studio Version 17
VisualStudioVersion = 17.0.31903.59
MinimumVisualStudioVersion = 10.0.40219.1
Project("{2150E333-8FDC-42A3-9474-1A3956D46DE8}") = "BuildingBlocks", "BuildingBlocks", "{7266C4A9-E384-DC00-0EB6-47F6002CFBA7}"
EndProject
Project("{FAE04EC0-301F-11D3-BF4B-00C04F79EFBC}") = "VanFucVN.Core.Common", "BuildingBlocks\VanFucVN.Core.Common\VanFucVN.Core.Common.csproj", "{41C46A99-52C8-4709-84F9-283716C06B7E}"
EndProject
Project("{FAE04EC0-301F-11D3-BF4B-00C04F79EFBC}") = "VanFucVN.Core.Persistence", "BuildingBlocks\VanFucVN.Core.Persistence\VanFucVN.Core.Persistence.csproj", "{1E0C1644-519B-4017-BEE4-4EC6C939155C}"
EndProject
Project("{FAE04EC0-301F-11D3-BF4B-00C04F79EFBC}") = "VanFucVN.Core.Messaging", "BuildingBlocks\VanFucVN.Core.Messaging\VanFucVN.Core.Messaging.csproj", "{86782BF2-E6FE-4650-AD02-B1B4777BAD41}"
EndProject
Project("{FAE04EC0-301F-11D3-BF4B-00C04F79EFBC}") = "VanFucVN.Core.Web", "BuildingBlocks\VanFucVN.Core.Web\VanFucVN.Core.Web.csproj", "{F7A39049-63C2-47E6-B4D8-E7F53C81E042}"
EndProject
Project("{2150E333-8FDC-42A3-9474-1A3956D46DE8}") = "Shared", "Shared", "{4F52FD11-658E-A102-6CD3-7D7C16FFA15B}"
EndProject
Project("{FAE04EC0-301F-11D3-BF4B-00C04F79EFBC}") = "AuraMart.Shared", "Shared\AuraMart.Shared\AuraMart.Shared.csproj", "{BB402270-092C-45AA-8CE6-376E693032D2}"
EndProject
Project("{FAE04EC0-301F-11D3-BF4B-00C04F79EFBC}") = "Gateway", "Gateway\Gateway.csproj", "{010F5FC6-AE10-49CD-BD62-CC72A2F7BE14}"
EndProject
Project("{2150E333-8FDC-42A3-9474-1A3956D46DE8}") = "Services", "Services", "{5854FF58-B8C5-05C6-5BF2-ACE42193F22B}"
EndProject
Project("{2150E333-8FDC-42A3-9474-1A3956D46DE8}") = "Cart", "Cart", "{BFF4F4B7-12C1-5B2E-7DAD-E792A8E8C1A7}"
EndProject
Project("{2150E333-8FDC-42A3-9474-1A3956D46DE8}") = "src", "src", "{7023AFFE-198D-A2F0-7BDB-E45BFB2359D9}"
EndProject
Project("{FAE04EC0-301F-11D3-BF4B-00C04F79EFBC}") = "Cart.Contracts", "Services\Cart\src\Cart.Contracts\Cart.Contracts.csproj", "{74A1F1E9-A051-4330-A6D4-8DDA599F8F28}"
EndProject
Project("{FAE04EC0-301F-11D3-BF4B-00C04F79EFBC}") = "Cart.Domain", "Services\Cart\src\Cart.Domain\Cart.Domain.csproj", "{7A04E475-542E-4FD0-BDAD-3629381274B3}"
EndProject
Project("{FAE04EC0-301F-11D3-BF4B-00C04F79EFBC}") = "Cart.Application", "Services\Cart\src\Cart.Application\Cart.Application.csproj", "{4779A334-0667-4BFC-B9A3-908D64450C3E}"
EndProject
Project("{FAE04EC0-301F-11D3-BF4B-00C04F79EFBC}") = "Cart.Infrastructure", "Services\Cart\src\Cart.Infrastructure\Cart.Infrastructure.csproj", "{F7C14C72-30AA-42DA-87D4-D7B0F00D2D75}"
EndProject
Project("{FAE04EC0-301F-11D3-BF4B-00C04F79EFBC}") = "Cart.Api", "Services\Cart\src\Cart.Api\Cart.Api.csproj", "{E49DFF0E-B82D-4D98-AF51-C7F49C72B1E8}"
EndProject
Project("{2150E333-8FDC-42A3-9474-1A3956D46DE8}") = "tests", "tests", "{3853193C-0182-A2B4-464C-A0180BE8DD0E}"
EndProject
Project("{FAE04EC0-301F-11D3-BF4B-00C04F79EFBC}") = "Cart.UnitTests", "Services\Cart\tests\Cart.UnitTests\Cart.UnitTests.csproj", "{7155216E-2CF7-4D3F-A589-C7B0BD58A0FD}"
EndProject
Project("{FAE04EC0-301F-11D3-BF4B-00C04F79EFBC}") = "Cart.IntegrationTests", "Services\Cart\tests\Cart.IntegrationTests\Cart.IntegrationTests.csproj", "{16C25879-7E06-4A64-9727-7D0317E1A70E}"
EndProject
Project("{2150E333-8FDC-42A3-9474-1A3956D46DE8}") = "Catalog", "Catalog", "{944ACC7E-4FFC-A2A2-09E1-98A62C66F8DB}"
EndProject
Project("{2150E333-8FDC-42A3-9474-1A3956D46DE8}") = "src", "src", "{41BBDC93-4E50-1894-3C33-F8A2B62FA41D}"
EndProject
Project("{FAE04EC0-301F-11D3-BF4B-00C04F79EFBC}") = "Catalog.Contracts", "Services\Catalog\src\Catalog.Contracts\Catalog.Contracts.csproj", "{3F2FBE97-CEEA-4679-AC5F-6056BB86D1E3}"
EndProject
Project("{FAE04EC0-301F-11D3-BF4B-00C04F79EFBC}") = "Catalog.Domain", "Services\Catalog\src\Catalog.Domain\Catalog.Domain.csproj", "{380496B7-06C1-451C-BD9F-64CF63102764}"
EndProject
Project("{FAE04EC0-301F-11D3-BF4B-00C04F79EFBC}") = "Catalog.Application", "Services\Catalog\src\Catalog.Application\Catalog.Application.csproj", "{0DE02F28-3B65-4656-AB37-F4EDFEEEB7B8}"
EndProject
Project("{FAE04EC0-301F-11D3-BF4B-00C04F79EFBC}") = "Catalog.Infrastructure", "Services\Catalog\src\Catalog.Infrastructure\Catalog.Infrastructure.csproj", "{BFD75DB5-A667-4030-958E-BF54E60D3DA3}"
EndProject
Project("{FAE04EC0-301F-11D3-BF4B-00C04F79EFBC}") = "Catalog.Api", "Services\Catalog\src\Catalog.Api\Catalog.Api.csproj", "{859082DF-2D4C-4D67-A0A3-12702CFC7FFB}"
EndProject
Project("{2150E333-8FDC-42A3-9474-1A3956D46DE8}") = "tests", "tests", "{26B96603-2099-C782-EFE9-34CF1538469E}"
EndProject
Project("{FAE04EC0-301F-11D3-BF4B-00C04F79EFBC}") = "Catalog.UnitTests", "Services\Catalog\tests\Catalog.UnitTests\Catalog.UnitTests.csproj", "{C815A1F6-AA4F-423C-A684-32F440CC2DDF}"
EndProject
Project("{FAE04EC0-301F-11D3-BF4B-00C04F79EFBC}") = "Catalog.IntegrationTests", "Services\Catalog\tests\Catalog.IntegrationTests\Catalog.IntegrationTests.csproj", "{8EA57796-8714-4236-A73B-9268DFC3994F}"
EndProject
Project("{2150E333-8FDC-42A3-9474-1A3956D46DE8}") = "Identity", "Identity", "{357A7C97-5AE1-023F-1442-0D9F9AF22A31}"
EndProject
Project("{2150E333-8FDC-42A3-9474-1A3956D46DE8}") = "src", "src", "{11349CFE-E14E-3001-C5E9-551783699504}"
EndProject
Project("{FAE04EC0-301F-11D3-BF4B-00C04F79EFBC}") = "Identity.Contracts", "Services\Identity\src\Identity.Contracts\Identity.Contracts.csproj", "{802BF5E5-4F5C-4DAD-9258-C6BC9BAF7B8C}"
EndProject
Project("{FAE04EC0-301F-11D3-BF4B-00C04F79EFBC}") = "Identity.Domain", "Services\Identity\src\Identity.Domain\Identity.Domain.csproj", "{22F1CBA1-AF26-4254-A735-A66575DFFCE4}"
EndProject
Project("{FAE04EC0-301F-11D3-BF4B-00C04F79EFBC}") = "Identity.Application", "Services\Identity\src\Identity.Application\Identity.Application.csproj", "{56F0990B-794B-43E9-B60F-FB3C9BED4D78}"
EndProject
Project("{FAE04EC0-301F-11D3-BF4B-00C04F79EFBC}") = "Identity.Infrastructure", "Services\Identity\src\Identity.Infrastructure\Identity.Infrastructure.csproj", "{A9F9DA6C-FA38-48B7-8C4D-FC052E4FD168}"
EndProject
Project("{FAE04EC0-301F-11D3-BF4B-00C04F79EFBC}") = "Identity.Api", "Services\Identity\src\Identity.Api\Identity.Api.csproj", "{0300D351-EFF4-40A6-8718-DB8B5F2821FC}"
EndProject
Project("{2150E333-8FDC-42A3-9474-1A3956D46DE8}") = "tests", "tests", "{24EE6AB2-D02D-7346-F780-6A87209C839F}"
EndProject
Project("{FAE04EC0-301F-11D3-BF4B-00C04F79EFBC}") = "Identity.UnitTests", "Services\Identity\tests\Identity.UnitTests\Identity.UnitTests.csproj", "{2FF2EFDA-9CE2-4132-9C12-AFF11CFD0A71}"
EndProject
Project("{FAE04EC0-301F-11D3-BF4B-00C04F79EFBC}") = "Identity.IntegrationTests", "Services\Identity\tests\Identity.IntegrationTests\Identity.IntegrationTests.csproj", "{2B463D17-25C5-4BC8-B8B6-AFA38811F194}"
EndProject
Project("{2150E333-8FDC-42A3-9474-1A3956D46DE8}") = "Notification", "Notification", "{06470F13-D646-4954-ED4A-FA216054436A}"
EndProject
Project("{2150E333-8FDC-42A3-9474-1A3956D46DE8}") = "src", "src", "{8F92B431-7114-C16D-7B8D-1A63B3CF6875}"
EndProject
Project("{FAE04EC0-301F-11D3-BF4B-00C04F79EFBC}") = "Notification.Contracts", "Services\Notification\src\Notification.Contracts\Notification.Contracts.csproj", "{CA261F09-E25F-4946-810B-ED663AA37856}"
EndProject
Project("{FAE04EC0-301F-11D3-BF4B-00C04F79EFBC}") = "Notification.Domain", "Services\Notification\src\Notification.Domain\Notification.Domain.csproj", "{CB458ABB-A283-4B23-8F38-237BA2BB0BB3}"
EndProject
Project("{FAE04EC0-301F-11D3-BF4B-00C04F79EFBC}") = "Notification.Application", "Services\Notification\src\Notification.Application\Notification.Application.csproj", "{455ECCE8-9B09-4728-AC2B-F388801CE30D}"
EndProject
Project("{FAE04EC0-301F-11D3-BF4B-00C04F79EFBC}") = "Notification.Infrastructure", "Services\Notification\src\Notification.Infrastructure\Notification.Infrastructure.csproj", "{A330281A-1E5F-4608-BB01-CFD1383DE26A}"
EndProject
Project("{FAE04EC0-301F-11D3-BF4B-00C04F79EFBC}") = "Notification.Api", "Services\Notification\src\Notification.Api\Notification.Api.csproj", "{B61A0684-D03A-4979-AF3D-28A58DDD7B16}"
EndProject
Project("{2150E333-8FDC-42A3-9474-1A3956D46DE8}") = "tests", "tests", "{428F4B99-902C-FC4B-8D32-09714F842F15}"
EndProject
Project("{FAE04EC0-301F-11D3-BF4B-00C04F79EFBC}") = "Notification.UnitTests", "Services\Notification\tests\Notification.UnitTests\Notification.UnitTests.csproj", "{E8E1AC8D-C7EF-4659-8A16-6404619631FA}"
EndProject
Project("{FAE04EC0-301F-11D3-BF4B-00C04F79EFBC}") = "Notification.IntegrationTests", "Services\Notification\tests\Notification.IntegrationTests\Notification.IntegrationTests.csproj", "{219A022A-8F06-4669-9CFB-796A05B68919}"
EndProject
Project("{2150E333-8FDC-42A3-9474-1A3956D46DE8}") = "Ordering", "Ordering", "{3BAACA43-EC64-C367-9FAA-9C38067293A8}"
EndProject
Project("{2150E333-8FDC-42A3-9474-1A3956D46DE8}") = "src", "src", "{3EDB9CFC-2382-5EF6-3E27-F6F32ED06D57}"
EndProject
Project("{FAE04EC0-301F-11D3-BF4B-00C04F79EFBC}") = "Ordering.Contracts", "Services\Ordering\src\Ordering.Contracts\Ordering.Contracts.csproj", "{277B7741-6E2C-407E-AF46-3732133B1823}"
EndProject
Project("{FAE04EC0-301F-11D3-BF4B-00C04F79EFBC}") = "Ordering.Domain", "Services\Ordering\src\Ordering.Domain\Ordering.Domain.csproj", "{A84BE89B-56BA-48C3-BE57-AEC0DDFC3B7C}"
EndProject
Project("{FAE04EC0-301F-11D3-BF4B-00C04F79EFBC}") = "Ordering.Application", "Services\Ordering\src\Ordering.Application\Ordering.Application.csproj", "{0A861A0C-AFF2-4125-82C1-7F3AC4FFED0C}"
EndProject
Project("{FAE04EC0-301F-11D3-BF4B-00C04F79EFBC}") = "Ordering.Infrastructure", "Services\Ordering\src\Ordering.Infrastructure\Ordering.Infrastructure.csproj", "{7B281CD3-44EB-4DE1-ADBF-D4BF6145E2DA}"
EndProject
Project("{FAE04EC0-301F-11D3-BF4B-00C04F79EFBC}") = "Ordering.Api", "Services\Ordering\src\Ordering.Api\Ordering.Api.csproj", "{BF1F4B56-0246-439C-8C37-731E59C084D9}"
EndProject
Project("{2150E333-8FDC-42A3-9474-1A3956D46DE8}") = "tests", "tests", "{A5051CE6-44C1-9EE0-BF75-53BEFDCE1024}"
EndProject
Project("{FAE04EC0-301F-11D3-BF4B-00C04F79EFBC}") = "Ordering.UnitTests", "Services\Ordering\tests\Ordering.UnitTests\Ordering.UnitTests.csproj", "{9674535E-A00B-405C-B49C-47905DC3250E}"
EndProject
Project("{FAE04EC0-301F-11D3-BF4B-00C04F79EFBC}") = "Ordering.IntegrationTests", "Services\Ordering\tests\Ordering.IntegrationTests\Ordering.IntegrationTests.csproj", "{1BAF0B08-CB8A-422E-8ACB-926BC1200AFB}"
EndProject
Project("{2150E333-8FDC-42A3-9474-1A3956D46DE8}") = "Payment", "Payment", "{714CC2AF-245C-D6B1-E117-A1157E62AF44}"
EndProject
Project("{2150E333-8FDC-42A3-9474-1A3956D46DE8}") = "src", "src", "{84B429E4-92AB-EF9B-D0A9-E0596A8BA24B}"
EndProject
Project("{FAE04EC0-301F-11D3-BF4B-00C04F79EFBC}") = "Payment.Contracts", "Services\Payment\src\Payment.Contracts\Payment.Contracts.csproj", "{06251A8F-77D5-4CF4-BF42-AFA2B2B5E4F3}"
EndProject
Project("{FAE04EC0-301F-11D3-BF4B-00C04F79EFBC}") = "Payment.Domain", "Services\Payment\src\Payment.Domain\Payment.Domain.csproj", "{6922C0C7-60FD-4E32-BAC8-933319586978}"
EndProject
Project("{FAE04EC0-301F-11D3-BF4B-00C04F79EFBC}") = "Payment.Application", "Services\Payment\src\Payment.Application\Payment.Application.csproj", "{6804B471-13A7-4B1A-9D4B-83B351BB21DA}"
EndProject
Project("{FAE04EC0-301F-11D3-BF4B-00C04F79EFBC}") = "Payment.Infrastructure", "Services\Payment\src\Payment.Infrastructure\Payment.Infrastructure.csproj", "{32FD81B4-3D4A-4131-B278-8ABBFED05436}"
EndProject
Project("{FAE04EC0-301F-11D3-BF4B-00C04F79EFBC}") = "Payment.Api", "Services\Payment\src\Payment.Api\Payment.Api.csproj", "{09C671F5-6C8E-4BFF-B9EB-C575A5FB31F1}"
EndProject
Project("{2150E333-8FDC-42A3-9474-1A3956D46DE8}") = "tests", "tests", "{963C4EC0-52C4-C2B9-F581-E5C5398D8597}"
EndProject
Project("{FAE04EC0-301F-11D3-BF4B-00C04F79EFBC}") = "Payment.UnitTests", "Services\Payment\tests\Payment.UnitTests\Payment.UnitTests.csproj", "{C0B580E6-0693-482E-B4D3-1D0C3BE16598}"
EndProject
Project("{FAE04EC0-301F-11D3-BF4B-00C04F79EFBC}") = "Payment.IntegrationTests", "Services\Payment\tests\Payment.IntegrationTests\Payment.IntegrationTests.csproj", "{7183D6BA-4061-4639-8163-EBE7FCF04EC1}"
EndProject
Project("{2150E333-8FDC-42A3-9474-1A3956D46DE8}") = "Seller", "Seller", "{BD9CB210-C24A-C4DF-6EC3-8E5038A44F8E}"
EndProject
Project("{2150E333-8FDC-42A3-9474-1A3956D46DE8}") = "src", "src", "{99F9B92C-46AA-9B9C-5F48-BCAB3B2FEC3E}"
EndProject
Project("{FAE04EC0-301F-11D3-BF4B-00C04F79EFBC}") = "Seller.Contracts", "Services\Seller\src\Seller.Contracts\Seller.Contracts.csproj", "{20CDDB26-96D4-4E7C-A4C5-9523C51CFEB1}"
EndProject
Project("{FAE04EC0-301F-11D3-BF4B-00C04F79EFBC}") = "Seller.Domain", "Services\Seller\src\Seller.Domain\Seller.Domain.csproj", "{077CEAD9-86D4-46C7-B232-E7DB1B1A2E5C}"
EndProject
Project("{FAE04EC0-301F-11D3-BF4B-00C04F79EFBC}") = "Seller.Application", "Services\Seller\src\Seller.Application\Seller.Application.csproj", "{F39DE39A-EF23-4E48-8C83-0D21F70A72C2}"
EndProject
Project("{FAE04EC0-301F-11D3-BF4B-00C04F79EFBC}") = "Seller.Infrastructure", "Services\Seller\src\Seller.Infrastructure\Seller.Infrastructure.csproj", "{78B433C5-E7C6-488A-B636-65B84F96C9ED}"
EndProject
Project("{FAE04EC0-301F-11D3-BF4B-00C04F79EFBC}") = "Seller.Api", "Services\Seller\src\Seller.Api\Seller.Api.csproj", "{6DDE7EE4-EEDA-42C8-B0E2-E71AD3FCBA4D}"
EndProject
Project("{2150E333-8FDC-42A3-9474-1A3956D46DE8}") = "tests", "tests", "{39892EF1-CCD5-443B-906B-10608802F8EA}"
EndProject
Project("{FAE04EC0-301F-11D3-BF4B-00C04F79EFBC}") = "Seller.UnitTests", "Services\Seller\tests\Seller.UnitTests\Seller.UnitTests.csproj", "{75EAE988-796A-44DA-934A-B392B3E9B983}"
EndProject
Project("{FAE04EC0-301F-11D3-BF4B-00C04F79EFBC}") = "Seller.IntegrationTests", "Services\Seller\tests\Seller.IntegrationTests\Seller.IntegrationTests.csproj", "{20077295-4346-4F08-B04C-14BB0C4A5771}"
EndProject
Global
	GlobalSection(SolutionConfigurationPlatforms) = preSolution
		Debug|Any CPU = Debug|Any CPU
		Debug|x64 = Debug|x64
		Debug|x86 = Debug|x86
		Release|Any CPU = Release|Any CPU
		Release|x64 = Release|x64
		Release|x86 = Release|x86
	EndGlobalSection
	GlobalSection(ProjectConfigurationPlatforms) = postSolution
		{41C46A99-52C8-4709-84F9-283716C06B7E}.Debug|Any CPU.ActiveCfg = Debug|Any CPU
		{41C46A99-52C8-4709-84F9-283716C06B7E}.Debug|Any CPU.Build.0 = Debug|Any CPU
		{41C46A99-52C8-4709-84F9-283716C06B7E}.Debug|x64.ActiveCfg = Debug|Any CPU
		{41C46A99-52C8-4709-84F9-283716C06B7E}.Debug|x64.Build.0 = Debug|Any CPU
		{41C46A99-52C8-4709-84F9-283716C06B7E}.Debug|x86.ActiveCfg = Debug|Any CPU
		{41C46A99-52C8-4709-84F9-283716C06B7E}.Debug|x86.Build.0 = Debug|Any CPU
		{41C46A99-52C8-4709-84F9-283716C06B7E}.Release|Any CPU.ActiveCfg = Release|Any CPU
		{41C46A99-52C8-4709-84F9-283716C06B7E}.Release|Any CPU.Build.0 = Release|Any CPU
		{41C46A99-52C8-4709-84F9-283716C06B7E}.Release|x64.ActiveCfg = Release|Any CPU
		{41C46A99-52C8-4709-84F9-283716C06B7E}.Release|x64.Build.0 = Release|Any CPU
		{41C46A99-52C8-4709-84F9-283716C06B7E}.Release|x86.ActiveCfg = Release|Any CPU
		{41C46A99-52C8-4709-84F9-283716C06B7E}.Release|x86.Build.0 = Release|Any CPU
		{1E0C1644-519B-4017-BEE4-4EC6C939155C}.Debug|Any CPU.ActiveCfg = Debug|Any CPU
		{1E0C1644-519B-4017-BEE4-4EC6C939155C}.Debug|Any CPU.Build.0 = Debug|Any CPU
		{1E0C1644-519B-4017-BEE4-4EC6C939155C}.Debug|x64.ActiveCfg = Debug|Any CPU
		{1E0C1644-519B-4017-BEE4-4EC6C939155C}.Debug|x64.Build.0 = Debug|Any CPU
		{1E0C1644-519B-4017-BEE4-4EC6C939155C}.Debug|x86.ActiveCfg = Debug|Any CPU
		{1E0C1644-519B-4017-BEE4-4EC6C939155C}.Debug|x86.Build.0 = Debug|Any CPU
		{1E0C1644-519B-4017-BEE4-4EC6C939155C}.Release|Any CPU.ActiveCfg = Release|Any CPU
		{1E0C1644-519B-4017-BEE4-4EC6C939155C}.Release|Any CPU.Build.0 = Release|Any CPU
		{1E0C1644-519B-4017-BEE4-4EC6C939155C}.Release|x64.ActiveCfg = Release|Any CPU
		{1E0C1644-519B-4017-BEE4-4EC6C939155C}.Release|x64.Build.0 = Release|Any CPU
		{1E0C1644-519B-4017-BEE4-4EC6C939155C}.Release|x86.ActiveCfg = Release|Any CPU
		{1E0C1644-519B-4017-BEE4-4EC6C939155C}.Release|x86.Build.0 = Release|Any CPU
		{86782BF2-E6FE-4650-AD02-B1B4777BAD41}.Debug|Any CPU.ActiveCfg = Debug|Any CPU
		{86782BF2-E6FE-4650-AD02-B1B4777BAD41}.Debug|Any CPU.Build.0 = Debug|Any CPU
		{86782BF2-E6FE-4650-AD02-B1B4777BAD41}.Debug|x64.ActiveCfg = Debug|Any CPU
		{86782BF2-E6FE-4650-AD02-B1B4777BAD41}.Debug|x64.Build.0 = Debug|Any CPU
		{86782BF2-E6FE-4650-AD02-B1B4777BAD41}.Debug|x86.ActiveCfg = Debug|Any CPU
		{86782BF2-E6FE-4650-AD02-B1B4777BAD41}.Debug|x86.Build.0 = Debug|Any CPU
		{86782BF2-E6FE-4650-AD02-B1B4777BAD41}.Release|Any CPU.ActiveCfg = Release|Any CPU
		{86782BF2-E6FE-4650-AD02-B1B4777BAD41}.Release|Any CPU.Build.0 = Release|Any CPU
		{86782BF2-E6FE-4650-AD02-B1B4777BAD41}.Release|x64.ActiveCfg = Release|Any CPU
		{86782BF2-E6FE-4650-AD02-B1B4777BAD41}.Release|x64.Build.0 = Release|Any CPU
		{86782BF2-E6FE-4650-AD02-B1B4777BAD41}.Release|x86.ActiveCfg = Release|Any CPU
		{86782BF2-E6FE-4650-AD02-B1B4777BAD41}.Release|x86.Build.0 = Release|Any CPU
		{F7A39049-63C2-47E6-B4D8-E7F53C81E042}.Debug|Any CPU.ActiveCfg = Debug|Any CPU
		{F7A39049-63C2-47E6-B4D8-E7F53C81E042}.Debug|Any CPU.Build.0 = Debug|Any CPU
		{F7A39049-63C2-47E6-B4D8-E7F53C81E042}.Debug|x64.ActiveCfg = Debug|Any CPU
		{F7A39049-63C2-47E6-B4D8-E7F53C81E042}.Debug|x64.Build.0 = Debug|Any CPU
		{F7A39049-63C2-47E6-B4D8-E7F53C81E042}.Debug|x86.ActiveCfg = Debug|Any CPU
		{F7A39049-63C2-47E6-B4D8-E7F53C81E042}.Debug|x86.Build.0 = Debug|Any CPU
		{F7A39049-63C2-47E6-B4D8-E7F53C81E042}.Release|Any CPU.ActiveCfg = Release|Any CPU
		{F7A39049-63C2-47E6-B4D8-E7F53C81E042}.Release|Any CPU.Build.0 = Release|Any CPU
		{F7A39049-63C2-47E6-B4D8-E7F53C81E042}.Release|x64.ActiveCfg = Release|Any CPU
		{F7A39049-63C2-47E6-B4D8-E7F53C81E042}.Release|x64.Build.0 = Release|Any CPU
		{F7A39049-63C2-47E6-B4D8-E7F53C81E042}.Release|x86.ActiveCfg = Release|Any CPU
		{F7A39049-63C2-47E6-B4D8-E7F53C81E042}.Release|x86.Build.0 = Release|Any CPU
		{BB402270-092C-45AA-8CE6-376E693032D2}.Debug|Any CPU.ActiveCfg = Debug|Any CPU
		{BB402270-092C-45AA-8CE6-376E693032D2}.Debug|Any CPU.Build.0 = Debug|Any CPU
		{BB402270-092C-45AA-8CE6-376E693032D2}.Debug|x64.ActiveCfg = Debug|Any CPU
		{BB402270-092C-45AA-8CE6-376E693032D2}.Debug|x64.Build.0 = Debug|Any CPU
		{BB402270-092C-45AA-8CE6-376E693032D2}.Debug|x86.ActiveCfg = Debug|Any CPU
		{BB402270-092C-45AA-8CE6-376E693032D2}.Debug|x86.Build.0 = Debug|Any CPU
		{BB402270-092C-45AA-8CE6-376E693032D2}.Release|Any CPU.ActiveCfg = Release|Any CPU
		{BB402270-092C-45AA-8CE6-376E693032D2}.Release|Any CPU.Build.0 = Release|Any CPU
		{BB402270-092C-45AA-8CE6-376E693032D2}.Release|x64.ActiveCfg = Release|Any CPU
		{BB402270-092C-45AA-8CE6-376E693032D2}.Release|x64.Build.0 = Release|Any CPU
		{BB402270-092C-45AA-8CE6-376E693032D2}.Release|x86.ActiveCfg = Release|Any CPU
		{BB402270-092C-45AA-8CE6-376E693032D2}.Release|x86.Build.0 = Release|Any CPU
		{010F5FC6-AE10-49CD-BD62-CC72A2F7BE14}.Debug|Any CPU.ActiveCfg = Debug|Any CPU
		{010F5FC6-AE10-49CD-BD62-CC72A2F7BE14}.Debug|Any CPU.Build.0 = Debug|Any CPU
		{010F5FC6-AE10-49CD-BD62-CC72A2F7BE14}.Debug|x64.ActiveCfg = Debug|Any CPU
		{010F5FC6-AE10-49CD-BD62-CC72A2F7BE14}.Debug|x64.Build.0 = Debug|Any CPU
		{010F5FC6-AE10-49CD-BD62-CC72A2F7BE14}.Debug|x86.ActiveCfg = Debug|Any CPU
		{010F5FC6-AE10-49CD-BD62-CC72A2F7BE14}.Debug|x86.Build.0 = Debug|Any CPU
		{010F5FC6-AE10-49CD-BD62-CC72A2F7BE14}.Release|Any CPU.ActiveCfg = Release|Any CPU
		{010F5FC6-AE10-49CD-BD62-CC72A2F7BE14}.Release|Any CPU.Build.0 = Release|Any CPU
		{010F5FC6-AE10-49CD-BD62-CC72A2F7BE14}.Release|x64.ActiveCfg = Release|Any CPU
		{010F5FC6-AE10-49CD-BD62-CC72A2F7BE14}.Release|x64.Build.0 = Release|Any CPU
		{010F5FC6-AE10-49CD-BD62-CC72A2F7BE14}.Release|x86.ActiveCfg = Release|Any CPU
		{010F5FC6-AE10-49CD-BD62-CC72A2F7BE14}.Release|x86.Build.0 = Release|Any CPU
		{74A1F1E9-A051-4330-A6D4-8DDA599F8F28}.Debug|Any CPU.ActiveCfg = Debug|Any CPU
		{74A1F1E9-A051-4330-A6D4-8DDA599F8F28}.Debug|Any CPU.Build.0 = Debug|Any CPU
		{74A1F1E9-A051-4330-A6D4-8DDA599F8F28}.Debug|x64.ActiveCfg = Debug|Any CPU
		{74A1F1E9-A051-4330-A6D4-8DDA599F8F28}.Debug|x64.Build.0 = Debug|Any CPU
		{74A1F1E9-A051-4330-A6D4-8DDA599F8F28}.Debug|x86.ActiveCfg = Debug|Any CPU
		{74A1F1E9-A051-4330-A6D4-8DDA599F8F28}.Debug|x86.Build.0 = Debug|Any CPU
		{74A1F1E9-A051-4330-A6D4-8DDA599F8F28}.Release|Any CPU.ActiveCfg = Release|Any CPU
		{74A1F1E9-A051-4330-A6D4-8DDA599F8F28}.Release|Any CPU.Build.0 = Release|Any CPU
		{74A1F1E9-A051-4330-A6D4-8DDA599F8F28}.Release|x64.ActiveCfg = Release|Any CPU
		{74A1F1E9-A051-4330-A6D4-8DDA599F8F28}.Release|x64.Build.0 = Release|Any CPU
		{74A1F1E9-A051-4330-A6D4-8DDA599F8F28}.Release|x86.ActiveCfg = Release|Any CPU
		{74A1F1E9-A051-4330-A6D4-8DDA599F8F28}.Release|x86.Build.0 = Release|Any CPU
		{7A04E475-542E-4FD0-BDAD-3629381274B3}.Debug|Any CPU.ActiveCfg = Debug|Any CPU
		{7A04E475-542E-4FD0-BDAD-3629381274B3}.Debug|Any CPU.Build.0 = Debug|Any CPU
		{7A04E475-542E-4FD0-BDAD-3629381274B3}.Debug|x64.ActiveCfg = Debug|Any CPU
		{7A04E475-542E-4FD0-BDAD-3629381274B3}.Debug|x64.Build.0 = Debug|Any CPU
		{7A04E475-542E-4FD0-BDAD-3629381274B3}.Debug|x86.ActiveCfg = Debug|Any CPU
		{7A04E475-542E-4FD0-BDAD-3629381274B3}.Debug|x86.Build.0 = Debug|Any CPU
		{7A04E475-542E-4FD0-BDAD-3629381274B3}.Release|Any CPU.ActiveCfg = Release|Any CPU
		{7A04E475-542E-4FD0-BDAD-3629381274B3}.Release|Any CPU.Build.0 = Release|Any CPU
		{7A04E475-542E-4FD0-BDAD-3629381274B3}.Release|x64.ActiveCfg = Release|Any CPU
		{7A04E475-542E-4FD0-BDAD-3629381274B3}.Release|x64.Build.0 = Release|Any CPU
		{7A04E475-542E-4FD0-BDAD-3629381274B3}.Release|x86.ActiveCfg = Release|Any CPU
		{7A04E475-542E-4FD0-BDAD-3629381274B3}.Release|x86.Build.0 = Release|Any CPU
		{4779A334-0667-4BFC-B9A3-908D64450C3E}.Debug|Any CPU.ActiveCfg = Debug|Any CPU
		{4779A334-0667-4BFC-B9A3-908D64450C3E}.Debug|Any CPU.Build.0 = Debug|Any CPU
		{4779A334-0667-4BFC-B9A3-908D64450C3E}.Debug|x64.ActiveCfg = Debug|Any CPU
		{4779A334-0667-4BFC-B9A3-908D64450C3E}.Debug|x64.Build.0 = Debug|Any CPU
		{4779A334-0667-4BFC-B9A3-908D64450C3E}.Debug|x86.ActiveCfg = Debug|Any CPU
		{4779A334-0667-4BFC-B9A3-908D64450C3E}.Debug|x86.Build.0 = Debug|Any CPU
		{4779A334-0667-4BFC-B9A3-908D64450C3E}.Release|Any CPU.ActiveCfg = Release|Any CPU
		{4779A334-0667-4BFC-B9A3-908D64450C3E}.Release|Any CPU.Build.0 = Release|Any CPU
		{4779A334-0667-4BFC-B9A3-908D64450C3E}.Release|x64.ActiveCfg = Release|Any CPU
		{4779A334-0667-4BFC-B9A3-908D64450C3E}.Release|x64.Build.0 = Release|Any CPU
		{4779A334-0667-4BFC-B9A3-908D64450C3E}.Release|x86.ActiveCfg = Release|Any CPU
		{4779A334-0667-4BFC-B9A3-908D64450C3E}.Release|x86.Build.0 = Release|Any CPU
		{F7C14C72-30AA-42DA-87D4-D7B0F00D2D75}.Debug|Any CPU.ActiveCfg = Debug|Any CPU
		{F7C14C72-30AA-42DA-87D4-D7B0F00D2D75}.Debug|Any CPU.Build.0 = Debug|Any CPU
		{F7C14C72-30AA-42DA-87D4-D7B0F00D2D75}.Debug|x64.ActiveCfg = Debug|Any CPU
		{F7C14C72-30AA-42DA-87D4-D7B0F00D2D75}.Debug|x64.Build.0 = Debug|Any CPU
		{F7C14C72-30AA-42DA-87D4-D7B0F00D2D75}.Debug|x86.ActiveCfg = Debug|Any CPU
		{F7C14C72-30AA-42DA-87D4-D7B0F00D2D75}.Debug|x86.Build.0 = Debug|Any CPU
		{F7C14C72-30AA-42DA-87D4-D7B0F00D2D75}.Release|Any CPU.ActiveCfg = Release|Any CPU
		{F7C14C72-30AA-42DA-87D4-D7B0F00D2D75}.Release|Any CPU.Build.0 = Release|Any CPU
		{F7C14C72-30AA-42DA-87D4-D7B0F00D2D75}.Release|x64.ActiveCfg = Release|Any CPU
		{F7C14C72-30AA-42DA-87D4-D7B0F00D2D75}.Release|x64.Build.0 = Release|Any CPU
		{F7C14C72-30AA-42DA-87D4-D7B0F00D2D75}.Release|x86.ActiveCfg = Release|Any CPU
		{F7C14C72-30AA-42DA-87D4-D7B0F00D2D75}.Release|x86.Build.0 = Release|Any CPU
		{E49DFF0E-B82D-4D98-AF51-C7F49C72B1E8}.Debug|Any CPU.ActiveCfg = Debug|Any CPU
		{E49DFF0E-B82D-4D98-AF51-C7F49C72B1E8}.Debug|Any CPU.Build.0 = Debug|Any CPU
		{E49DFF0E-B82D-4D98-AF51-C7F49C72B1E8}.Debug|x64.ActiveCfg = Debug|Any CPU
		{E49DFF0E-B82D-4D98-AF51-C7F49C72B1E8}.Debug|x64.Build.0 = Debug|Any CPU
		{E49DFF0E-B82D-4D98-AF51-C7F49C72B1E8}.Debug|x86.ActiveCfg = Debug|Any CPU
		{E49DFF0E-B82D-4D98-AF51-C7F49C72B1E8}.Debug|x86.Build.0 = Debug|Any CPU
		{E49DFF0E-B82D-4D98-AF51-C7F49C72B1E8}.Release|Any CPU.ActiveCfg = Release|Any CPU
		{E49DFF0E-B82D-4D98-AF51-C7F49C72B1E8}.Release|Any CPU.Build.0 = Release|Any CPU
		{E49DFF0E-B82D-4D98-AF51-C7F49C72B1E8}.Release|x64.ActiveCfg = Release|Any CPU
		{E49DFF0E-B82D-4D98-AF51-C7F49C72B1E8}.Release|x64.Build.0 = Release|Any CPU
		{E49DFF0E-B82D-4D98-AF51-C7F49C72B1E8}.Release|x86.ActiveCfg = Release|Any CPU
		{E49DFF0E-B82D-4D98-AF51-C7F49C72B1E8}.Release|x86.Build.0 = Release|Any CPU
		{7155216E-2CF7-4D3F-A589-C7B0BD58A0FD}.Debug|Any CPU.ActiveCfg = Debug|Any CPU
		{7155216E-2CF7-4D3F-A589-C7B0BD58A0FD}.Debug|Any CPU.Build.0 = Debug|Any CPU
		{7155216E-2CF7-4D3F-A589-C7B0BD58A0FD}.Debug|x64.ActiveCfg = Debug|Any CPU
		{7155216E-2CF7-4D3F-A589-C7B0BD58A0FD}.Debug|x64.Build.0 = Debug|Any CPU
		{7155216E-2CF7-4D3F-A589-C7B0BD58A0FD}.Debug|x86.ActiveCfg = Debug|Any CPU
		{7155216E-2CF7-4D3F-A589-C7B0BD58A0FD}.Debug|x86.Build.0 = Debug|Any CPU
		{7155216E-2CF7-4D3F-A589-C7B0BD58A0FD}.Release|Any CPU.ActiveCfg = Release|Any CPU
		{7155216E-2CF7-4D3F-A589-C7B0BD58A0FD}.Release|Any CPU.Build.0 = Release|Any CPU
		{7155216E-2CF7-4D3F-A589-C7B0BD58A0FD}.Release|x64.ActiveCfg = Release|Any CPU
		{7155216E-2CF7-4D3F-A589-C7B0BD58A0FD}.Release|x64.Build.0 = Release|Any CPU
		{7155216E-2CF7-4D3F-A589-C7B0BD58A0FD}.Release|x86.ActiveCfg = Release|Any CPU
		{7155216E-2CF7-4D3F-A589-C7B0BD58A0FD}.Release|x86.Build.0 = Release|Any CPU
		{16C25879-7E06-4A64-9727-7D0317E1A70E}.Debug|Any CPU.ActiveCfg = Debug|Any CPU
		{16C25879-7E06-4A64-9727-7D0317E1A70E}.Debug|Any CPU.Build.0 = Debug|Any CPU
		{16C25879-7E06-4A64-9727-7D0317E1A70E}.Debug|x64.ActiveCfg = Debug|Any CPU
		{16C25879-7E06-4A64-9727-7D0317E1A70E}.Debug|x64.Build.0 = Debug|Any CPU
		{16C25879-7E06-4A64-9727-7D0317E1A70E}.Debug|x86.ActiveCfg = Debug|Any CPU
		{16C25879-7E06-4A64-9727-7D0317E1A70E}.Debug|x86.Build.0 = Debug|Any CPU
		{16C25879-7E06-4A64-9727-7D0317E1A70E}.Release|Any CPU.ActiveCfg = Release|Any CPU
		{16C25879-7E06-4A64-9727-7D0317E1A70E}.Release|Any CPU.Build.0 = Release|Any CPU
		{16C25879-7E06-4A64-9727-7D0317E1A70E}.Release|x64.ActiveCfg = Release|Any CPU
		{16C25879-7E06-4A64-9727-7D0317E1A70E}.Release|x64.Build.0 = Release|Any CPU
		{16C25879-7E06-4A64-9727-7D0317E1A70E}.Release|x86.ActiveCfg = Release|Any CPU
		{16C25879-7E06-4A64-9727-7D0317E1A70E}.Release|x86.Build.0 = Release|Any CPU
		{3F2FBE97-CEEA-4679-AC5F-6056BB86D1E3}.Debug|Any CPU.ActiveCfg = Debug|Any CPU
		{3F2FBE97-CEEA-4679-AC5F-6056BB86D1E3}.Debug|Any CPU.Build.0 = Debug|Any CPU
		{3F2FBE97-CEEA-4679-AC5F-6056BB86D1E3}.Debug|x64.ActiveCfg = Debug|Any CPU
		{3F2FBE97-CEEA-4679-AC5F-6056BB86D1E3}.Debug|x64.Build.0 = Debug|Any CPU
		{3F2FBE97-CEEA-4679-AC5F-6056BB86D1E3}.Debug|x86.ActiveCfg = Debug|Any CPU
		{3F2FBE97-CEEA-4679-AC5F-6056BB86D1E3}.Debug|x86.Build.0 = Debug|Any CPU
		{3F2FBE97-CEEA-4679-AC5F-6056BB86D1E3}.Release|Any CPU.ActiveCfg = Release|Any CPU
		{3F2FBE97-CEEA-4679-AC5F-6056BB86D1E3}.Release|Any CPU.Build.0 = Release|Any CPU
		{3F2FBE97-CEEA-4679-AC5F-6056BB86D1E3}.Release|x64.ActiveCfg = Release|Any CPU
		{3F2FBE97-CEEA-4679-AC5F-6056BB86D1E3}.Release|x64.Build.0 = Release|Any CPU
		{3F2FBE97-CEEA-4679-AC5F-6056BB86D1E3}.Release|x86.ActiveCfg = Release|Any CPU
		{3F2FBE97-CEEA-4679-AC5F-6056BB86D1E3}.Release|x86.Build.0 = Release|Any CPU
		{380496B7-06C1-451C-BD9F-64CF63102764}.Debug|Any CPU.ActiveCfg = Debug|Any CPU
		{380496B7-06C1-451C-BD9F-64CF63102764}.Debug|Any CPU.Build.0 = Debug|Any CPU
		{380496B7-06C1-451C-BD9F-64CF63102764}.Debug|x64.ActiveCfg = Debug|Any CPU
		{380496B7-06C1-451C-BD9F-64CF63102764}.Debug|x64.Build.0 = Debug|Any CPU
		{380496B7-06C1-451C-BD9F-64CF63102764}.Debug|x86.ActiveCfg = Debug|Any CPU
		{380496B7-06C1-451C-BD9F-64CF63102764}.Debug|x86.Build.0 = Debug|Any CPU
		{380496B7-06C1-451C-BD9F-64CF63102764}.Release|Any CPU.ActiveCfg = Release|Any CPU
		{380496B7-06C1-451C-BD9F-64CF63102764}.Release|Any CPU.Build.0 = Release|Any CPU
		{380496B7-06C1-451C-BD9F-64CF63102764}.Release|x64.ActiveCfg = Release|Any CPU
		{380496B7-06C1-451C-BD9F-64CF63102764}.Release|x64.Build.0 = Release|Any CPU
		{380496B7-06C1-451C-BD9F-64CF63102764}.Release|x86.ActiveCfg = Release|Any CPU
		{380496B7-06C1-451C-BD9F-64CF63102764}.Release|x86.Build.0 = Release|Any CPU
		{0DE02F28-3B65-4656-AB37-F4EDFEEEB7B8}.Debug|Any CPU.ActiveCfg = Debug|Any CPU
		{0DE02F28-3B65-4656-AB37-F4EDFEEEB7B8}.Debug|Any CPU.Build.0 = Debug|Any CPU
		{0DE02F28-3B65-4656-AB37-F4EDFEEEB7B8}.Debug|x64.ActiveCfg = Debug|Any CPU
		{0DE02F28-3B65-4656-AB37-F4EDFEEEB7B8}.Debug|x64.Build.0 = Debug|Any CPU
		{0DE02F28-3B65-4656-AB37-F4EDFEEEB7B8}.Debug|x86.ActiveCfg = Debug|Any CPU
		{0DE02F28-3B65-4656-AB37-F4EDFEEEB7B8}.Debug|x86.Build.0 = Debug|Any CPU
		{0DE02F28-3B65-4656-AB37-F4EDFEEEB7B8}.Release|Any CPU.ActiveCfg = Release|Any CPU
		{0DE02F28-3B65-4656-AB37-F4EDFEEEB7B8}.Release|Any CPU.Build.0 = Release|Any CPU
		{0DE02F28-3B65-4656-AB37-F4EDFEEEB7B8}.Release|x64.ActiveCfg = Release|Any CPU
		{0DE02F28-3B65-4656-AB37-F4EDFEEEB7B8}.Release|x64.Build.0 = Release|Any CPU
		{0DE02F28-3B65-4656-AB37-F4EDFEEEB7B8}.Release|x86.ActiveCfg = Release|Any CPU
		{0DE02F28-3B65-4656-AB37-F4EDFEEEB7B8}.Release|x86.Build.0 = Release|Any CPU
		{BFD75DB5-A667-4030-958E-BF54E60D3DA3}.Debug|Any CPU.ActiveCfg = Debug|Any CPU
		{BFD75DB5-A667-4030-958E-BF54E60D3DA3}.Debug|Any CPU.Build.0 = Debug|Any CPU
		{BFD75DB5-A667-4030-958E-BF54E60D3DA3}.Debug|x64.ActiveCfg = Debug|Any CPU
		{BFD75DB5-A667-4030-958E-BF54E60D3DA3}.Debug|x64.Build.0 = Debug|Any CPU
		{BFD75DB5-A667-4030-958E-BF54E60D3DA3}.Debug|x86.ActiveCfg = Debug|Any CPU
		{BFD75DB5-A667-4030-958E-BF54E60D3DA3}.Debug|x86.Build.0 = Debug|Any CPU
		{BFD75DB5-A667-4030-958E-BF54E60D3DA3}.Release|Any CPU.ActiveCfg = Release|Any CPU
		{BFD75DB5-A667-4030-958E-BF54E60D3DA3}.Release|Any CPU.Build.0 = Release|Any CPU
		{BFD75DB5-A667-4030-958E-BF54E60D3DA3}.Release|x64.ActiveCfg = Release|Any CPU
		{BFD75DB5-A667-4030-958E-BF54E60D3DA3}.Release|x64.Build.0 = Release|Any CPU
		{BFD75DB5-A667-4030-958E-BF54E60D3DA3}.Release|x86.ActiveCfg = Release|Any CPU
		{BFD75DB5-A667-4030-958E-BF54E60D3DA3}.Release|x86.Build.0 = Release|Any CPU
		{859082DF-2D4C-4D67-A0A3-12702CFC7FFB}.Debug|Any CPU.ActiveCfg = Debug|Any CPU
		{859082DF-2D4C-4D67-A0A3-12702CFC7FFB}.Debug|Any CPU.Build.0 = Debug|Any CPU
		{859082DF-2D4C-4D67-A0A3-12702CFC7FFB}.Debug|x64.ActiveCfg = Debug|Any CPU
		{859082DF-2D4C-4D67-A0A3-12702CFC7FFB}.Debug|x64.Build.0 = Debug|Any CPU
		{859082DF-2D4C-4D67-A0A3-12702CFC7FFB}.Debug|x86.ActiveCfg = Debug|Any CPU
		{859082DF-2D4C-4D67-A0A3-12702CFC7FFB}.Debug|x86.Build.0 = Debug|Any CPU
		{859082DF-2D4C-4D67-A0A3-12702CFC7FFB}.Release|Any CPU.ActiveCfg = Release|Any CPU
		{859082DF-2D4C-4D67-A0A3-12702CFC7FFB}.Release|Any CPU.Build.0 = Release|Any CPU
		{859082DF-2D4C-4D67-A0A3-12702CFC7FFB}.Release|x64.ActiveCfg = Release|Any CPU
		{859082DF-2D4C-4D67-A0A3-12702CFC7FFB}.Release|x64.Build.0 = Release|Any CPU
		{859082DF-2D4C-4D67-A0A3-12702CFC7FFB}.Release|x86.ActiveCfg = Release|Any CPU
		{859082DF-2D4C-4D67-A0A3-12702CFC7FFB}.Release|x86.Build.0 = Release|Any CPU
		{C815A1F6-AA4F-423C-A684-32F440CC2DDF}.Debug|Any CPU.ActiveCfg = Debug|Any CPU
		{C815A1F6-AA4F-423C-A684-32F440CC2DDF}.Debug|Any CPU.Build.0 = Debug|Any CPU
		{C815A1F6-AA4F-423C-A684-32F440CC2DDF}.Debug|x64.ActiveCfg = Debug|Any CPU
		{C815A1F6-AA4F-423C-A684-32F440CC2DDF}.Debug|x64.Build.0 = Debug|Any CPU
		{C815A1F6-AA4F-423C-A684-32F440CC2DDF}.Debug|x86.ActiveCfg = Debug|Any CPU
		{C815A1F6-AA4F-423C-A684-32F440CC2DDF}.Debug|x86.Build.0 = Debug|Any CPU
		{C815A1F6-AA4F-423C-A684-32F440CC2DDF}.Release|Any CPU.ActiveCfg = Release|Any CPU
		{C815A1F6-AA4F-423C-A684-32F440CC2DDF}.Release|Any CPU.Build.0 = Release|Any CPU
		{C815A1F6-AA4F-423C-A684-32F440CC2DDF}.Release|x64.ActiveCfg = Release|Any CPU
		{C815A1F6-AA4F-423C-A684-32F440CC2DDF}.Release|x64.Build.0 = Release|Any CPU
		{C815A1F6-AA4F-423C-A684-32F440CC2DDF}.Release|x86.ActiveCfg = Release|Any CPU
		{C815A1F6-AA4F-423C-A684-32F440CC2DDF}.Release|x86.Build.0 = Release|Any CPU
		{8EA57796-8714-4236-A73B-9268DFC3994F}.Debug|Any CPU.ActiveCfg = Debug|Any CPU
		{8EA57796-8714-4236-A73B-9268DFC3994F}.Debug|Any CPU.Build.0 = Debug|Any CPU
		{8EA57796-8714-4236-A73B-9268DFC3994F}.Debug|x64.ActiveCfg = Debug|Any CPU
		{8EA57796-8714-4236-A73B-9268DFC3994F}.Debug|x64.Build.0 = Debug|Any CPU
		{8EA57796-8714-4236-A73B-9268DFC3994F}.Debug|x86.ActiveCfg = Debug|Any CPU
		{8EA57796-8714-4236-A73B-9268DFC3994F}.Debug|x86.Build.0 = Debug|Any CPU
		{8EA57796-8714-4236-A73B-9268DFC3994F}.Release|Any CPU.ActiveCfg = Release|Any CPU
		{8EA57796-8714-4236-A73B-9268DFC3994F}.Release|Any CPU.Build.0 = Release|Any CPU
		{8EA57796-8714-4236-A73B-9268DFC3994F}.Release|x64.ActiveCfg = Release|Any CPU
		{8EA57796-8714-4236-A73B-9268DFC3994F}.Release|x64.Build.0 = Release|Any CPU
		{8EA57796-8714-4236-A73B-9268DFC3994F}.Release|x86.ActiveCfg = Release|Any CPU
		{8EA57796-8714-4236-A73B-9268DFC3994F}.Release|x86.Build.0 = Release|Any CPU
		{802BF5E5-4F5C-4DAD-9258-C6BC9BAF7B8C}.Debug|Any CPU.ActiveCfg = Debug|Any CPU
		{802BF5E5-4F5C-4DAD-9258-C6BC9BAF7B8C}.Debug|Any CPU.Build.0 = Debug|Any CPU
		{802BF5E5-4F5C-4DAD-9258-C6BC9BAF7B8C}.Debug|x64.ActiveCfg = Debug|Any CPU
		{802BF5E5-4F5C-4DAD-9258-C6BC9BAF7B8C}.Debug|x64.Build.0 = Debug|Any CPU
		{802BF5E5-4F5C-4DAD-9258-C6BC9BAF7B8C}.Debug|x86.ActiveCfg = Debug|Any CPU
		{802BF5E5-4F5C-4DAD-9258-C6BC9BAF7B8C}.Debug|x86.Build.0 = Debug|Any CPU
		{802BF5E5-4F5C-4DAD-9258-C6BC9BAF7B8C}.Release|Any CPU.ActiveCfg = Release|Any CPU
		{802BF5E5-4F5C-4DAD-9258-C6BC9BAF7B8C}.Release|Any CPU.Build.0 = Release|Any CPU
		{802BF5E5-4F5C-4DAD-9258-C6BC9BAF7B8C}.Release|x64.ActiveCfg = Release|Any CPU
		{802BF5E5-4F5C-4DAD-9258-C6BC9BAF7B8C}.Release|x64.Build.0 = Release|Any CPU
		{802BF5E5-4F5C-4DAD-9258-C6BC9BAF7B8C}.Release|x86.ActiveCfg = Release|Any CPU
		{802BF5E5-4F5C-4DAD-9258-C6BC9BAF7B8C}.Release|x86.Build.0 = Release|Any CPU
		{22F1CBA1-AF26-4254-A735-A66575DFFCE4}.Debug|Any CPU.ActiveCfg = Debug|Any CPU
		{22F1CBA1-AF26-4254-A735-A66575DFFCE4}.Debug|Any CPU.Build.0 = Debug|Any CPU
		{22F1CBA1-AF26-4254-A735-A66575DFFCE4}.Debug|x64.ActiveCfg = Debug|Any CPU
		{22F1CBA1-AF26-4254-A735-A66575DFFCE4}.Debug|x64.Build.0 = Debug|Any CPU
		{22F1CBA1-AF26-4254-A735-A66575DFFCE4}.Debug|x86.ActiveCfg = Debug|Any CPU
		{22F1CBA1-AF26-4254-A735-A66575DFFCE4}.Debug|x86.Build.0 = Debug|Any CPU
		{22F1CBA1-AF26-4254-A735-A66575DFFCE4}.Release|Any CPU.ActiveCfg = Release|Any CPU
		{22F1CBA1-AF26-4254-A735-A66575DFFCE4}.Release|Any CPU.Build.0 = Release|Any CPU
		{22F1CBA1-AF26-4254-A735-A66575DFFCE4}.Release|x64.ActiveCfg = Release|Any CPU
		{22F1CBA1-AF26-4254-A735-A66575DFFCE4}.Release|x64.Build.0 = Release|Any CPU
		{22F1CBA1-AF26-4254-A735-A66575DFFCE4}.Release|x86.ActiveCfg = Release|Any CPU
		{22F1CBA1-AF26-4254-A735-A66575DFFCE4}.Release|x86.Build.0 = Release|Any CPU
		{56F0990B-794B-43E9-B60F-FB3C9BED4D78}.Debug|Any CPU.ActiveCfg = Debug|Any CPU
		{56F0990B-794B-43E9-B60F-FB3C9BED4D78}.Debug|Any CPU.Build.0 = Debug|Any CPU
		{56F0990B-794B-43E9-B60F-FB3C9BED4D78}.Debug|x64.ActiveCfg = Debug|Any CPU
		{56F0990B-794B-43E9-B60F-FB3C9BED4D78}.Debug|x64.Build.0 = Debug|Any CPU
		{56F0990B-794B-43E9-B60F-FB3C9BED4D78}.Debug|x86.ActiveCfg = Debug|Any CPU
		{56F0990B-794B-43E9-B60F-FB3C9BED4D78}.Debug|x86.Build.0 = Debug|Any CPU
		{56F0990B-794B-43E9-B60F-FB3C9BED4D78}.Release|Any CPU.ActiveCfg = Release|Any CPU
		{56F0990B-794B-43E9-B60F-FB3C9BED4D78}.Release|Any CPU.Build.0 = Release|Any CPU
		{56F0990B-794B-43E9-B60F-FB3C9BED4D78}.Release|x64.ActiveCfg = Release|Any CPU
		{56F0990B-794B-43E9-B60F-FB3C9BED4D78}.Release|x64.Build.0 = Release|Any CPU
		{56F0990B-794B-43E9-B60F-FB3C9BED4D78}.Release|x86.ActiveCfg = Release|Any CPU
		{56F0990B-794B-43E9-B60F-FB3C9BED4D78}.Release|x86.Build.0 = Release|Any CPU
		{A9F9DA6C-FA38-48B7-8C4D-FC052E4FD168}.Debug|Any CPU.ActiveCfg = Debug|Any CPU
		{A9F9DA6C-FA38-48B7-8C4D-FC052E4FD168}.Debug|Any CPU.Build.0 = Debug|Any CPU
		{A9F9DA6C-FA38-48B7-8C4D-FC052E4FD168}.Debug|x64.ActiveCfg = Debug|Any CPU
		{A9F9DA6C-FA38-48B7-8C4D-FC052E4FD168}.Debug|x64.Build.0 = Debug|Any CPU
		{A9F9DA6C-FA38-48B7-8C4D-FC052E4FD168}.Debug|x86.ActiveCfg = Debug|Any CPU
		{A9F9DA6C-FA38-48B7-8C4D-FC052E4FD168}.Debug|x86.Build.0 = Debug|Any CPU
		{A9F9DA6C-FA38-48B7-8C4D-FC052E4FD168}.Release|Any CPU.ActiveCfg = Release|Any CPU
		{A9F9DA6C-FA38-48B7-8C4D-FC052E4FD168}.Release|Any CPU.Build.0 = Release|Any CPU
		{A9F9DA6C-FA38-48B7-8C4D-FC052E4FD168}.Release|x64.ActiveCfg = Release|Any CPU
		{A9F9DA6C-FA38-48B7-8C4D-FC052E4FD168}.Release|x64.Build.0 = Release|Any CPU
		{A9F9DA6C-FA38-48B7-8C4D-FC052E4FD168}.Release|x86.ActiveCfg = Release|Any CPU
		{A9F9DA6C-FA38-48B7-8C4D-FC052E4FD168}.Release|x86.Build.0 = Release|Any CPU
		{0300D351-EFF4-40A6-8718-DB8B5F2821FC}.Debug|Any CPU.ActiveCfg = Debug|Any CPU
		{0300D351-EFF4-40A6-8718-DB8B5F2821FC}.Debug|Any CPU.Build.0 = Debug|Any CPU
		{0300D351-EFF4-40A6-8718-DB8B5F2821FC}.Debug|x64.ActiveCfg = Debug|Any CPU
		{0300D351-EFF4-40A6-8718-DB8B5F2821FC}.Debug|x64.Build.0 = Debug|Any CPU
		{0300D351-EFF4-40A6-8718-DB8B5F2821FC}.Debug|x86.ActiveCfg = Debug|Any CPU
		{0300D351-EFF4-40A6-8718-DB8B5F2821FC}.Debug|x86.Build.0 = Debug|Any CPU
		{0300D351-EFF4-40A6-8718-DB8B5F2821FC}.Release|Any CPU.ActiveCfg = Release|Any CPU
		{0300D351-EFF4-40A6-8718-DB8B5F2821FC}.Release|Any CPU.Build.0 = Release|Any CPU
		{0300D351-EFF4-40A6-8718-DB8B5F2821FC}.Release|x64.ActiveCfg = Release|Any CPU
		{0300D351-EFF4-40A6-8718-DB8B5F2821FC}.Release|x64.Build.0 = Release|Any CPU
		{0300D351-EFF4-40A6-8718-DB8B5F2821FC}.Release|x86.ActiveCfg = Release|Any CPU
		{0300D351-EFF4-40A6-8718-DB8B5F2821FC}.Release|x86.Build.0 = Release|Any CPU
		{2FF2EFDA-9CE2-4132-9C12-AFF11CFD0A71}.Debug|Any CPU.ActiveCfg = Debug|Any CPU
		{2FF2EFDA-9CE2-4132-9C12-AFF11CFD0A71}.Debug|Any CPU.Build.0 = Debug|Any CPU
		{2FF2EFDA-9CE2-4132-9C12-AFF11CFD0A71}.Debug|x64.ActiveCfg = Debug|Any CPU
		{2FF2EFDA-9CE2-4132-9C12-AFF11CFD0A71}.Debug|x64.Build.0 = Debug|Any CPU
		{2FF2EFDA-9CE2-4132-9C12-AFF11CFD0A71}.Debug|x86.ActiveCfg = Debug|Any CPU
		{2FF2EFDA-9CE2-4132-9C12-AFF11CFD0A71}.Debug|x86.Build.0 = Debug|Any CPU
		{2FF2EFDA-9CE2-4132-9C12-AFF11CFD0A71}.Release|Any CPU.ActiveCfg = Release|Any CPU
		{2FF2EFDA-9CE2-4132-9C12-AFF11CFD0A71}.Release|Any CPU.Build.0 = Release|Any CPU
		{2FF2EFDA-9CE2-4132-9C12-AFF11CFD0A71}.Release|x64.ActiveCfg = Release|Any CPU
		{2FF2EFDA-9CE2-4132-9C12-AFF11CFD0A71}.Release|x64.Build.0 = Release|Any CPU
		{2FF2EFDA-9CE2-4132-9C12-AFF11CFD0A71}.Release|x86.ActiveCfg = Release|Any CPU
		{2FF2EFDA-9CE2-4132-9C12-AFF11CFD0A71}.Release|x86.Build.0 = Release|Any CPU
		{2B463D17-25C5-4BC8-B8B6-AFA38811F194}.Debug|Any CPU.ActiveCfg = Debug|Any CPU
		{2B463D17-25C5-4BC8-B8B6-AFA38811F194}.Debug|Any CPU.Build.0 = Debug|Any CPU
		{2B463D17-25C5-4BC8-B8B6-AFA38811F194}.Debug|x64.ActiveCfg = Debug|Any CPU
		{2B463D17-25C5-4BC8-B8B6-AFA38811F194}.Debug|x64.Build.0 = Debug|Any CPU
		{2B463D17-25C5-4BC8-B8B6-AFA38811F194}.Debug|x86.ActiveCfg = Debug|Any CPU
		{2B463D17-25C5-4BC8-B8B6-AFA38811F194}.Debug|x86.Build.0 = Debug|Any CPU
		{2B463D17-25C5-4BC8-B8B6-AFA38811F194}.Release|Any CPU.ActiveCfg = Release|Any CPU
		{2B463D17-25C5-4BC8-B8B6-AFA38811F194}.Release|Any CPU.Build.0 = Release|Any CPU
		{2B463D17-25C5-4BC8-B8B6-AFA38811F194}.Release|x64.ActiveCfg = Release|Any CPU
		{2B463D17-25C5-4BC8-B8B6-AFA38811F194}.Release|x64.Build.0 = Release|Any CPU
		{2B463D17-25C5-4BC8-B8B6-AFA38811F194}.Release|x86.ActiveCfg = Release|Any CPU
		{2B463D17-25C5-4BC8-B8B6-AFA38811F194}.Release|x86.Build.0 = Release|Any CPU
		{CA261F09-E25F-4946-810B-ED663AA37856}.Debug|Any CPU.ActiveCfg = Debug|Any CPU
		{CA261F09-E25F-4946-810B-ED663AA37856}.Debug|Any CPU.Build.0 = Debug|Any CPU
		{CA261F09-E25F-4946-810B-ED663AA37856}.Debug|x64.ActiveCfg = Debug|Any CPU
		{CA261F09-E25F-4946-810B-ED663AA37856}.Debug|x64.Build.0 = Debug|Any CPU
		{CA261F09-E25F-4946-810B-ED663AA37856}.Debug|x86.ActiveCfg = Debug|Any CPU
		{CA261F09-E25F-4946-810B-ED663AA37856}.Debug|x86.Build.0 = Debug|Any CPU
		{CA261F09-E25F-4946-810B-ED663AA37856}.Release|Any CPU.ActiveCfg = Release|Any CPU
		{CA261F09-E25F-4946-810B-ED663AA37856}.Release|Any CPU.Build.0 = Release|Any CPU
		{CA261F09-E25F-4946-810B-ED663AA37856}.Release|x64.ActiveCfg = Release|Any CPU
		{CA261F09-E25F-4946-810B-ED663AA37856}.Release|x64.Build.0 = Release|Any CPU
		{CA261F09-E25F-4946-810B-ED663AA37856}.Release|x86.ActiveCfg = Release|Any CPU
		{CA261F09-E25F-4946-810B-ED663AA37856}.Release|x86.Build.0 = Release|Any CPU
		{CB458ABB-A283-4B23-8F38-237BA2BB0BB3}.Debug|Any CPU.ActiveCfg = Debug|Any CPU
		{CB458ABB-A283-4B23-8F38-237BA2BB0BB3}.Debug|Any CPU.Build.0 = Debug|Any CPU
		{CB458ABB-A283-4B23-8F38-237BA2BB0BB3}.Debug|x64.ActiveCfg = Debug|Any CPU
		{CB458ABB-A283-4B23-8F38-237BA2BB0BB3}.Debug|x64.Build.0 = Debug|Any CPU
		{CB458ABB-A283-4B23-8F38-237BA2BB0BB3}.Debug|x86.ActiveCfg = Debug|Any CPU
		{CB458ABB-A283-4B23-8F38-237BA2BB0BB3}.Debug|x86.Build.0 = Debug|Any CPU
		{CB458ABB-A283-4B23-8F38-237BA2BB0BB3}.Release|Any CPU.ActiveCfg = Release|Any CPU
		{CB458ABB-A283-4B23-8F38-237BA2BB0BB3}.Release|Any CPU.Build.0 = Release|Any CPU
		{CB458ABB-A283-4B23-8F38-237BA2BB0BB3}.Release|x64.ActiveCfg = Release|Any CPU
		{CB458ABB-A283-4B23-8F38-237BA2BB0BB3}.Release|x64.Build.0 = Release|Any CPU
		{CB458ABB-A283-4B23-8F38-237BA2BB0BB3}.Release|x86.ActiveCfg = Release|Any CPU
		{CB458ABB-A283-4B23-8F38-237BA2BB0BB3}.Release|x86.Build.0 = Release|Any CPU
		{455ECCE8-9B09-4728-AC2B-F388801CE30D}.Debug|Any CPU.ActiveCfg = Debug|Any CPU
		{455ECCE8-9B09-4728-AC2B-F388801CE30D}.Debug|Any CPU.Build.0 = Debug|Any CPU
		{455ECCE8-9B09-4728-AC2B-F388801CE30D}.Debug|x64.ActiveCfg = Debug|Any CPU
		{455ECCE8-9B09-4728-AC2B-F388801CE30D}.Debug|x64.Build.0 = Debug|Any CPU
		{455ECCE8-9B09-4728-AC2B-F388801CE30D}.Debug|x86.ActiveCfg = Debug|Any CPU
		{455ECCE8-9B09-4728-AC2B-F388801CE30D}.Debug|x86.Build.0 = Debug|Any CPU
		{455ECCE8-9B09-4728-AC2B-F388801CE30D}.Release|Any CPU.ActiveCfg = Release|Any CPU
		{455ECCE8-9B09-4728-AC2B-F388801CE30D}.Release|Any CPU.Build.0 = Release|Any CPU
		{455ECCE8-9B09-4728-AC2B-F388801CE30D}.Release|x64.ActiveCfg = Release|Any CPU
		{455ECCE8-9B09-4728-AC2B-F388801CE30D}.Release|x64.Build.0 = Release|Any CPU
		{455ECCE8-9B09-4728-AC2B-F388801CE30D}.Release|x86.ActiveCfg = Release|Any CPU
		{455ECCE8-9B09-4728-AC2B-F388801CE30D}.Release|x86.Build.0 = Release|Any CPU
		{A330281A-1E5F-4608-BB01-CFD1383DE26A}.Debug|Any CPU.ActiveCfg = Debug|Any CPU
		{A330281A-1E5F-4608-BB01-CFD1383DE26A}.Debug|Any CPU.Build.0 = Debug|Any CPU
		{A330281A-1E5F-4608-BB01-CFD1383DE26A}.Debug|x64.ActiveCfg = Debug|Any CPU
		{A330281A-1E5F-4608-BB01-CFD1383DE26A}.Debug|x64.Build.0 = Debug|Any CPU
		{A330281A-1E5F-4608-BB01-CFD1383DE26A}.Debug|x86.ActiveCfg = Debug|Any CPU
		{A330281A-1E5F-4608-BB01-CFD1383DE26A}.Debug|x86.Build.0 = Debug|Any CPU
		{A330281A-1E5F-4608-BB01-CFD1383DE26A}.Release|Any CPU.ActiveCfg = Release|Any CPU
		{A330281A-1E5F-4608-BB01-CFD1383DE26A}.Release|Any CPU.Build.0 = Release|Any CPU
		{A330281A-1E5F-4608-BB01-CFD1383DE26A}.Release|x64.ActiveCfg = Release|Any CPU
		{A330281A-1E5F-4608-BB01-CFD1383DE26A}.Release|x64.Build.0 = Release|Any CPU
		{A330281A-1E5F-4608-BB01-CFD1383DE26A}.Release|x86.ActiveCfg = Release|Any CPU
		{A330281A-1E5F-4608-BB01-CFD1383DE26A}.Release|x86.Build.0 = Release|Any CPU
		{B61A0684-D03A-4979-AF3D-28A58DDD7B16}.Debug|Any CPU.ActiveCfg = Debug|Any CPU
		{B61A0684-D03A-4979-AF3D-28A58DDD7B16}.Debug|Any CPU.Build.0 = Debug|Any CPU
		{B61A0684-D03A-4979-AF3D-28A58DDD7B16}.Debug|x64.ActiveCfg = Debug|Any CPU
		{B61A0684-D03A-4979-AF3D-28A58DDD7B16}.Debug|x64.Build.0 = Debug|Any CPU
		{B61A0684-D03A-4979-AF3D-28A58DDD7B16}.Debug|x86.ActiveCfg = Debug|Any CPU
		{B61A0684-D03A-4979-AF3D-28A58DDD7B16}.Debug|x86.Build.0 = Debug|Any CPU
		{B61A0684-D03A-4979-AF3D-28A58DDD7B16}.Release|Any CPU.ActiveCfg = Release|Any CPU
		{B61A0684-D03A-4979-AF3D-28A58DDD7B16}.Release|Any CPU.Build.0 = Release|Any CPU
		{B61A0684-D03A-4979-AF3D-28A58DDD7B16}.Release|x64.ActiveCfg = Release|Any CPU
		{B61A0684-D03A-4979-AF3D-28A58DDD7B16}.Release|x64.Build.0 = Release|Any CPU
		{B61A0684-D03A-4979-AF3D-28A58DDD7B16}.Release|x86.ActiveCfg = Release|Any CPU
		{B61A0684-D03A-4979-AF3D-28A58DDD7B16}.Release|x86.Build.0 = Release|Any CPU
		{E8E1AC8D-C7EF-4659-8A16-6404619631FA}.Debug|Any CPU.ActiveCfg = Debug|Any CPU
		{E8E1AC8D-C7EF-4659-8A16-6404619631FA}.Debug|Any CPU.Build.0 = Debug|Any CPU
		{E8E1AC8D-C7EF-4659-8A16-6404619631FA}.Debug|x64.ActiveCfg = Debug|Any CPU
		{E8E1AC8D-C7EF-4659-8A16-6404619631FA}.Debug|x64.Build.0 = Debug|Any CPU
		{E8E1AC8D-C7EF-4659-8A16-6404619631FA}.Debug|x86.ActiveCfg = Debug|Any CPU
		{E8E1AC8D-C7EF-4659-8A16-6404619631FA}.Debug|x86.Build.0 = Debug|Any CPU
		{E8E1AC8D-C7EF-4659-8A16-6404619631FA}.Release|Any CPU.ActiveCfg = Release|Any CPU
		{E8E1AC8D-C7EF-4659-8A16-6404619631FA}.Release|Any CPU.Build.0 = Release|Any CPU
		{E8E1AC8D-C7EF-4659-8A16-6404619631FA}.Release|x64.ActiveCfg = Release|Any CPU
		{E8E1AC8D-C7EF-4659-8A16-6404619631FA}.Release|x64.Build.0 = Release|Any CPU
		{E8E1AC8D-C7EF-4659-8A16-6404619631FA}.Release|x86.ActiveCfg = Release|Any CPU
		{E8E1AC8D-C7EF-4659-8A16-6404619631FA}.Release|x86.Build.0 = Release|Any CPU
		{219A022A-8F06-4669-9CFB-796A05B68919}.Debug|Any CPU.ActiveCfg = Debug|Any CPU
		{219A022A-8F06-4669-9CFB-796A05B68919}.Debug|Any CPU.Build.0 = Debug|Any CPU
		{219A022A-8F06-4669-9CFB-796A05B68919}.Debug|x64.ActiveCfg = Debug|Any CPU
		{219A022A-8F06-4669-9CFB-796A05B68919}.Debug|x64.Build.0 = Debug|Any CPU
		{219A022A-8F06-4669-9CFB-796A05B68919}.Debug|x86.ActiveCfg = Debug|Any CPU
		{219A022A-8F06-4669-9CFB-796A05B68919}.Debug|x86.Build.0 = Debug|Any CPU
		{219A022A-8F06-4669-9CFB-796A05B68919}.Release|Any CPU.ActiveCfg = Release|Any CPU
		{219A022A-8F06-4669-9CFB-796A05B68919}.Release|Any CPU.Build.0 = Release|Any CPU
		{219A022A-8F06-4669-9CFB-796A05B68919}.Release|x64.ActiveCfg = Release|Any CPU
		{219A022A-8F06-4669-9CFB-796A05B68919}.Release|x64.Build.0 = Release|Any CPU
		{219A022A-8F06-4669-9CFB-796A05B68919}.Release|x86.ActiveCfg = Release|Any CPU
		{219A022A-8F06-4669-9CFB-796A05B68919}.Release|x86.Build.0 = Release|Any CPU
		{277B7741-6E2C-407E-AF46-3732133B1823}.Debug|Any CPU.ActiveCfg = Debug|Any CPU
		{277B7741-6E2C-407E-AF46-3732133B1823}.Debug|Any CPU.Build.0 = Debug|Any CPU
		{277B7741-6E2C-407E-AF46-3732133B1823}.Debug|x64.ActiveCfg = Debug|Any CPU
		{277B7741-6E2C-407E-AF46-3732133B1823}.Debug|x64.Build.0 = Debug|Any CPU
		{277B7741-6E2C-407E-AF46-3732133B1823}.Debug|x86.ActiveCfg = Debug|Any CPU
		{277B7741-6E2C-407E-AF46-3732133B1823}.Debug|x86.Build.0 = Debug|Any CPU
		{277B7741-6E2C-407E-AF46-3732133B1823}.Release|Any CPU.ActiveCfg = Release|Any CPU
		{277B7741-6E2C-407E-AF46-3732133B1823}.Release|Any CPU.Build.0 = Release|Any CPU
		{277B7741-6E2C-407E-AF46-3732133B1823}.Release|x64.ActiveCfg = Release|Any CPU
		{277B7741-6E2C-407E-AF46-3732133B1823}.Release|x64.Build.0 = Release|Any CPU
		{277B7741-6E2C-407E-AF46-3732133B1823}.Release|x86.ActiveCfg = Release|Any CPU
		{277B7741-6E2C-407E-AF46-3732133B1823}.Release|x86.Build.0 = Release|Any CPU
		{A84BE89B-56BA-48C3-BE57-AEC0DDFC3B7C}.Debug|Any CPU.ActiveCfg = Debug|Any CPU
		{A84BE89B-56BA-48C3-BE57-AEC0DDFC3B7C}.Debug|Any CPU.Build.0 = Debug|Any CPU
		{A84BE89B-56BA-48C3-BE57-AEC0DDFC3B7C}.Debug|x64.ActiveCfg = Debug|Any CPU
		{A84BE89B-56BA-48C3-BE57-AEC0DDFC3B7C}.Debug|x64.Build.0 = Debug|Any CPU
		{A84BE89B-56BA-48C3-BE57-AEC0DDFC3B7C}.Debug|x86.ActiveCfg = Debug|Any CPU
		{A84BE89B-56BA-48C3-BE57-AEC0DDFC3B7C}.Debug|x86.Build.0 = Debug|Any CPU
		{A84BE89B-56BA-48C3-BE57-AEC0DDFC3B7C}.Release|Any CPU.ActiveCfg = Release|Any CPU
		{A84BE89B-56BA-48C3-BE57-AEC0DDFC3B7C}.Release|Any CPU.Build.0 = Release|Any CPU
		{A84BE89B-56BA-48C3-BE57-AEC0DDFC3B7C}.Release|x64.ActiveCfg = Release|Any CPU
		{A84BE89B-56BA-48C3-BE57-AEC0DDFC3B7C}.Release|x64.Build.0 = Release|Any CPU
		{A84BE89B-56BA-48C3-BE57-AEC0DDFC3B7C}.Release|x86.ActiveCfg = Release|Any CPU
		{A84BE89B-56BA-48C3-BE57-AEC0DDFC3B7C}.Release|x86.Build.0 = Release|Any CPU
		{0A861A0C-AFF2-4125-82C1-7F3AC4FFED0C}.Debug|Any CPU.ActiveCfg = Debug|Any CPU
		{0A861A0C-AFF2-4125-82C1-7F3AC4FFED0C}.Debug|Any CPU.Build.0 = Debug|Any CPU
		{0A861A0C-AFF2-4125-82C1-7F3AC4FFED0C}.Debug|x64.ActiveCfg = Debug|Any CPU
		{0A861A0C-AFF2-4125-82C1-7F3AC4FFED0C}.Debug|x64.Build.0 = Debug|Any CPU
		{0A861A0C-AFF2-4125-82C1-7F3AC4FFED0C}.Debug|x86.ActiveCfg = Debug|Any CPU
		{0A861A0C-AFF2-4125-82C1-7F3AC4FFED0C}.Debug|x86.Build.0 = Debug|Any CPU
		{0A861A0C-AFF2-4125-82C1-7F3AC4FFED0C}.Release|Any CPU.ActiveCfg = Release|Any CPU
		{0A861A0C-AFF2-4125-82C1-7F3AC4FFED0C}.Release|Any CPU.Build.0 = Release|Any CPU
		{0A861A0C-AFF2-4125-82C1-7F3AC4FFED0C}.Release|x64.ActiveCfg = Release|Any CPU
		{0A861A0C-AFF2-4125-82C1-7F3AC4FFED0C}.Release|x64.Build.0 = Release|Any CPU
		{0A861A0C-AFF2-4125-82C1-7F3AC4FFED0C}.Release|x86.ActiveCfg = Release|Any CPU
		{0A861A0C-AFF2-4125-82C1-7F3AC4FFED0C}.Release|x86.Build.0 = Release|Any CPU
		{7B281CD3-44EB-4DE1-ADBF-D4BF6145E2DA}.Debug|Any CPU.ActiveCfg = Debug|Any CPU
		{7B281CD3-44EB-4DE1-ADBF-D4BF6145E2DA}.Debug|Any CPU.Build.0 = Debug|Any CPU
		{7B281CD3-44EB-4DE1-ADBF-D4BF6145E2DA}.Debug|x64.ActiveCfg = Debug|Any CPU
		{7B281CD3-44EB-4DE1-ADBF-D4BF6145E2DA}.Debug|x64.Build.0 = Debug|Any CPU
		{7B281CD3-44EB-4DE1-ADBF-D4BF6145E2DA}.Debug|x86.ActiveCfg = Debug|Any CPU
		{7B281CD3-44EB-4DE1-ADBF-D4BF6145E2DA}.Debug|x86.Build.0 = Debug|Any CPU
		{7B281CD3-44EB-4DE1-ADBF-D4BF6145E2DA}.Release|Any CPU.ActiveCfg = Release|Any CPU
		{7B281CD3-44EB-4DE1-ADBF-D4BF6145E2DA}.Release|Any CPU.Build.0 = Release|Any CPU
		{7B281CD3-44EB-4DE1-ADBF-D4BF6145E2DA}.Release|x64.ActiveCfg = Release|Any CPU
		{7B281CD3-44EB-4DE1-ADBF-D4BF6145E2DA}.Release|x64.Build.0 = Release|Any CPU
		{7B281CD3-44EB-4DE1-ADBF-D4BF6145E2DA}.Release|x86.ActiveCfg = Release|Any CPU
		{7B281CD3-44EB-4DE1-ADBF-D4BF6145E2DA}.Release|x86.Build.0 = Release|Any CPU
		{BF1F4B56-0246-439C-8C37-731E59C084D9}.Debug|Any CPU.ActiveCfg = Debug|Any CPU
		{BF1F4B56-0246-439C-8C37-731E59C084D9}.Debug|Any CPU.Build.0 = Debug|Any CPU
		{BF1F4B56-0246-439C-8C37-731E59C084D9}.Debug|x64.ActiveCfg = Debug|Any CPU
		{BF1F4B56-0246-439C-8C37-731E59C084D9}.Debug|x64.Build.0 = Debug|Any CPU
		{BF1F4B56-0246-439C-8C37-731E59C084D9}.Debug|x86.ActiveCfg = Debug|Any CPU
		{BF1F4B56-0246-439C-8C37-731E59C084D9}.Debug|x86.Build.0 = Debug|Any CPU
		{BF1F4B56-0246-439C-8C37-731E59C084D9}.Release|Any CPU.ActiveCfg = Release|Any CPU
		{BF1F4B56-0246-439C-8C37-731E59C084D9}.Release|Any CPU.Build.0 = Release|Any CPU
		{BF1F4B56-0246-439C-8C37-731E59C084D9}.Release|x64.ActiveCfg = Release|Any CPU
		{BF1F4B56-0246-439C-8C37-731E59C084D9}.Release|x64.Build.0 = Release|Any CPU
		{BF1F4B56-0246-439C-8C37-731E59C084D9}.Release|x86.ActiveCfg = Release|Any CPU
		{BF1F4B56-0246-439C-8C37-731E59C084D9}.Release|x86.Build.0 = Release|Any CPU
		{9674535E-A00B-405C-B49C-47905DC3250E}.Debug|Any CPU.ActiveCfg = Debug|Any CPU
		{9674535E-A00B-405C-B49C-47905DC3250E}.Debug|Any CPU.Build.0 = Debug|Any CPU
		{9674535E-A00B-405C-B49C-47905DC3250E}.Debug|x64.ActiveCfg = Debug|Any CPU
		{9674535E-A00B-405C-B49C-47905DC3250E}.Debug|x64.Build.0 = Debug|Any CPU
		{9674535E-A00B-405C-B49C-47905DC3250E}.Debug|x86.ActiveCfg = Debug|Any CPU
		{9674535E-A00B-405C-B49C-47905DC3250E}.Debug|x86.Build.0 = Debug|Any CPU
		{9674535E-A00B-405C-B49C-47905DC3250E}.Release|Any CPU.ActiveCfg = Release|Any CPU
		{9674535E-A00B-405C-B49C-47905DC3250E}.Release|Any CPU.Build.0 = Release|Any CPU
		{9674535E-A00B-405C-B49C-47905DC3250E}.Release|x64.ActiveCfg = Release|Any CPU
		{9674535E-A00B-405C-B49C-47905DC3250E}.Release|x64.Build.0 = Release|Any CPU
		{9674535E-A00B-405C-B49C-47905DC3250E}.Release|x86.ActiveCfg = Release|Any CPU
		{9674535E-A00B-405C-B49C-47905DC3250E}.Release|x86.Build.0 = Release|Any CPU
		{1BAF0B08-CB8A-422E-8ACB-926BC1200AFB}.Debug|Any CPU.ActiveCfg = Debug|Any CPU
		{1BAF0B08-CB8A-422E-8ACB-926BC1200AFB}.Debug|Any CPU.Build.0 = Debug|Any CPU
		{1BAF0B08-CB8A-422E-8ACB-926BC1200AFB}.Debug|x64.ActiveCfg = Debug|Any CPU
		{1BAF0B08-CB8A-422E-8ACB-926BC1200AFB}.Debug|x64.Build.0 = Debug|Any CPU
		{1BAF0B08-CB8A-422E-8ACB-926BC1200AFB}.Debug|x86.ActiveCfg = Debug|Any CPU
		{1BAF0B08-CB8A-422E-8ACB-926BC1200AFB}.Debug|x86.Build.0 = Debug|Any CPU
		{1BAF0B08-CB8A-422E-8ACB-926BC1200AFB}.Release|Any CPU.ActiveCfg = Release|Any CPU
		{1BAF0B08-CB8A-422E-8ACB-926BC1200AFB}.Release|Any CPU.Build.0 = Release|Any CPU
		{1BAF0B08-CB8A-422E-8ACB-926BC1200AFB}.Release|x64.ActiveCfg = Release|Any CPU
		{1BAF0B08-CB8A-422E-8ACB-926BC1200AFB}.Release|x64.Build.0 = Release|Any CPU
		{1BAF0B08-CB8A-422E-8ACB-926BC1200AFB}.Release|x86.ActiveCfg = Release|Any CPU
		{1BAF0B08-CB8A-422E-8ACB-926BC1200AFB}.Release|x86.Build.0 = Release|Any CPU
		{06251A8F-77D5-4CF4-BF42-AFA2B2B5E4F3}.Debug|Any CPU.ActiveCfg = Debug|Any CPU
		{06251A8F-77D5-4CF4-BF42-AFA2B2B5E4F3}.Debug|Any CPU.Build.0 = Debug|Any CPU
		{06251A8F-77D5-4CF4-BF42-AFA2B2B5E4F3}.Debug|x64.ActiveCfg = Debug|Any CPU
		{06251A8F-77D5-4CF4-BF42-AFA2B2B5E4F3}.Debug|x64.Build.0 = Debug|Any CPU
		{06251A8F-77D5-4CF4-BF42-AFA2B2B5E4F3}.Debug|x86.ActiveCfg = Debug|Any CPU
		{06251A8F-77D5-4CF4-BF42-AFA2B2B5E4F3}.Debug|x86.Build.0 = Debug|Any CPU
		{06251A8F-77D5-4CF4-BF42-AFA2B2B5E4F3}.Release|Any CPU.ActiveCfg = Release|Any CPU
		{06251A8F-77D5-4CF4-BF42-AFA2B2B5E4F3}.Release|Any CPU.Build.0 = Release|Any CPU
		{06251A8F-77D5-4CF4-BF42-AFA2B2B5E4F3}.Release|x64.ActiveCfg = Release|Any CPU
		{06251A8F-77D5-4CF4-BF42-AFA2B2B5E4F3}.Release|x64.Build.0 = Release|Any CPU
		{06251A8F-77D5-4CF4-BF42-AFA2B2B5E4F3}.Release|x86.ActiveCfg = Release|Any CPU
		{06251A8F-77D5-4CF4-BF42-AFA2B2B5E4F3}.Release|x86.Build.0 = Release|Any CPU
		{6922C0C7-60FD-4E32-BAC8-933319586978}.Debug|Any CPU.ActiveCfg = Debug|Any CPU
		{6922C0C7-60FD-4E32-BAC8-933319586978}.Debug|Any CPU.Build.0 = Debug|Any CPU
		{6922C0C7-60FD-4E32-BAC8-933319586978}.Debug|x64.ActiveCfg = Debug|Any CPU
		{6922C0C7-60FD-4E32-BAC8-933319586978}.Debug|x64.Build.0 = Debug|Any CPU
		{6922C0C7-60FD-4E32-BAC8-933319586978}.Debug|x86.ActiveCfg = Debug|Any CPU
		{6922C0C7-60FD-4E32-BAC8-933319586978}.Debug|x86.Build.0 = Debug|Any CPU
		{6922C0C7-60FD-4E32-BAC8-933319586978}.Release|Any CPU.ActiveCfg = Release|Any CPU
		{6922C0C7-60FD-4E32-BAC8-933319586978}.Release|Any CPU.Build.0 = Release|Any CPU
		{6922C0C7-60FD-4E32-BAC8-933319586978}.Release|x64.ActiveCfg = Release|Any CPU
		{6922C0C7-60FD-4E32-BAC8-933319586978}.Release|x64.Build.0 = Release|Any CPU
		{6922C0C7-60FD-4E32-BAC8-933319586978}.Release|x86.ActiveCfg = Release|Any CPU
		{6922C0C7-60FD-4E32-BAC8-933319586978}.Release|x86.Build.0 = Release|Any CPU
		{6804B471-13A7-4B1A-9D4B-83B351BB21DA}.Debug|Any CPU.ActiveCfg = Debug|Any CPU
		{6804B471-13A7-4B1A-9D4B-83B351BB21DA}.Debug|Any CPU.Build.0 = Debug|Any CPU
		{6804B471-13A7-4B1A-9D4B-83B351BB21DA}.Debug|x64.ActiveCfg = Debug|Any CPU
		{6804B471-13A7-4B1A-9D4B-83B351BB21DA}.Debug|x64.Build.0 = Debug|Any CPU
		{6804B471-13A7-4B1A-9D4B-83B351BB21DA}.Debug|x86.ActiveCfg = Debug|Any CPU
		{6804B471-13A7-4B1A-9D4B-83B351BB21DA}.Debug|x86.Build.0 = Debug|Any CPU
		{6804B471-13A7-4B1A-9D4B-83B351BB21DA}.Release|Any CPU.ActiveCfg = Release|Any CPU
		{6804B471-13A7-4B1A-9D4B-83B351BB21DA}.Release|Any CPU.Build.0 = Release|Any CPU
		{6804B471-13A7-4B1A-9D4B-83B351BB21DA}.Release|x64.ActiveCfg = Release|Any CPU
		{6804B471-13A7-4B1A-9D4B-83B351BB21DA}.Release|x64.Build.0 = Release|Any CPU
		{6804B471-13A7-4B1A-9D4B-83B351BB21DA}.Release|x86.ActiveCfg = Release|Any CPU
		{6804B471-13A7-4B1A-9D4B-83B351BB21DA}.Release|x86.Build.0 = Release|Any CPU
		{32FD81B4-3D4A-4131-B278-8ABBFED05436}.Debug|Any CPU.ActiveCfg = Debug|Any CPU
		{32FD81B4-3D4A-4131-B278-8ABBFED05436}.Debug|Any CPU.Build.0 = Debug|Any CPU
		{32FD81B4-3D4A-4131-B278-8ABBFED05436}.Debug|x64.ActiveCfg = Debug|Any CPU
		{32FD81B4-3D4A-4131-B278-8ABBFED05436}.Debug|x64.Build.0 = Debug|Any CPU
		{32FD81B4-3D4A-4131-B278-8ABBFED05436}.Debug|x86.ActiveCfg = Debug|Any CPU
		{32FD81B4-3D4A-4131-B278-8ABBFED05436}.Debug|x86.Build.0 = Debug|Any CPU
		{32FD81B4-3D4A-4131-B278-8ABBFED05436}.Release|Any CPU.ActiveCfg = Release|Any CPU
		{32FD81B4-3D4A-4131-B278-8ABBFED05436}.Release|Any CPU.Build.0 = Release|Any CPU
		{32FD81B4-3D4A-4131-B278-8ABBFED05436}.Release|x64.ActiveCfg = Release|Any CPU
		{32FD81B4-3D4A-4131-B278-8ABBFED05436}.Release|x64.Build.0 = Release|Any CPU
		{32FD81B4-3D4A-4131-B278-8ABBFED05436}.Release|x86.ActiveCfg = Release|Any CPU
		{32FD81B4-3D4A-4131-B278-8ABBFED05436}.Release|x86.Build.0 = Release|Any CPU
		{09C671F5-6C8E-4BFF-B9EB-C575A5FB31F1}.Debug|Any CPU.ActiveCfg = Debug|Any CPU
		{09C671F5-6C8E-4BFF-B9EB-C575A5FB31F1}.Debug|Any CPU.Build.0 = Debug|Any CPU
		{09C671F5-6C8E-4BFF-B9EB-C575A5FB31F1}.Debug|x64.ActiveCfg = Debug|Any CPU
		{09C671F5-6C8E-4BFF-B9EB-C575A5FB31F1}.Debug|x64.Build.0 = Debug|Any CPU
		{09C671F5-6C8E-4BFF-B9EB-C575A5FB31F1}.Debug|x86.ActiveCfg = Debug|Any CPU
		{09C671F5-6C8E-4BFF-B9EB-C575A5FB31F1}.Debug|x86.Build.0 = Debug|Any CPU
		{09C671F5-6C8E-4BFF-B9EB-C575A5FB31F1}.Release|Any CPU.ActiveCfg = Release|Any CPU
		{09C671F5-6C8E-4BFF-B9EB-C575A5FB31F1}.Release|Any CPU.Build.0 = Release|Any CPU
		{09C671F5-6C8E-4BFF-B9EB-C575A5FB31F1}.Release|x64.ActiveCfg = Release|Any CPU
		{09C671F5-6C8E-4BFF-B9EB-C575A5FB31F1}.Release|x64.Build.0 = Release|Any CPU
		{09C671F5-6C8E-4BFF-B9EB-C575A5FB31F1}.Release|x86.ActiveCfg = Release|Any CPU
		{09C671F5-6C8E-4BFF-B9EB-C575A5FB31F1}.Release|x86.Build.0 = Release|Any CPU
		{C0B580E6-0693-482E-B4D3-1D0C3BE16598}.Debug|Any CPU.ActiveCfg = Debug|Any CPU
		{C0B580E6-0693-482E-B4D3-1D0C3BE16598}.Debug|Any CPU.Build.0 = Debug|Any CPU
		{C0B580E6-0693-482E-B4D3-1D0C3BE16598}.Debug|x64.ActiveCfg = Debug|Any CPU
		{C0B580E6-0693-482E-B4D3-1D0C3BE16598}.Debug|x64.Build.0 = Debug|Any CPU
		{C0B580E6-0693-482E-B4D3-1D0C3BE16598}.Debug|x86.ActiveCfg = Debug|Any CPU
		{C0B580E6-0693-482E-B4D3-1D0C3BE16598}.Debug|x86.Build.0 = Debug|Any CPU
		{C0B580E6-0693-482E-B4D3-1D0C3BE16598}.Release|Any CPU.ActiveCfg = Release|Any CPU
		{C0B580E6-0693-482E-B4D3-1D0C3BE16598}.Release|Any CPU.Build.0 = Release|Any CPU
		{C0B580E6-0693-482E-B4D3-1D0C3BE16598}.Release|x64.ActiveCfg = Release|Any CPU
		{C0B580E6-0693-482E-B4D3-1D0C3BE16598}.Release|x64.Build.0 = Release|Any CPU
		{C0B580E6-0693-482E-B4D3-1D0C3BE16598}.Release|x86.ActiveCfg = Release|Any CPU
		{C0B580E6-0693-482E-B4D3-1D0C3BE16598}.Release|x86.Build.0 = Release|Any CPU
		{7183D6BA-4061-4639-8163-EBE7FCF04EC1}.Debug|Any CPU.ActiveCfg = Debug|Any CPU
		{7183D6BA-4061-4639-8163-EBE7FCF04EC1}.Debug|Any CPU.Build.0 = Debug|Any CPU
		{7183D6BA-4061-4639-8163-EBE7FCF04EC1}.Debug|x64.ActiveCfg = Debug|Any CPU
		{7183D6BA-4061-4639-8163-EBE7FCF04EC1}.Debug|x64.Build.0 = Debug|Any CPU
		{7183D6BA-4061-4639-8163-EBE7FCF04EC1}.Debug|x86.ActiveCfg = Debug|Any CPU
		{7183D6BA-4061-4639-8163-EBE7FCF04EC1}.Debug|x86.Build.0 = Debug|Any CPU
		{7183D6BA-4061-4639-8163-EBE7FCF04EC1}.Release|Any CPU.ActiveCfg = Release|Any CPU
		{7183D6BA-4061-4639-8163-EBE7FCF04EC1}.Release|Any CPU.Build.0 = Release|Any CPU
		{7183D6BA-4061-4639-8163-EBE7FCF04EC1}.Release|x64.ActiveCfg = Release|Any CPU
		{7183D6BA-4061-4639-8163-EBE7FCF04EC1}.Release|x64.Build.0 = Release|Any CPU
		{7183D6BA-4061-4639-8163-EBE7FCF04EC1}.Release|x86.ActiveCfg = Release|Any CPU
		{7183D6BA-4061-4639-8163-EBE7FCF04EC1}.Release|x86.Build.0 = Release|Any CPU
		{20CDDB26-96D4-4E7C-A4C5-9523C51CFEB1}.Debug|Any CPU.ActiveCfg = Debug|Any CPU
		{20CDDB26-96D4-4E7C-A4C5-9523C51CFEB1}.Debug|Any CPU.Build.0 = Debug|Any CPU
		{20CDDB26-96D4-4E7C-A4C5-9523C51CFEB1}.Debug|x64.ActiveCfg = Debug|Any CPU
		{20CDDB26-96D4-4E7C-A4C5-9523C51CFEB1}.Debug|x64.Build.0 = Debug|Any CPU
		{20CDDB26-96D4-4E7C-A4C5-9523C51CFEB1}.Debug|x86.ActiveCfg = Debug|Any CPU
		{20CDDB26-96D4-4E7C-A4C5-9523C51CFEB1}.Debug|x86.Build.0 = Debug|Any CPU
		{20CDDB26-96D4-4E7C-A4C5-9523C51CFEB1}.Release|Any CPU.ActiveCfg = Release|Any CPU
		{20CDDB26-96D4-4E7C-A4C5-9523C51CFEB1}.Release|Any CPU.Build.0 = Release|Any CPU
		{20CDDB26-96D4-4E7C-A4C5-9523C51CFEB1}.Release|x64.ActiveCfg = Release|Any CPU
		{20CDDB26-96D4-4E7C-A4C5-9523C51CFEB1}.Release|x64.Build.0 = Release|Any CPU
		{20CDDB26-96D4-4E7C-A4C5-9523C51CFEB1}.Release|x86.ActiveCfg = Release|Any CPU
		{20CDDB26-96D4-4E7C-A4C5-9523C51CFEB1}.Release|x86.Build.0 = Release|Any CPU
		{077CEAD9-86D4-46C7-B232-E7DB1B1A2E5C}.Debug|Any CPU.ActiveCfg = Debug|Any CPU
		{077CEAD9-86D4-46C7-B232-E7DB1B1A2E5C}.Debug|Any CPU.Build.0 = Debug|Any CPU
		{077CEAD9-86D4-46C7-B232-E7DB1B1A2E5C}.Debug|x64.ActiveCfg = Debug|Any CPU
		{077CEAD9-86D4-46C7-B232-E7DB1B1A2E5C}.Debug|x64.Build.0 = Debug|Any CPU
		{077CEAD9-86D4-46C7-B232-E7DB1B1A2E5C}.Debug|x86.ActiveCfg = Debug|Any CPU
		{077CEAD9-86D4-46C7-B232-E7DB1B1A2E5C}.Debug|x86.Build.0 = Debug|Any CPU
		{077CEAD9-86D4-46C7-B232-E7DB1B1A2E5C}.Release|Any CPU.ActiveCfg = Release|Any CPU
		{077CEAD9-86D4-46C7-B232-E7DB1B1A2E5C}.Release|Any CPU.Build.0 = Release|Any CPU
		{077CEAD9-86D4-46C7-B232-E7DB1B1A2E5C}.Release|x64.ActiveCfg = Release|Any CPU
		{077CEAD9-86D4-46C7-B232-E7DB1B1A2E5C}.Release|x64.Build.0 = Release|Any CPU
		{077CEAD9-86D4-46C7-B232-E7DB1B1A2E5C}.Release|x86.ActiveCfg = Release|Any CPU
		{077CEAD9-86D4-46C7-B232-E7DB1B1A2E5C}.Release|x86.Build.0 = Release|Any CPU
		{F39DE39A-EF23-4E48-8C83-0D21F70A72C2}.Debug|Any CPU.ActiveCfg = Debug|Any CPU
		{F39DE39A-EF23-4E48-8C83-0D21F70A72C2}.Debug|Any CPU.Build.0 = Debug|Any CPU
		{F39DE39A-EF23-4E48-8C83-0D21F70A72C2}.Debug|x64.ActiveCfg = Debug|Any CPU
		{F39DE39A-EF23-4E48-8C83-0D21F70A72C2}.Debug|x64.Build.0 = Debug|Any CPU
		{F39DE39A-EF23-4E48-8C83-0D21F70A72C2}.Debug|x86.ActiveCfg = Debug|Any CPU
		{F39DE39A-EF23-4E48-8C83-0D21F70A72C2}.Debug|x86.Build.0 = Debug|Any CPU
		{F39DE39A-EF23-4E48-8C83-0D21F70A72C2}.Release|Any CPU.ActiveCfg = Release|Any CPU
		{F39DE39A-EF23-4E48-8C83-0D21F70A72C2}.Release|Any CPU.Build.0 = Release|Any CPU
		{F39DE39A-EF23-4E48-8C83-0D21F70A72C2}.Release|x64.ActiveCfg = Release|Any CPU
		{F39DE39A-EF23-4E48-8C83-0D21F70A72C2}.Release|x64.Build.0 = Release|Any CPU
		{F39DE39A-EF23-4E48-8C83-0D21F70A72C2}.Release|x86.ActiveCfg = Release|Any CPU
		{F39DE39A-EF23-4E48-8C83-0D21F70A72C2}.Release|x86.Build.0 = Release|Any CPU
		{78B433C5-E7C6-488A-B636-65B84F96C9ED}.Debug|Any CPU.ActiveCfg = Debug|Any CPU
		{78B433C5-E7C6-488A-B636-65B84F96C9ED}.Debug|Any CPU.Build.0 = Debug|Any CPU
		{78B433C5-E7C6-488A-B636-65B84F96C9ED}.Debug|x64.ActiveCfg = Debug|Any CPU
		{78B433C5-E7C6-488A-B636-65B84F96C9ED}.Debug|x64.Build.0 = Debug|Any CPU
		{78B433C5-E7C6-488A-B636-65B84F96C9ED}.Debug|x86.ActiveCfg = Debug|Any CPU
		{78B433C5-E7C6-488A-B636-65B84F96C9ED}.Debug|x86.Build.0 = Debug|Any CPU
		{78B433C5-E7C6-488A-B636-65B84F96C9ED}.Release|Any CPU.ActiveCfg = Release|Any CPU
		{78B433C5-E7C6-488A-B636-65B84F96C9ED}.Release|Any CPU.Build.0 = Release|Any CPU
		{78B433C5-E7C6-488A-B636-65B84F96C9ED}.Release|x64.ActiveCfg = Release|Any CPU
		{78B433C5-E7C6-488A-B636-65B84F96C9ED}.Release|x64.Build.0 = Release|Any CPU
		{78B433C5-E7C6-488A-B636-65B84F96C9ED}.Release|x86.ActiveCfg = Release|Any CPU
		{78B433C5-E7C6-488A-B636-65B84F96C9ED}.Release|x86.Build.0 = Release|Any CPU
		{6DDE7EE4-EEDA-42C8-B0E2-E71AD3FCBA4D}.Debug|Any CPU.ActiveCfg = Debug|Any CPU
		{6DDE7EE4-EEDA-42C8-B0E2-E71AD3FCBA4D}.Debug|Any CPU.Build.0 = Debug|Any CPU
		{6DDE7EE4-EEDA-42C8-B0E2-E71AD3FCBA4D}.Debug|x64.ActiveCfg = Debug|Any CPU
		{6DDE7EE4-EEDA-42C8-B0E2-E71AD3FCBA4D}.Debug|x64.Build.0 = Debug|Any CPU
		{6DDE7EE4-EEDA-42C8-B0E2-E71AD3FCBA4D}.Debug|x86.ActiveCfg = Debug|Any CPU
		{6DDE7EE4-EEDA-42C8-B0E2-E71AD3FCBA4D}.Debug|x86.Build.0 = Debug|Any CPU
		{6DDE7EE4-EEDA-42C8-B0E2-E71AD3FCBA4D}.Release|Any CPU.ActiveCfg = Release|Any CPU
		{6DDE7EE4-EEDA-42C8-B0E2-E71AD3FCBA4D}.Release|Any CPU.Build.0 = Release|Any CPU
		{6DDE7EE4-EEDA-42C8-B0E2-E71AD3FCBA4D}.Release|x64.ActiveCfg = Release|Any CPU
		{6DDE7EE4-EEDA-42C8-B0E2-E71AD3FCBA4D}.Release|x64.Build.0 = Release|Any CPU
		{6DDE7EE4-EEDA-42C8-B0E2-E71AD3FCBA4D}.Release|x86.ActiveCfg = Release|Any CPU
		{6DDE7EE4-EEDA-42C8-B0E2-E71AD3FCBA4D}.Release|x86.Build.0 = Release|Any CPU
		{75EAE988-796A-44DA-934A-B392B3E9B983}.Debug|Any CPU.ActiveCfg = Debug|Any CPU
		{75EAE988-796A-44DA-934A-B392B3E9B983}.Debug|Any CPU.Build.0 = Debug|Any CPU
		{75EAE988-796A-44DA-934A-B392B3E9B983}.Debug|x64.ActiveCfg = Debug|Any CPU
		{75EAE988-796A-44DA-934A-B392B3E9B983}.Debug|x64.Build.0 = Debug|Any CPU
		{75EAE988-796A-44DA-934A-B392B3E9B983}.Debug|x86.ActiveCfg = Debug|Any CPU
		{75EAE988-796A-44DA-934A-B392B3E9B983}.Debug|x86.Build.0 = Debug|Any CPU
		{75EAE988-796A-44DA-934A-B392B3E9B983}.Release|Any CPU.ActiveCfg = Release|Any CPU
		{75EAE988-796A-44DA-934A-B392B3E9B983}.Release|Any CPU.Build.0 = Release|Any CPU
		{75EAE988-796A-44DA-934A-B392B3E9B983}.Release|x64.ActiveCfg = Release|Any CPU
		{75EAE988-796A-44DA-934A-B392B3E9B983}.Release|x64.Build.0 = Release|Any CPU
		{75EAE988-796A-44DA-934A-B392B3E9B983}.Release|x86.ActiveCfg = Release|Any CPU
		{75EAE988-796A-44DA-934A-B392B3E9B983}.Release|x86.Build.0 = Release|Any CPU
		{20077295-4346-4F08-B04C-14BB0C4A5771}.Debug|Any CPU.ActiveCfg = Debug|Any CPU
		{20077295-4346-4F08-B04C-14BB0C4A5771}.Debug|Any CPU.Build.0 = Debug|Any CPU
		{20077295-4346-4F08-B04C-14BB0C4A5771}.Debug|x64.ActiveCfg = Debug|Any CPU
		{20077295-4346-4F08-B04C-14BB0C4A5771}.Debug|x64.Build.0 = Debug|Any CPU
		{20077295-4346-4F08-B04C-14BB0C4A5771}.Debug|x86.ActiveCfg = Debug|Any CPU
		{20077295-4346-4F08-B04C-14BB0C4A5771}.Debug|x86.Build.0 = Debug|Any CPU
		{20077295-4346-4F08-B04C-14BB0C4A5771}.Release|Any CPU.ActiveCfg = Release|Any CPU
		{20077295-4346-4F08-B04C-14BB0C4A5771}.Release|Any CPU.Build.0 = Release|Any CPU
		{20077295-4346-4F08-B04C-14BB0C4A5771}.Release|x64.ActiveCfg = Release|Any CPU
		{20077295-4346-4F08-B04C-14BB0C4A5771}.Release|x64.Build.0 = Release|Any CPU
		{20077295-4346-4F08-B04C-14BB0C4A5771}.Release|x86.ActiveCfg = Release|Any CPU
		{20077295-4346-4F08-B04C-14BB0C4A5771}.Release|x86.Build.0 = Release|Any CPU
	EndGlobalSection
	GlobalSection(SolutionProperties) = preSolution
		HideSolutionNode = FALSE
	EndGlobalSection
	GlobalSection(NestedProjects) = preSolution
		{41C46A99-52C8-4709-84F9-283716C06B7E} = {7266C4A9-E384-DC00-0EB6-47F6002CFBA7}
		{1E0C1644-519B-4017-BEE4-4EC6C939155C} = {7266C4A9-E384-DC00-0EB6-47F6002CFBA7}
		{86782BF2-E6FE-4650-AD02-B1B4777BAD41} = {7266C4A9-E384-DC00-0EB6-47F6002CFBA7}
		{F7A39049-63C2-47E6-B4D8-E7F53C81E042} = {7266C4A9-E384-DC00-0EB6-47F6002CFBA7}
		{BB402270-092C-45AA-8CE6-376E693032D2} = {4F52FD11-658E-A102-6CD3-7D7C16FFA15B}
		{BFF4F4B7-12C1-5B2E-7DAD-E792A8E8C1A7} = {5854FF58-B8C5-05C6-5BF2-ACE42193F22B}
		{7023AFFE-198D-A2F0-7BDB-E45BFB2359D9} = {BFF4F4B7-12C1-5B2E-7DAD-E792A8E8C1A7}
		{74A1F1E9-A051-4330-A6D4-8DDA599F8F28} = {7023AFFE-198D-A2F0-7BDB-E45BFB2359D9}
		{7A04E475-542E-4FD0-BDAD-3629381274B3} = {7023AFFE-198D-A2F0-7BDB-E45BFB2359D9}
		{4779A334-0667-4BFC-B9A3-908D64450C3E} = {7023AFFE-198D-A2F0-7BDB-E45BFB2359D9}
		{F7C14C72-30AA-42DA-87D4-D7B0F00D2D75} = {7023AFFE-198D-A2F0-7BDB-E45BFB2359D9}
		{E49DFF0E-B82D-4D98-AF51-C7F49C72B1E8} = {7023AFFE-198D-A2F0-7BDB-E45BFB2359D9}
		{3853193C-0182-A2B4-464C-A0180BE8DD0E} = {BFF4F4B7-12C1-5B2E-7DAD-E792A8E8C1A7}
		{7155216E-2CF7-4D3F-A589-C7B0BD58A0FD} = {3853193C-0182-A2B4-464C-A0180BE8DD0E}
		{16C25879-7E06-4A64-9727-7D0317E1A70E} = {3853193C-0182-A2B4-464C-A0180BE8DD0E}
		{944ACC7E-4FFC-A2A2-09E1-98A62C66F8DB} = {5854FF58-B8C5-05C6-5BF2-ACE42193F22B}
		{41BBDC93-4E50-1894-3C33-F8A2B62FA41D} = {944ACC7E-4FFC-A2A2-09E1-98A62C66F8DB}
		{3F2FBE97-CEEA-4679-AC5F-6056BB86D1E3} = {41BBDC93-4E50-1894-3C33-F8A2B62FA41D}
		{380496B7-06C1-451C-BD9F-64CF63102764} = {41BBDC93-4E50-1894-3C33-F8A2B62FA41D}
		{0DE02F28-3B65-4656-AB37-F4EDFEEEB7B8} = {41BBDC93-4E50-1894-3C33-F8A2B62FA41D}
		{BFD75DB5-A667-4030-958E-BF54E60D3DA3} = {41BBDC93-4E50-1894-3C33-F8A2B62FA41D}
		{859082DF-2D4C-4D67-A0A3-12702CFC7FFB} = {41BBDC93-4E50-1894-3C33-F8A2B62FA41D}
		{26B96603-2099-C782-EFE9-34CF1538469E} = {944ACC7E-4FFC-A2A2-09E1-98A62C66F8DB}
		{C815A1F6-AA4F-423C-A684-32F440CC2DDF} = {26B96603-2099-C782-EFE9-34CF1538469E}
		{8EA57796-8714-4236-A73B-9268DFC3994F} = {26B96603-2099-C782-EFE9-34CF1538469E}
		{357A7C97-5AE1-023F-1442-0D9F9AF22A31} = {5854FF58-B8C5-05C6-5BF2-ACE42193F22B}
		{11349CFE-E14E-3001-C5E9-551783699504} = {357A7C97-5AE1-023F-1442-0D9F9AF22A31}
		{802BF5E5-4F5C-4DAD-9258-C6BC9BAF7B8C} = {11349CFE-E14E-3001-C5E9-551783699504}
		{22F1CBA1-AF26-4254-A735-A66575DFFCE4} = {11349CFE-E14E-3001-C5E9-551783699504}
		{56F0990B-794B-43E9-B60F-FB3C9BED4D78} = {11349CFE-E14E-3001-C5E9-551783699504}
		{A9F9DA6C-FA38-48B7-8C4D-FC052E4FD168} = {11349CFE-E14E-3001-C5E9-551783699504}
		{0300D351-EFF4-40A6-8718-DB8B5F2821FC} = {11349CFE-E14E-3001-C5E9-551783699504}
		{24EE6AB2-D02D-7346-F780-6A87209C839F} = {357A7C97-5AE1-023F-1442-0D9F9AF22A31}
		{2FF2EFDA-9CE2-4132-9C12-AFF11CFD0A71} = {24EE6AB2-D02D-7346-F780-6A87209C839F}
		{2B463D17-25C5-4BC8-B8B6-AFA38811F194} = {24EE6AB2-D02D-7346-F780-6A87209C839F}
		{06470F13-D646-4954-ED4A-FA216054436A} = {5854FF58-B8C5-05C6-5BF2-ACE42193F22B}
		{8F92B431-7114-C16D-7B8D-1A63B3CF6875} = {06470F13-D646-4954-ED4A-FA216054436A}
		{CA261F09-E25F-4946-810B-ED663AA37856} = {8F92B431-7114-C16D-7B8D-1A63B3CF6875}
		{CB458ABB-A283-4B23-8F38-237BA2BB0BB3} = {8F92B431-7114-C16D-7B8D-1A63B3CF6875}
		{455ECCE8-9B09-4728-AC2B-F388801CE30D} = {8F92B431-7114-C16D-7B8D-1A63B3CF6875}
		{A330281A-1E5F-4608-BB01-CFD1383DE26A} = {8F92B431-7114-C16D-7B8D-1A63B3CF6875}
		{B61A0684-D03A-4979-AF3D-28A58DDD7B16} = {8F92B431-7114-C16D-7B8D-1A63B3CF6875}
		{428F4B99-902C-FC4B-8D32-09714F842F15} = {06470F13-D646-4954-ED4A-FA216054436A}
		{E8E1AC8D-C7EF-4659-8A16-6404619631FA} = {428F4B99-902C-FC4B-8D32-09714F842F15}
		{219A022A-8F06-4669-9CFB-796A05B68919} = {428F4B99-902C-FC4B-8D32-09714F842F15}
		{3BAACA43-EC64-C367-9FAA-9C38067293A8} = {5854FF58-B8C5-05C6-5BF2-ACE42193F22B}
		{3EDB9CFC-2382-5EF6-3E27-F6F32ED06D57} = {3BAACA43-EC64-C367-9FAA-9C38067293A8}
		{277B7741-6E2C-407E-AF46-3732133B1823} = {3EDB9CFC-2382-5EF6-3E27-F6F32ED06D57}
		{A84BE89B-56BA-48C3-BE57-AEC0DDFC3B7C} = {3EDB9CFC-2382-5EF6-3E27-F6F32ED06D57}
		{0A861A0C-AFF2-4125-82C1-7F3AC4FFED0C} = {3EDB9CFC-2382-5EF6-3E27-F6F32ED06D57}
		{7B281CD3-44EB-4DE1-ADBF-D4BF6145E2DA} = {3EDB9CFC-2382-5EF6-3E27-F6F32ED06D57}
		{BF1F4B56-0246-439C-8C37-731E59C084D9} = {3EDB9CFC-2382-5EF6-3E27-F6F32ED06D57}
		{A5051CE6-44C1-9EE0-BF75-53BEFDCE1024} = {3BAACA43-EC64-C367-9FAA-9C38067293A8}
		{9674535E-A00B-405C-B49C-47905DC3250E} = {A5051CE6-44C1-9EE0-BF75-53BEFDCE1024}
		{1BAF0B08-CB8A-422E-8ACB-926BC1200AFB} = {A5051CE6-44C1-9EE0-BF75-53BEFDCE1024}
		{714CC2AF-245C-D6B1-E117-A1157E62AF44} = {5854FF58-B8C5-05C6-5BF2-ACE42193F22B}
		{84B429E4-92AB-EF9B-D0A9-E0596A8BA24B} = {714CC2AF-245C-D6B1-E117-A1157E62AF44}
		{06251A8F-77D5-4CF4-BF42-AFA2B2B5E4F3} = {84B429E4-92AB-EF9B-D0A9-E0596A8BA24B}
		{6922C0C7-60FD-4E32-BAC8-933319586978} = {84B429E4-92AB-EF9B-D0A9-E0596A8BA24B}
		{6804B471-13A7-4B1A-9D4B-83B351BB21DA} = {84B429E4-92AB-EF9B-D0A9-E0596A8BA24B}
		{32FD81B4-3D4A-4131-B278-8ABBFED05436} = {84B429E4-92AB-EF9B-D0A9-E0596A8BA24B}
		{09C671F5-6C8E-4BFF-B9EB-C575A5FB31F1} = {84B429E4-92AB-EF9B-D0A9-E0596A8BA24B}
		{963C4EC0-52C4-C2B9-F581-E5C5398D8597} = {714CC2AF-245C-D6B1-E117-A1157E62AF44}
		{C0B580E6-0693-482E-B4D3-1D0C3BE16598} = {963C4EC0-52C4-C2B9-F581-E5C5398D8597}
		{7183D6BA-4061-4639-8163-EBE7FCF04EC1} = {963C4EC0-52C4-C2B9-F581-E5C5398D8597}
		{BD9CB210-C24A-C4DF-6EC3-8E5038A44F8E} = {5854FF58-B8C5-05C6-5BF2-ACE42193F22B}
		{99F9B92C-46AA-9B9C-5F48-BCAB3B2FEC3E} = {BD9CB210-C24A-C4DF-6EC3-8E5038A44F8E}
		{20CDDB26-96D4-4E7C-A4C5-9523C51CFEB1} = {99F9B92C-46AA-9B9C-5F48-BCAB3B2FEC3E}
		{077CEAD9-86D4-46C7-B232-E7DB1B1A2E5C} = {99F9B92C-46AA-9B9C-5F48-BCAB3B2FEC3E}
		{F39DE39A-EF23-4E48-8C83-0D21F70A72C2} = {99F9B92C-46AA-9B9C-5F48-BCAB3B2FEC3E}
		{78B433C5-E7C6-488A-B636-65B84F96C9ED} = {99F9B92C-46AA-9B9C-5F48-BCAB3B2FEC3E}
		{6DDE7EE4-EEDA-42C8-B0E2-E71AD3FCBA4D} = {99F9B92C-46AA-9B9C-5F48-BCAB3B2FEC3E}
		{39892EF1-CCD5-443B-906B-10608802F8EA} = {BD9CB210-C24A-C4DF-6EC3-8E5038A44F8E}
		{75EAE988-796A-44DA-934A-B392B3E9B983} = {39892EF1-CCD5-443B-906B-10608802F8EA}
		{20077295-4346-4F08-B04C-14BB0C4A5771} = {39892EF1-CCD5-443B-906B-10608802F8EA}
	EndGlobalSection
EndGlobal
