
Microsoft Visual Studio Solution File, Format Version 12.00
# Visual Studio Version 17
VisualStudioVersion = 17.0.31903.59
MinimumVisualStudioVersion = 10.0.40219.1
Project("{2150E333-8FDC-42A3-9474-1A3956D46DE8}") = "src", "src", "{827E0CD3-B72D-47B6-A68D-7590B98EB39B}"
EndProject
Project("{FAE04EC0-301F-11D3-BF4B-00C04F79EFBC}") = "Identity.Contracts", "src\Identity.Contracts\Identity.Contracts.csproj", "{D0FC3926-DC3C-4067-974F-5F23CD06511B}"
EndProject
Project("{FAE04EC0-301F-11D3-BF4B-00C04F79EFBC}") = "VanFucVN.Core.Common", "..\..\BuildingBlocks\VanFucVN.Core.Common\VanFucVN.Core.Common.csproj", "{444A9C8C-05AB-4423-AAAF-94B701FBBD95}"
EndProject
Project("{FAE04EC0-301F-11D3-BF4B-00C04F79EFBC}") = "AuraMart.Shared", "..\..\Shared\AuraMart.Shared\AuraMart.Shared.csproj", "{ABC801E7-0868-42EC-BD06-1937F7587528}"
EndProject
Project("{FAE04EC0-301F-11D3-BF4B-00C04F79EFBC}") = "Identity.Domain", "src\Identity.Domain\Identity.Domain.csproj", "{330A67D2-4884-4BF1-AAF0-26580A9B7A8C}"
EndProject
Project("{FAE04EC0-301F-11D3-BF4B-00C04F79EFBC}") = "VanFucVN.Core.Persistence", "..\..\BuildingBlocks\VanFucVN.Core.Persistence\VanFucVN.Core.Persistence.csproj", "{BC2B9FD0-B15E-4A89-9575-463889D482B9}"
EndProject
Project("{FAE04EC0-301F-11D3-BF4B-00C04F79EFBC}") = "Identity.Application", "src\Identity.Application\Identity.Application.csproj", "{60E5E514-16A0-414C-BA63-46324763DFD4}"
EndProject
Project("{FAE04EC0-301F-11D3-BF4B-00C04F79EFBC}") = "Identity.Infrastructure", "src\Identity.Infrastructure\Identity.Infrastructure.csproj", "{0256B331-769F-4194-92C2-0342F86CC48B}"
EndProject
Project("{FAE04EC0-301F-11D3-BF4B-00C04F79EFBC}") = "VanFucVN.Core.Messaging", "..\..\BuildingBlocks\VanFucVN.Core.Messaging\VanFucVN.Core.Messaging.csproj", "{799674D7-8905-427B-A1AB-AB019560CCE3}"
EndProject
Project("{FAE04EC0-301F-11D3-BF4B-00C04F79EFBC}") = "Identity.Api", "src\Identity.Api\Identity.Api.csproj", "{CD7773A2-8D6E-4170-AECD-9E9DDD7BCBA3}"
EndProject
Project("{FAE04EC0-301F-11D3-BF4B-00C04F79EFBC}") = "VanFucVN.Core.Web", "..\..\BuildingBlocks\VanFucVN.Core.Web\VanFucVN.Core.Web.csproj", "{43FE58B1-12F6-4BB6-B3F2-9F9E1888EB47}"
EndProject
Project("{2150E333-8FDC-42A3-9474-1A3956D46DE8}") = "tests", "tests", "{0AB3BF05-4346-4AA6-1389-037BE0695223}"
EndProject
Project("{FAE04EC0-301F-11D3-BF4B-00C04F79EFBC}") = "Identity.UnitTests", "tests\Identity.UnitTests\Identity.UnitTests.csproj", "{6BB5AA3F-785E-41D7-9280-AE35D6009F50}"
EndProject
Project("{FAE04EC0-301F-11D3-BF4B-00C04F79EFBC}") = "Identity.IntegrationTests", "tests\Identity.IntegrationTests\Identity.IntegrationTests.csproj", "{4B1077A7-0B80-4E3A-8E6D-2D5DAFDC2DCB}"
EndProject
Global
	GlobalSection(SolutionConfigurationPlatforms) = preSolution
		Debug|Any CPU = Debug|Any CPU
		Debug|x64 = Debug|x64
		Debug|x86 = Debug|x86
		Release|Any CPU = Release|Any CPU
		Release|x64 = Release|x64
		Release|x86 = Release|x86
	EndGlobalSection
	GlobalSection(ProjectConfigurationPlatforms) = postSolution
		{D0FC3926-DC3C-4067-974F-5F23CD06511B}.Debug|Any CPU.ActiveCfg = Debug|Any CPU
		{D0FC3926-DC3C-4067-974F-5F23CD06511B}.Debug|Any CPU.Build.0 = Debug|Any CPU
		{D0FC3926-DC3C-4067-974F-5F23CD06511B}.Debug|x64.ActiveCfg = Debug|Any CPU
		{D0FC3926-DC3C-4067-974F-5F23CD06511B}.Debug|x64.Build.0 = Debug|Any CPU
		{D0FC3926-DC3C-4067-974F-5F23CD06511B}.Debug|x86.ActiveCfg = Debug|Any CPU
		{D0FC3926-DC3C-4067-974F-5F23CD06511B}.Debug|x86.Build.0 = Debug|Any CPU
		{D0FC3926-DC3C-4067-974F-5F23CD06511B}.Release|Any CPU.ActiveCfg = Release|Any CPU
		{D0FC3926-DC3C-4067-974F-5F23CD06511B}.Release|Any CPU.Build.0 = Release|Any CPU
		{D0FC3926-DC3C-4067-974F-5F23CD06511B}.Release|x64.ActiveCfg = Release|Any CPU
		{D0FC3926-DC3C-4067-974F-5F23CD06511B}.Release|x64.Build.0 = Release|Any CPU
		{D0FC3926-DC3C-4067-974F-5F23CD06511B}.Release|x86.ActiveCfg = Release|Any CPU
		{D0FC3926-DC3C-4067-974F-5F23CD06511B}.Release|x86.Build.0 = Release|Any CPU
		{444A9C8C-05AB-4423-AAAF-94B701FBBD95}.Debug|Any CPU.ActiveCfg = Debug|Any CPU
		{444A9C8C-05AB-4423-AAAF-94B701FBBD95}.Debug|Any CPU.Build.0 = Debug|Any CPU
		{444A9C8C-05AB-4423-AAAF-94B701FBBD95}.Debug|x64.ActiveCfg = Debug|Any CPU
		{444A9C8C-05AB-4423-AAAF-94B701FBBD95}.Debug|x64.Build.0 = Debug|Any CPU
		{444A9C8C-05AB-4423-AAAF-94B701FBBD95}.Debug|x86.ActiveCfg = Debug|Any CPU
		{444A9C8C-05AB-4423-AAAF-94B701FBBD95}.Debug|x86.Build.0 = Debug|Any CPU
		{444A9C8C-05AB-4423-AAAF-94B701FBBD95}.Release|Any CPU.ActiveCfg = Release|Any CPU
		{444A9C8C-05AB-4423-AAAF-94B701FBBD95}.Release|Any CPU.Build.0 = Release|Any CPU
		{444A9C8C-05AB-4423-AAAF-94B701FBBD95}.Release|x64.ActiveCfg = Release|Any CPU
		{444A9C8C-05AB-4423-AAAF-94B701FBBD95}.Release|x64.Build.0 = Release|Any CPU
		{444A9C8C-05AB-4423-AAAF-94B701FBBD95}.Release|x86.ActiveCfg = Release|Any CPU
		{444A9C8C-05AB-4423-AAAF-94B701FBBD95}.Release|x86.Build.0 = Release|Any CPU
		{ABC801E7-0868-42EC-BD06-1937F7587528}.Debug|Any CPU.ActiveCfg = Debug|Any CPU
		{ABC801E7-0868-42EC-BD06-1937F7587528}.Debug|Any CPU.Build.0 = Debug|Any CPU
		{ABC801E7-0868-42EC-BD06-1937F7587528}.Debug|x64.ActiveCfg = Debug|Any CPU
		{ABC801E7-0868-42EC-BD06-1937F7587528}.Debug|x64.Build.0 = Debug|Any CPU
		{ABC801E7-0868-42EC-BD06-1937F7587528}.Debug|x86.ActiveCfg = Debug|Any CPU
		{ABC801E7-0868-42EC-BD06-1937F7587528}.Debug|x86.Build.0 = Debug|Any CPU
		{ABC801E7-0868-42EC-BD06-1937F7587528}.Release|Any CPU.ActiveCfg = Release|Any CPU
		{ABC801E7-0868-42EC-BD06-1937F7587528}.Release|Any CPU.Build.0 = Release|Any CPU
		{ABC801E7-0868-42EC-BD06-1937F7587528}.Release|x64.ActiveCfg = Release|Any CPU
		{ABC801E7-0868-42EC-BD06-1937F7587528}.Release|x64.Build.0 = Release|Any CPU
		{ABC801E7-0868-42EC-BD06-1937F7587528}.Release|x86.ActiveCfg = Release|Any CPU
		{ABC801E7-0868-42EC-BD06-1937F7587528}.Release|x86.Build.0 = Release|Any CPU
		{330A67D2-4884-4BF1-AAF0-26580A9B7A8C}.Debug|Any CPU.ActiveCfg = Debug|Any CPU
		{330A67D2-4884-4BF1-AAF0-26580A9B7A8C}.Debug|Any CPU.Build.0 = Debug|Any CPU
		{330A67D2-4884-4BF1-AAF0-26580A9B7A8C}.Debug|x64.ActiveCfg = Debug|Any CPU
		{330A67D2-4884-4BF1-AAF0-26580A9B7A8C}.Debug|x64.Build.0 = Debug|Any CPU
		{330A67D2-4884-4BF1-AAF0-26580A9B7A8C}.Debug|x86.ActiveCfg = Debug|Any CPU
		{330A67D2-4884-4BF1-AAF0-26580A9B7A8C}.Debug|x86.Build.0 = Debug|Any CPU
		{330A67D2-4884-4BF1-AAF0-26580A9B7A8C}.Release|Any CPU.ActiveCfg = Release|Any CPU
		{330A67D2-4884-4BF1-AAF0-26580A9B7A8C}.Release|Any CPU.Build.0 = Release|Any CPU
		{330A67D2-4884-4BF1-AAF0-26580A9B7A8C}.Release|x64.ActiveCfg = Release|Any CPU
		{330A67D2-4884-4BF1-AAF0-26580A9B7A8C}.Release|x64.Build.0 = Release|Any CPU
		{330A67D2-4884-4BF1-AAF0-26580A9B7A8C}.Release|x86.ActiveCfg = Release|Any CPU
		{330A67D2-4884-4BF1-AAF0-26580A9B7A8C}.Release|x86.Build.0 = Release|Any CPU
		{BC2B9FD0-B15E-4A89-9575-463889D482B9}.Debug|Any CPU.ActiveCfg = Debug|Any CPU
		{BC2B9FD0-B15E-4A89-9575-463889D482B9}.Debug|Any CPU.Build.0 = Debug|Any CPU
		{BC2B9FD0-B15E-4A89-9575-463889D482B9}.Debug|x64.ActiveCfg = Debug|Any CPU
		{BC2B9FD0-B15E-4A89-9575-463889D482B9}.Debug|x64.Build.0 = Debug|Any CPU
		{BC2B9FD0-B15E-4A89-9575-463889D482B9}.Debug|x86.ActiveCfg = Debug|Any CPU
		{BC2B9FD0-B15E-4A89-9575-463889D482B9}.Debug|x86.Build.0 = Debug|Any CPU
		{BC2B9FD0-B15E-4A89-9575-463889D482B9}.Release|Any CPU.ActiveCfg = Release|Any CPU
		{BC2B9FD0-B15E-4A89-9575-463889D482B9}.Release|Any CPU.Build.0 = Release|Any CPU
		{BC2B9FD0-B15E-4A89-9575-463889D482B9}.Release|x64.ActiveCfg = Release|Any CPU
		{BC2B9FD0-B15E-4A89-9575-463889D482B9}.Release|x64.Build.0 = Release|Any CPU
		{BC2B9FD0-B15E-4A89-9575-463889D482B9}.Release|x86.ActiveCfg = Release|Any CPU
		{BC2B9FD0-B15E-4A89-9575-463889D482B9}.Release|x86.Build.0 = Release|Any CPU
		{60E5E514-16A0-414C-BA63-46324763DFD4}.Debug|Any CPU.ActiveCfg = Debug|Any CPU
		{60E5E514-16A0-414C-BA63-46324763DFD4}.Debug|Any CPU.Build.0 = Debug|Any CPU
		{60E5E514-16A0-414C-BA63-46324763DFD4}.Debug|x64.ActiveCfg = Debug|Any CPU
		{60E5E514-16A0-414C-BA63-46324763DFD4}.Debug|x64.Build.0 = Debug|Any CPU
		{60E5E514-16A0-414C-BA63-46324763DFD4}.Debug|x86.ActiveCfg = Debug|Any CPU
		{60E5E514-16A0-414C-BA63-46324763DFD4}.Debug|x86.Build.0 = Debug|Any CPU
		{60E5E514-16A0-414C-BA63-46324763DFD4}.Release|Any CPU.ActiveCfg = Release|Any CPU
		{60E5E514-16A0-414C-BA63-46324763DFD4}.Release|Any CPU.Build.0 = Release|Any CPU
		{60E5E514-16A0-414C-BA63-46324763DFD4}.Release|x64.ActiveCfg = Release|Any CPU
		{60E5E514-16A0-414C-BA63-46324763DFD4}.Release|x64.Build.0 = Release|Any CPU
		{60E5E514-16A0-414C-BA63-46324763DFD4}.Release|x86.ActiveCfg = Release|Any CPU
		{60E5E514-16A0-414C-BA63-46324763DFD4}.Release|x86.Build.0 = Release|Any CPU
		{0256B331-769F-4194-92C2-0342F86CC48B}.Debug|Any CPU.ActiveCfg = Debug|Any CPU
		{0256B331-769F-4194-92C2-0342F86CC48B}.Debug|Any CPU.Build.0 = Debug|Any CPU
		{0256B331-769F-4194-92C2-0342F86CC48B}.Debug|x64.ActiveCfg = Debug|Any CPU
		{0256B331-769F-4194-92C2-0342F86CC48B}.Debug|x64.Build.0 = Debug|Any CPU
		{0256B331-769F-4194-92C2-0342F86CC48B}.Debug|x86.ActiveCfg = Debug|Any CPU
		{0256B331-769F-4194-92C2-0342F86CC48B}.Debug|x86.Build.0 = Debug|Any CPU
		{0256B331-769F-4194-92C2-0342F86CC48B}.Release|Any CPU.ActiveCfg = Release|Any CPU
		{0256B331-769F-4194-92C2-0342F86CC48B}.Release|Any CPU.Build.0 = Release|Any CPU
		{0256B331-769F-4194-92C2-0342F86CC48B}.Release|x64.ActiveCfg = Release|Any CPU
		{0256B331-769F-4194-92C2-0342F86CC48B}.Release|x64.Build.0 = Release|Any CPU
		{0256B331-769F-4194-92C2-0342F86CC48B}.Release|x86.ActiveCfg = Release|Any CPU
		{0256B331-769F-4194-92C2-0342F86CC48B}.Release|x86.Build.0 = Release|Any CPU
		{799674D7-8905-427B-A1AB-AB019560CCE3}.Debug|Any CPU.ActiveCfg = Debug|Any CPU
		{799674D7-8905-427B-A1AB-AB019560CCE3}.Debug|Any CPU.Build.0 = Debug|Any CPU
		{799674D7-8905-427B-A1AB-AB019560CCE3}.Debug|x64.ActiveCfg = Debug|Any CPU
		{799674D7-8905-427B-A1AB-AB019560CCE3}.Debug|x64.Build.0 = Debug|Any CPU
		{799674D7-8905-427B-A1AB-AB019560CCE3}.Debug|x86.ActiveCfg = Debug|Any CPU
		{799674D7-8905-427B-A1AB-AB019560CCE3}.Debug|x86.Build.0 = Debug|Any CPU
		{799674D7-8905-427B-A1AB-AB019560CCE3}.Release|Any CPU.ActiveCfg = Release|Any CPU
		{799674D7-8905-427B-A1AB-AB019560CCE3}.Release|Any CPU.Build.0 = Release|Any CPU
		{799674D7-8905-427B-A1AB-AB019560CCE3}.Release|x64.ActiveCfg = Release|Any CPU
		{799674D7-8905-427B-A1AB-AB019560CCE3}.Release|x64.Build.0 = Release|Any CPU
		{799674D7-8905-427B-A1AB-AB019560CCE3}.Release|x86.ActiveCfg = Release|Any CPU
		{799674D7-8905-427B-A1AB-AB019560CCE3}.Release|x86.Build.0 = Release|Any CPU
		{CD7773A2-8D6E-4170-AECD-9E9DDD7BCBA3}.Debug|Any CPU.ActiveCfg = Debug|Any CPU
		{CD7773A2-8D6E-4170-AECD-9E9DDD7BCBA3}.Debug|Any CPU.Build.0 = Debug|Any CPU
		{CD7773A2-8D6E-4170-AECD-9E9DDD7BCBA3}.Debug|x64.ActiveCfg = Debug|Any CPU
		{CD7773A2-8D6E-4170-AECD-9E9DDD7BCBA3}.Debug|x64.Build.0 = Debug|Any CPU
		{CD7773A2-8D6E-4170-AECD-9E9DDD7BCBA3}.Debug|x86.ActiveCfg = Debug|Any CPU
		{CD7773A2-8D6E-4170-AECD-9E9DDD7BCBA3}.Debug|x86.Build.0 = Debug|Any CPU
		{CD7773A2-8D6E-4170-AECD-9E9DDD7BCBA3}.Release|Any CPU.ActiveCfg = Release|Any CPU
		{CD7773A2-8D6E-4170-AECD-9E9DDD7BCBA3}.Release|Any CPU.Build.0 = Release|Any CPU
		{CD7773A2-8D6E-4170-AECD-9E9DDD7BCBA3}.Release|x64.ActiveCfg = Release|Any CPU
		{CD7773A2-8D6E-4170-AECD-9E9DDD7BCBA3}.Release|x64.Build.0 = Release|Any CPU
		{CD7773A2-8D6E-4170-AECD-9E9DDD7BCBA3}.Release|x86.ActiveCfg = Release|Any CPU
		{CD7773A2-8D6E-4170-AECD-9E9DDD7BCBA3}.Release|x86.Build.0 = Release|Any CPU
		{43FE58B1-12F6-4BB6-B3F2-9F9E1888EB47}.Debug|Any CPU.ActiveCfg = Debug|Any CPU
		{43FE58B1-12F6-4BB6-B3F2-9F9E1888EB47}.Debug|Any CPU.Build.0 = Debug|Any CPU
		{43FE58B1-12F6-4BB6-B3F2-9F9E1888EB47}.Debug|x64.ActiveCfg = Debug|Any CPU
		{43FE58B1-12F6-4BB6-B3F2-9F9E1888EB47}.Debug|x64.Build.0 = Debug|Any CPU
		{43FE58B1-12F6-4BB6-B3F2-9F9E1888EB47}.Debug|x86.ActiveCfg = Debug|Any CPU
		{43FE58B1-12F6-4BB6-B3F2-9F9E1888EB47}.Debug|x86.Build.0 = Debug|Any CPU
		{43FE58B1-12F6-4BB6-B3F2-9F9E1888EB47}.Release|Any CPU.ActiveCfg = Release|Any CPU
		{43FE58B1-12F6-4BB6-B3F2-9F9E1888EB47}.Release|Any CPU.Build.0 = Release|Any CPU
		{43FE58B1-12F6-4BB6-B3F2-9F9E1888EB47}.Release|x64.ActiveCfg = Release|Any CPU
		{43FE58B1-12F6-4BB6-B3F2-9F9E1888EB47}.Release|x64.Build.0 = Release|Any CPU
		{43FE58B1-12F6-4BB6-B3F2-9F9E1888EB47}.Release|x86.ActiveCfg = Release|Any CPU
		{43FE58B1-12F6-4BB6-B3F2-9F9E1888EB47}.Release|x86.Build.0 = Release|Any CPU
		{6BB5AA3F-785E-41D7-9280-AE35D6009F50}.Debug|Any CPU.ActiveCfg = Debug|Any CPU
		{6BB5AA3F-785E-41D7-9280-AE35D6009F50}.Debug|Any CPU.Build.0 = Debug|Any CPU
		{6BB5AA3F-785E-41D7-9280-AE35D6009F50}.Debug|x64.ActiveCfg = Debug|Any CPU
		{6BB5AA3F-785E-41D7-9280-AE35D6009F50}.Debug|x64.Build.0 = Debug|Any CPU
		{6BB5AA3F-785E-41D7-9280-AE35D6009F50}.Debug|x86.ActiveCfg = Debug|Any CPU
		{6BB5AA3F-785E-41D7-9280-AE35D6009F50}.Debug|x86.Build.0 = Debug|Any CPU
		{6BB5AA3F-785E-41D7-9280-AE35D6009F50}.Release|Any CPU.ActiveCfg = Release|Any CPU
		{6BB5AA3F-785E-41D7-9280-AE35D6009F50}.Release|Any CPU.Build.0 = Release|Any CPU
		{6BB5AA3F-785E-41D7-9280-AE35D6009F50}.Release|x64.ActiveCfg = Release|Any CPU
		{6BB5AA3F-785E-41D7-9280-AE35D6009F50}.Release|x64.Build.0 = Release|Any CPU
		{6BB5AA3F-785E-41D7-9280-AE35D6009F50}.Release|x86.ActiveCfg = Release|Any CPU
		{6BB5AA3F-785E-41D7-9280-AE35D6009F50}.Release|x86.Build.0 = Release|Any CPU
		{4B1077A7-0B80-4E3A-8E6D-2D5DAFDC2DCB}.Debug|Any CPU.ActiveCfg = Debug|Any CPU
		{4B1077A7-0B80-4E3A-8E6D-2D5DAFDC2DCB}.Debug|Any CPU.Build.0 = Debug|Any CPU
		{4B1077A7-0B80-4E3A-8E6D-2D5DAFDC2DCB}.Debug|x64.ActiveCfg = Debug|Any CPU
		{4B1077A7-0B80-4E3A-8E6D-2D5DAFDC2DCB}.Debug|x64.Build.0 = Debug|Any CPU
		{4B1077A7-0B80-4E3A-8E6D-2D5DAFDC2DCB}.Debug|x86.ActiveCfg = Debug|Any CPU
		{4B1077A7-0B80-4E3A-8E6D-2D5DAFDC2DCB}.Debug|x86.Build.0 = Debug|Any CPU
		{4B1077A7-0B80-4E3A-8E6D-2D5DAFDC2DCB}.Release|Any CPU.ActiveCfg = Release|Any CPU
		{4B1077A7-0B80-4E3A-8E6D-2D5DAFDC2DCB}.Release|Any CPU.Build.0 = Release|Any CPU
		{4B1077A7-0B80-4E3A-8E6D-2D5DAFDC2DCB}.Release|x64.ActiveCfg = Release|Any CPU
		{4B1077A7-0B80-4E3A-8E6D-2D5DAFDC2DCB}.Release|x64.Build.0 = Release|Any CPU
		{4B1077A7-0B80-4E3A-8E6D-2D5DAFDC2DCB}.Release|x86.ActiveCfg = Release|Any CPU
		{4B1077A7-0B80-4E3A-8E6D-2D5DAFDC2DCB}.Release|x86.Build.0 = Release|Any CPU
	EndGlobalSection
	GlobalSection(SolutionProperties) = preSolution
		HideSolutionNode = FALSE
	EndGlobalSection
	GlobalSection(NestedProjects) = preSolution
		{D0FC3926-DC3C-4067-974F-5F23CD06511B} = {827E0CD3-B72D-47B6-A68D-7590B98EB39B}
		{330A67D2-4884-4BF1-AAF0-26580A9B7A8C} = {827E0CD3-B72D-47B6-A68D-7590B98EB39B}
		{60E5E514-16A0-414C-BA63-46324763DFD4} = {827E0CD3-B72D-47B6-A68D-7590B98EB39B}
		{0256B331-769F-4194-92C2-0342F86CC48B} = {827E0CD3-B72D-47B6-A68D-7590B98EB39B}
		{CD7773A2-8D6E-4170-AECD-9E9DDD7BCBA3} = {827E0CD3-B72D-47B6-A68D-7590B98EB39B}
		{6BB5AA3F-785E-41D7-9280-AE35D6009F50} = {0AB3BF05-4346-4AA6-1389-037BE0695223}
		{4B1077A7-0B80-4E3A-8E6D-2D5DAFDC2DCB} = {0AB3BF05-4346-4AA6-1389-037BE0695223}
	EndGlobalSection
EndGlobal
