
Microsoft Visual Studio Solution File, Format Version 12.00
# Visual Studio Version 17
VisualStudioVersion = 17.0.31903.59
MinimumVisualStudioVersion = 10.0.40219.1
Project("{2150E333-8FDC-42A3-9474-1A3956D46DE8}") = "src", "src", "{827E0CD3-B72D-47B6-A68D-7590B98EB39B}"
EndProject
Project("{FAE04EC0-301F-11D3-BF4B-00C04F79EFBC}") = "Catalog.Contracts", "src\Catalog.Contracts\Catalog.Contracts.csproj", "{E33D3073-E3F5-4C63-9AC4-ACA2A9AAD708}"
EndProject
Project("{FAE04EC0-301F-11D3-BF4B-00C04F79EFBC}") = "VanFucVN.Core.Common", "..\..\BuildingBlocks\VanFucVN.Core.Common\VanFucVN.Core.Common.csproj", "{D1598609-6766-4173-9D70-9B177A712A34}"
EndProject
Project("{FAE04EC0-301F-11D3-BF4B-00C04F79EFBC}") = "AuraMart.Shared", "..\..\Shared\AuraMart.Shared\AuraMart.Shared.csproj", "{EA301DCB-461B-4D15-AE54-533556C25004}"
EndProject
Project("{FAE04EC0-301F-11D3-BF4B-00C04F79EFBC}") = "Catalog.Domain", "src\Catalog.Domain\Catalog.Domain.csproj", "{BA55CA70-27B4-4A5C-B405-19481E441C94}"
EndProject
Project("{FAE04EC0-301F-11D3-BF4B-00C04F79EFBC}") = "VanFucVN.Core.Persistence", "..\..\BuildingBlocks\VanFucVN.Core.Persistence\VanFucVN.Core.Persistence.csproj", "{EE785D82-431D-4CC2-9540-C06315A501B9}"
EndProject
Project("{FAE04EC0-301F-11D3-BF4B-00C04F79EFBC}") = "Catalog.Application", "src\Catalog.Application\Catalog.Application.csproj", "{556F0B41-246F-47B6-974D-37BFA20ABBCF}"
EndProject
Project("{FAE04EC0-301F-11D3-BF4B-00C04F79EFBC}") = "Catalog.Infrastructure", "src\Catalog.Infrastructure\Catalog.Infrastructure.csproj", "{86FBFE7C-213C-4256-BD6C-CB8BB2CD5E48}"
EndProject
Project("{FAE04EC0-301F-11D3-BF4B-00C04F79EFBC}") = "VanFucVN.Core.Messaging", "..\..\BuildingBlocks\VanFucVN.Core.Messaging\VanFucVN.Core.Messaging.csproj", "{BCEF9B22-EF5D-482A-A188-64AAE7C4E6C0}"
EndProject
Project("{FAE04EC0-301F-11D3-BF4B-00C04F79EFBC}") = "Catalog.Api", "src\Catalog.Api\Catalog.Api.csproj", "{CE7BA6A9-FCC6-4793-BB02-CD631BD6DB95}"
EndProject
Project("{FAE04EC0-301F-11D3-BF4B-00C04F79EFBC}") = "VanFucVN.Core.Web", "..\..\BuildingBlocks\VanFucVN.Core.Web\VanFucVN.Core.Web.csproj", "{359215F6-9C52-420C-8001-131FA3FA2435}"
EndProject
Project("{2150E333-8FDC-42A3-9474-1A3956D46DE8}") = "tests", "tests", "{0AB3BF05-4346-4AA6-1389-037BE0695223}"
EndProject
Project("{FAE04EC0-301F-11D3-BF4B-00C04F79EFBC}") = "Catalog.UnitTests", "tests\Catalog.UnitTests\Catalog.UnitTests.csproj", "{82DE88B7-0DE2-4C74-A458-748ADB2F6B29}"
EndProject
Project("{FAE04EC0-301F-11D3-BF4B-00C04F79EFBC}") = "Catalog.IntegrationTests", "tests\Catalog.IntegrationTests\Catalog.IntegrationTests.csproj", "{E9B66F55-9133-4D3F-94B0-875A08065C08}"
EndProject
Global
	GlobalSection(SolutionConfigurationPlatforms) = preSolution
		Debug|Any CPU = Debug|Any CPU
		Debug|x64 = Debug|x64
		Debug|x86 = Debug|x86
		Release|Any CPU = Release|Any CPU
		Release|x64 = Release|x64
		Release|x86 = Release|x86
	EndGlobalSection
	GlobalSection(ProjectConfigurationPlatforms) = postSolution
		{E33D3073-E3F5-4C63-9AC4-ACA2A9AAD708}.Debug|Any CPU.ActiveCfg = Debug|Any CPU
		{E33D3073-E3F5-4C63-9AC4-ACA2A9AAD708}.Debug|Any CPU.Build.0 = Debug|Any CPU
		{E33D3073-E3F5-4C63-9AC4-ACA2A9AAD708}.Debug|x64.ActiveCfg = Debug|Any CPU
		{E33D3073-E3F5-4C63-9AC4-ACA2A9AAD708}.Debug|x64.Build.0 = Debug|Any CPU
		{E33D3073-E3F5-4C63-9AC4-ACA2A9AAD708}.Debug|x86.ActiveCfg = Debug|Any CPU
		{E33D3073-E3F5-4C63-9AC4-ACA2A9AAD708}.Debug|x86.Build.0 = Debug|Any CPU
		{E33D3073-E3F5-4C63-9AC4-ACA2A9AAD708}.Release|Any CPU.ActiveCfg = Release|Any CPU
		{E33D3073-E3F5-4C63-9AC4-ACA2A9AAD708}.Release|Any CPU.Build.0 = Release|Any CPU
		{E33D3073-E3F5-4C63-9AC4-ACA2A9AAD708}.Release|x64.ActiveCfg = Release|Any CPU
		{E33D3073-E3F5-4C63-9AC4-ACA2A9AAD708}.Release|x64.Build.0 = Release|Any CPU
		{E33D3073-E3F5-4C63-9AC4-ACA2A9AAD708}.Release|x86.ActiveCfg = Release|Any CPU
		{E33D3073-E3F5-4C63-9AC4-ACA2A9AAD708}.Release|x86.Build.0 = Release|Any CPU
		{D1598609-6766-4173-9D70-9B177A712A34}.Debug|Any CPU.ActiveCfg = Debug|Any CPU
		{D1598609-6766-4173-9D70-9B177A712A34}.Debug|Any CPU.Build.0 = Debug|Any CPU
		{D1598609-6766-4173-9D70-9B177A712A34}.Debug|x64.ActiveCfg = Debug|Any CPU
		{D1598609-6766-4173-9D70-9B177A712A34}.Debug|x64.Build.0 = Debug|Any CPU
		{D1598609-6766-4173-9D70-9B177A712A34}.Debug|x86.ActiveCfg = Debug|Any CPU
		{D1598609-6766-4173-9D70-9B177A712A34}.Debug|x86.Build.0 = Debug|Any CPU
		{D1598609-6766-4173-9D70-9B177A712A34}.Release|Any CPU.ActiveCfg = Release|Any CPU
		{D1598609-6766-4173-9D70-9B177A712A34}.Release|Any CPU.Build.0 = Release|Any CPU
		{D1598609-6766-4173-9D70-9B177A712A34}.Release|x64.ActiveCfg = Release|Any CPU
		{D1598609-6766-4173-9D70-9B177A712A34}.Release|x64.Build.0 = Release|Any CPU
		{D1598609-6766-4173-9D70-9B177A712A34}.Release|x86.ActiveCfg = Release|Any CPU
		{D1598609-6766-4173-9D70-9B177A712A34}.Release|x86.Build.0 = Release|Any CPU
		{EA301DCB-461B-4D15-AE54-533556C25004}.Debug|Any CPU.ActiveCfg = Debug|Any CPU
		{EA301DCB-461B-4D15-AE54-533556C25004}.Debug|Any CPU.Build.0 = Debug|Any CPU
		{EA301DCB-461B-4D15-AE54-533556C25004}.Debug|x64.ActiveCfg = Debug|Any CPU
		{EA301DCB-461B-4D15-AE54-533556C25004}.Debug|x64.Build.0 = Debug|Any CPU
		{EA301DCB-461B-4D15-AE54-533556C25004}.Debug|x86.ActiveCfg = Debug|Any CPU
		{EA301DCB-461B-4D15-AE54-533556C25004}.Debug|x86.Build.0 = Debug|Any CPU
		{EA301DCB-461B-4D15-AE54-533556C25004}.Release|Any CPU.ActiveCfg = Release|Any CPU
		{EA301DCB-461B-4D15-AE54-533556C25004}.Release|Any CPU.Build.0 = Release|Any CPU
		{EA301DCB-461B-4D15-AE54-533556C25004}.Release|x64.ActiveCfg = Release|Any CPU
		{EA301DCB-461B-4D15-AE54-533556C25004}.Release|x64.Build.0 = Release|Any CPU
		{EA301DCB-461B-4D15-AE54-533556C25004}.Release|x86.ActiveCfg = Release|Any CPU
		{EA301DCB-461B-4D15-AE54-533556C25004}.Release|x86.Build.0 = Release|Any CPU
		{BA55CA70-27B4-4A5C-B405-19481E441C94}.Debug|Any CPU.ActiveCfg = Debug|Any CPU
		{BA55CA70-27B4-4A5C-B405-19481E441C94}.Debug|Any CPU.Build.0 = Debug|Any CPU
		{BA55CA70-27B4-4A5C-B405-19481E441C94}.Debug|x64.ActiveCfg = Debug|Any CPU
		{BA55CA70-27B4-4A5C-B405-19481E441C94}.Debug|x64.Build.0 = Debug|Any CPU
		{BA55CA70-27B4-4A5C-B405-19481E441C94}.Debug|x86.ActiveCfg = Debug|Any CPU
		{BA55CA70-27B4-4A5C-B405-19481E441C94}.Debug|x86.Build.0 = Debug|Any CPU
		{BA55CA70-27B4-4A5C-B405-19481E441C94}.Release|Any CPU.ActiveCfg = Release|Any CPU
		{BA55CA70-27B4-4A5C-B405-19481E441C94}.Release|Any CPU.Build.0 = Release|Any CPU
		{BA55CA70-27B4-4A5C-B405-19481E441C94}.Release|x64.ActiveCfg = Release|Any CPU
		{BA55CA70-27B4-4A5C-B405-19481E441C94}.Release|x64.Build.0 = Release|Any CPU
		{BA55CA70-27B4-4A5C-B405-19481E441C94}.Release|x86.ActiveCfg = Release|Any CPU
		{BA55CA70-27B4-4A5C-B405-19481E441C94}.Release|x86.Build.0 = Release|Any CPU
		{EE785D82-431D-4CC2-9540-C06315A501B9}.Debug|Any CPU.ActiveCfg = Debug|Any CPU
		{EE785D82-431D-4CC2-9540-C06315A501B9}.Debug|Any CPU.Build.0 = Debug|Any CPU
		{EE785D82-431D-4CC2-9540-C06315A501B9}.Debug|x64.ActiveCfg = Debug|Any CPU
		{EE785D82-431D-4CC2-9540-C06315A501B9}.Debug|x64.Build.0 = Debug|Any CPU
		{EE785D82-431D-4CC2-9540-C06315A501B9}.Debug|x86.ActiveCfg = Debug|Any CPU
		{EE785D82-431D-4CC2-9540-C06315A501B9}.Debug|x86.Build.0 = Debug|Any CPU
		{EE785D82-431D-4CC2-9540-C06315A501B9}.Release|Any CPU.ActiveCfg = Release|Any CPU
		{EE785D82-431D-4CC2-9540-C06315A501B9}.Release|Any CPU.Build.0 = Release|Any CPU
		{EE785D82-431D-4CC2-9540-C06315A501B9}.Release|x64.ActiveCfg = Release|Any CPU
		{EE785D82-431D-4CC2-9540-C06315A501B9}.Release|x64.Build.0 = Release|Any CPU
		{EE785D82-431D-4CC2-9540-C06315A501B9}.Release|x86.ActiveCfg = Release|Any CPU
		{EE785D82-431D-4CC2-9540-C06315A501B9}.Release|x86.Build.0 = Release|Any CPU
		{556F0B41-246F-47B6-974D-37BFA20ABBCF}.Debug|Any CPU.ActiveCfg = Debug|Any CPU
		{556F0B41-246F-47B6-974D-37BFA20ABBCF}.Debug|Any CPU.Build.0 = Debug|Any CPU
		{556F0B41-246F-47B6-974D-37BFA20ABBCF}.Debug|x64.ActiveCfg = Debug|Any CPU
		{556F0B41-246F-47B6-974D-37BFA20ABBCF}.Debug|x64.Build.0 = Debug|Any CPU
		{556F0B41-246F-47B6-974D-37BFA20ABBCF}.Debug|x86.ActiveCfg = Debug|Any CPU
		{556F0B41-246F-47B6-974D-37BFA20ABBCF}.Debug|x86.Build.0 = Debug|Any CPU
		{556F0B41-246F-47B6-974D-37BFA20ABBCF}.Release|Any CPU.ActiveCfg = Release|Any CPU
		{556F0B41-246F-47B6-974D-37BFA20ABBCF}.Release|Any CPU.Build.0 = Release|Any CPU
		{556F0B41-246F-47B6-974D-37BFA20ABBCF}.Release|x64.ActiveCfg = Release|Any CPU
		{556F0B41-246F-47B6-974D-37BFA20ABBCF}.Release|x64.Build.0 = Release|Any CPU
		{556F0B41-246F-47B6-974D-37BFA20ABBCF}.Release|x86.ActiveCfg = Release|Any CPU
		{556F0B41-246F-47B6-974D-37BFA20ABBCF}.Release|x86.Build.0 = Release|Any CPU
		{86FBFE7C-213C-4256-BD6C-CB8BB2CD5E48}.Debug|Any CPU.ActiveCfg = Debug|Any CPU
		{86FBFE7C-213C-4256-BD6C-CB8BB2CD5E48}.Debug|Any CPU.Build.0 = Debug|Any CPU
		{86FBFE7C-213C-4256-BD6C-CB8BB2CD5E48}.Debug|x64.ActiveCfg = Debug|Any CPU
		{86FBFE7C-213C-4256-BD6C-CB8BB2CD5E48}.Debug|x64.Build.0 = Debug|Any CPU
		{86FBFE7C-213C-4256-BD6C-CB8BB2CD5E48}.Debug|x86.ActiveCfg = Debug|Any CPU
		{86FBFE7C-213C-4256-BD6C-CB8BB2CD5E48}.Debug|x86.Build.0 = Debug|Any CPU
		{86FBFE7C-213C-4256-BD6C-CB8BB2CD5E48}.Release|Any CPU.ActiveCfg = Release|Any CPU
		{86FBFE7C-213C-4256-BD6C-CB8BB2CD5E48}.Release|Any CPU.Build.0 = Release|Any CPU
		{86FBFE7C-213C-4256-BD6C-CB8BB2CD5E48}.Release|x64.ActiveCfg = Release|Any CPU
		{86FBFE7C-213C-4256-BD6C-CB8BB2CD5E48}.Release|x64.Build.0 = Release|Any CPU
		{86FBFE7C-213C-4256-BD6C-CB8BB2CD5E48}.Release|x86.ActiveCfg = Release|Any CPU
		{86FBFE7C-213C-4256-BD6C-CB8BB2CD5E48}.Release|x86.Build.0 = Release|Any CPU
		{BCEF9B22-EF5D-482A-A188-64AAE7C4E6C0}.Debug|Any CPU.ActiveCfg = Debug|Any CPU
		{BCEF9B22-EF5D-482A-A188-64AAE7C4E6C0}.Debug|Any CPU.Build.0 = Debug|Any CPU
		{BCEF9B22-EF5D-482A-A188-64AAE7C4E6C0}.Debug|x64.ActiveCfg = Debug|Any CPU
		{BCEF9B22-EF5D-482A-A188-64AAE7C4E6C0}.Debug|x64.Build.0 = Debug|Any CPU
		{BCEF9B22-EF5D-482A-A188-64AAE7C4E6C0}.Debug|x86.ActiveCfg = Debug|Any CPU
		{BCEF9B22-EF5D-482A-A188-64AAE7C4E6C0}.Debug|x86.Build.0 = Debug|Any CPU
		{BCEF9B22-EF5D-482A-A188-64AAE7C4E6C0}.Release|Any CPU.ActiveCfg = Release|Any CPU
		{BCEF9B22-EF5D-482A-A188-64AAE7C4E6C0}.Release|Any CPU.Build.0 = Release|Any CPU
		{BCEF9B22-EF5D-482A-A188-64AAE7C4E6C0}.Release|x64.ActiveCfg = Release|Any CPU
		{BCEF9B22-EF5D-482A-A188-64AAE7C4E6C0}.Release|x64.Build.0 = Release|Any CPU
		{BCEF9B22-EF5D-482A-A188-64AAE7C4E6C0}.Release|x86.ActiveCfg = Release|Any CPU
		{BCEF9B22-EF5D-482A-A188-64AAE7C4E6C0}.Release|x86.Build.0 = Release|Any CPU
		{CE7BA6A9-FCC6-4793-BB02-CD631BD6DB95}.Debug|Any CPU.ActiveCfg = Debug|Any CPU
		{CE7BA6A9-FCC6-4793-BB02-CD631BD6DB95}.Debug|Any CPU.Build.0 = Debug|Any CPU
		{CE7BA6A9-FCC6-4793-BB02-CD631BD6DB95}.Debug|x64.ActiveCfg = Debug|Any CPU
		{CE7BA6A9-FCC6-4793-BB02-CD631BD6DB95}.Debug|x64.Build.0 = Debug|Any CPU
		{CE7BA6A9-FCC6-4793-BB02-CD631BD6DB95}.Debug|x86.ActiveCfg = Debug|Any CPU
		{CE7BA6A9-FCC6-4793-BB02-CD631BD6DB95}.Debug|x86.Build.0 = Debug|Any CPU
		{CE7BA6A9-FCC6-4793-BB02-CD631BD6DB95}.Release|Any CPU.ActiveCfg = Release|Any CPU
		{CE7BA6A9-FCC6-4793-BB02-CD631BD6DB95}.Release|Any CPU.Build.0 = Release|Any CPU
		{CE7BA6A9-FCC6-4793-BB02-CD631BD6DB95}.Release|x64.ActiveCfg = Release|Any CPU
		{CE7BA6A9-FCC6-4793-BB02-CD631BD6DB95}.Release|x64.Build.0 = Release|Any CPU
		{CE7BA6A9-FCC6-4793-BB02-CD631BD6DB95}.Release|x86.ActiveCfg = Release|Any CPU
		{CE7BA6A9-FCC6-4793-BB02-CD631BD6DB95}.Release|x86.Build.0 = Release|Any CPU
		{359215F6-9C52-420C-8001-131FA3FA2435}.Debug|Any CPU.ActiveCfg = Debug|Any CPU
		{359215F6-9C52-420C-8001-131FA3FA2435}.Debug|Any CPU.Build.0 = Debug|Any CPU
		{359215F6-9C52-420C-8001-131FA3FA2435}.Debug|x64.ActiveCfg = Debug|Any CPU
		{359215F6-9C52-420C-8001-131FA3FA2435}.Debug|x64.Build.0 = Debug|Any CPU
		{359215F6-9C52-420C-8001-131FA3FA2435}.Debug|x86.ActiveCfg = Debug|Any CPU
		{359215F6-9C52-420C-8001-131FA3FA2435}.Debug|x86.Build.0 = Debug|Any CPU
		{359215F6-9C52-420C-8001-131FA3FA2435}.Release|Any CPU.ActiveCfg = Release|Any CPU
		{359215F6-9C52-420C-8001-131FA3FA2435}.Release|Any CPU.Build.0 = Release|Any CPU
		{359215F6-9C52-420C-8001-131FA3FA2435}.Release|x64.ActiveCfg = Release|Any CPU
		{359215F6-9C52-420C-8001-131FA3FA2435}.Release|x64.Build.0 = Release|Any CPU
		{359215F6-9C52-420C-8001-131FA3FA2435}.Release|x86.ActiveCfg = Release|Any CPU
		{359215F6-9C52-420C-8001-131FA3FA2435}.Release|x86.Build.0 = Release|Any CPU
		{82DE88B7-0DE2-4C74-A458-748ADB2F6B29}.Debug|Any CPU.ActiveCfg = Debug|Any CPU
		{82DE88B7-0DE2-4C74-A458-748ADB2F6B29}.Debug|Any CPU.Build.0 = Debug|Any CPU
		{82DE88B7-0DE2-4C74-A458-748ADB2F6B29}.Debug|x64.ActiveCfg = Debug|Any CPU
		{82DE88B7-0DE2-4C74-A458-748ADB2F6B29}.Debug|x64.Build.0 = Debug|Any CPU
		{82DE88B7-0DE2-4C74-A458-748ADB2F6B29}.Debug|x86.ActiveCfg = Debug|Any CPU
		{82DE88B7-0DE2-4C74-A458-748ADB2F6B29}.Debug|x86.Build.0 = Debug|Any CPU
		{82DE88B7-0DE2-4C74-A458-748ADB2F6B29}.Release|Any CPU.ActiveCfg = Release|Any CPU
		{82DE88B7-0DE2-4C74-A458-748ADB2F6B29}.Release|Any CPU.Build.0 = Release|Any CPU
		{82DE88B7-0DE2-4C74-A458-748ADB2F6B29}.Release|x64.ActiveCfg = Release|Any CPU
		{82DE88B7-0DE2-4C74-A458-748ADB2F6B29}.Release|x64.Build.0 = Release|Any CPU
		{82DE88B7-0DE2-4C74-A458-748ADB2F6B29}.Release|x86.ActiveCfg = Release|Any CPU
		{82DE88B7-0DE2-4C74-A458-748ADB2F6B29}.Release|x86.Build.0 = Release|Any CPU
		{E9B66F55-9133-4D3F-94B0-875A08065C08}.Debug|Any CPU.ActiveCfg = Debug|Any CPU
		{E9B66F55-9133-4D3F-94B0-875A08065C08}.Debug|Any CPU.Build.0 = Debug|Any CPU
		{E9B66F55-9133-4D3F-94B0-875A08065C08}.Debug|x64.ActiveCfg = Debug|Any CPU
		{E9B66F55-9133-4D3F-94B0-875A08065C08}.Debug|x64.Build.0 = Debug|Any CPU
		{E9B66F55-9133-4D3F-94B0-875A08065C08}.Debug|x86.ActiveCfg = Debug|Any CPU
		{E9B66F55-9133-4D3F-94B0-875A08065C08}.Debug|x86.Build.0 = Debug|Any CPU
		{E9B66F55-9133-4D3F-94B0-875A08065C08}.Release|Any CPU.ActiveCfg = Release|Any CPU
		{E9B66F55-9133-4D3F-94B0-875A08065C08}.Release|Any CPU.Build.0 = Release|Any CPU
		{E9B66F55-9133-4D3F-94B0-875A08065C08}.Release|x64.ActiveCfg = Release|Any CPU
		{E9B66F55-9133-4D3F-94B0-875A08065C08}.Release|x64.Build.0 = Release|Any CPU
		{E9B66F55-9133-4D3F-94B0-875A08065C08}.Release|x86.ActiveCfg = Release|Any CPU
		{E9B66F55-9133-4D3F-94B0-875A08065C08}.Release|x86.Build.0 = Release|Any CPU
	EndGlobalSection
	GlobalSection(SolutionProperties) = preSolution
		HideSolutionNode = FALSE
	EndGlobalSection
	GlobalSection(NestedProjects) = preSolution
		{E33D3073-E3F5-4C63-9AC4-ACA2A9AAD708} = {827E0CD3-B72D-47B6-A68D-7590B98EB39B}
		{BA55CA70-27B4-4A5C-B405-19481E441C94} = {827E0CD3-B72D-47B6-A68D-7590B98EB39B}
		{556F0B41-246F-47B6-974D-37BFA20ABBCF} = {827E0CD3-B72D-47B6-A68D-7590B98EB39B}
		{86FBFE7C-213C-4256-BD6C-CB8BB2CD5E48} = {827E0CD3-B72D-47B6-A68D-7590B98EB39B}
		{CE7BA6A9-FCC6-4793-BB02-CD631BD6DB95} = {827E0CD3-B72D-47B6-A68D-7590B98EB39B}
		{82DE88B7-0DE2-4C74-A458-748ADB2F6B29} = {0AB3BF05-4346-4AA6-1389-037BE0695223}
		{E9B66F55-9133-4D3F-94B0-875A08065C08} = {0AB3BF05-4346-4AA6-1389-037BE0695223}
	EndGlobalSection
EndGlobal
